// !$*UTF8*$!
{
	archiveVersion = 1;
	classes = {
	};
	objectVersion = 46;
	objects = {

/* Begin PBXAggregateTarget section */
		C2540BFF195A800E00AE012C /* dConnectDeviceSonyCamera_framework */ = {
			isa = PBXAggregateTarget;
			buildConfigurationList = C2540C00195A800E00AE012C /* Build configuration list for PBXAggregateTarget "dConnectDeviceSonyCamera_framework" */;
			buildPhases = (
				C2540C03195A801200AE012C /* Run Script */,
			);
			dependencies = (
			);
			name = dConnectDeviceSonyCamera_framework;
			productName = dConnectDeviceSonyCamera_framework;
		};
/* End PBXAggregateTarget section */

/* Begin PBXBuildFile section */
		BE24CF04197F7BC4007BBC69 /* SampleLiveviewManager.m in Sources */ = {isa = PBXBuildFile; fileRef = BE24CF03197F7BC3007BBC69 /* SampleLiveviewManager.m */; };
		BE4B295D19809B8900338159 /* sonycamera_img01@2x.png in Resources */ = {isa = PBXBuildFile; fileRef = BE4B295819809B8900338159 /* sonycamera_img01@2x.png */; };
		BE4B295E19809B8900338159 /* sonycamera_img02@2x.png in Resources */ = {isa = PBXBuildFile; fileRef = BE4B295919809B8900338159 /* sonycamera_img02@2x.png */; };
		BE4B295F19809B8900338159 /* sonycamera_img03@2x.png in Resources */ = {isa = PBXBuildFile; fileRef = BE4B295A19809B8900338159 /* sonycamera_img03@2x.png */; };
		BE4B296019809B8900338159 /* pageindicator_off.png in Resources */ = {isa = PBXBuildFile; fileRef = BE4B295B19809B8900338159 /* pageindicator_off.png */; };
		BE4B296119809B8900338159 /* pageindicator_on.png in Resources */ = {isa = PBXBuildFile; fileRef = BE4B295C19809B8900338159 /* pageindicator_on.png */; };
		BE4FDFCC198765B5001A3C86 /* SonyCameraCameraProfile.m in Sources */ = {isa = PBXBuildFile; fileRef = BE4FDFCB198765B5001A3C86 /* SonyCameraCameraProfile.m */; };
		BE575B26199863C200C31076 /* settings_ipad.png in Resources */ = {isa = PBXBuildFile; fileRef = BE575B25199863C200C31076 /* settings_ipad.png */; };
		BE75D3041994884200F1BFC9 /* SonyCameraDataViewController.m in Sources */ = {isa = PBXBuildFile; fileRef = BE75D2FF1994884200F1BFC9 /* SonyCameraDataViewController.m */; };
		BE75D3051994884200F1BFC9 /* SonyCameraModelController.m in Sources */ = {isa = PBXBuildFile; fileRef = BE75D3011994884200F1BFC9 /* SonyCameraModelController.m */; };
		BE75D3061994884200F1BFC9 /* SonyCameraViewController.m in Sources */ = {isa = PBXBuildFile; fileRef = BE75D3031994884200F1BFC9 /* SonyCameraViewController.m */; };
		BE75D30D199495BF00F1BFC9 /* SonyCameraSettingView02Controller.m in Sources */ = {isa = PBXBuildFile; fileRef = BE75D30C199495BF00F1BFC9 /* SonyCameraSettingView02Controller.m */; };
		BE75D310199497F600F1BFC9 /* SonyCameraSettingView01Controller.m in Sources */ = {isa = PBXBuildFile; fileRef = BE75D30F199497F600F1BFC9 /* SonyCameraSettingView01Controller.m */; };
		BE75D31319949D4F00F1BFC9 /* SonyCameraSettingView03Controller.m in Sources */ = {isa = PBXBuildFile; fileRef = BE75D31219949D4F00F1BFC9 /* SonyCameraSettingView03Controller.m */; };
		BE75D3161994A44500F1BFC9 /* SonyCameraSettingView04Controller.m in Sources */ = {isa = PBXBuildFile; fileRef = BE75D3151994A44500F1BFC9 /* SonyCameraSettingView04Controller.m */; };
		BE75D3181994A54A00F1BFC9 /* settings_iphone.png in Resources */ = {isa = PBXBuildFile; fileRef = BE75D3171994A54A00F1BFC9 /* settings_iphone.png */; };
		BEAFFE4519C94FFA00A98079 /* DConnectSDK.framework in Frameworks */ = {isa = PBXBuildFile; fileRef = BEAFFE4419C94FFA00A98079 /* DConnectSDK.framework */; };
		BEAFFE5C19C96FE100A98079 /* sonycamera01@2x.png in Resources */ = {isa = PBXBuildFile; fileRef = BEAFFE5B19C96FE100A98079 /* sonycamera01@2x.png */; };
		BED92A3E1991C11400B61B2F /* SonyCameraDevicePlugin_iPad.storyboard in Resources */ = {isa = PBXBuildFile; fileRef = BED92A3D1991C11400B61B2F /* SonyCameraDevicePlugin_iPad.storyboard */; };
		BED92A401991D78400B61B2F /* SonyCameraDevicePlugin_iPhone.storyboard in Resources */ = {isa = PBXBuildFile; fileRef = BED92A3F1991D78400B61B2F /* SonyCameraDevicePlugin_iPhone.storyboard */; };
		C2540BB2195A7FA000AE012C /* Foundation.framework in Frameworks */ = {isa = PBXBuildFile; fileRef = C2540BB1195A7FA000AE012C /* Foundation.framework */; };
		C2540BC0195A7FA000AE012C /* XCTest.framework in Frameworks */ = {isa = PBXBuildFile; fileRef = C2540BBF195A7FA000AE012C /* XCTest.framework */; };
		C2540BC1195A7FA000AE012C /* Foundation.framework in Frameworks */ = {isa = PBXBuildFile; fileRef = C2540BB1195A7FA000AE012C /* Foundation.framework */; };
		C2540BC6195A7FA000AE012C /* libdConnectDeviceSonyCamera.a in Frameworks */ = {isa = PBXBuildFile; fileRef = C2540BAE195A7FA000AE012C /* libdConnectDeviceSonyCamera.a */; };
		C2540BCC195A7FA000AE012C /* InfoPlist.strings in Resources */ = {isa = PBXBuildFile; fileRef = C2540BCA195A7FA000AE012C /* InfoPlist.strings */; };
		C2540BCE195A7FA100AE012C /* dConnectDeviceSonyCameraTests.m in Sources */ = {isa = PBXBuildFile; fileRef = C2540BCD195A7FA100AE012C /* dConnectDeviceSonyCameraTests.m */; };
		C2540C28195A83D500AE012C /* SonyCameraDevicePlugin.m in Sources */ = {isa = PBXBuildFile; fileRef = C2540C0F195A83D500AE012C /* SonyCameraDevicePlugin.m */; };
		C2540C65195A853600AE012C /* DeviceInfo.m in Sources */ = {isa = PBXBuildFile; fileRef = C2540C53195A853600AE012C /* DeviceInfo.m */; };
		C2540C66195A853600AE012C /* DeviceList.m in Sources */ = {isa = PBXBuildFile; fileRef = C2540C55195A853600AE012C /* DeviceList.m */; };
		C2540C67195A853600AE012C /* SampleDeviceDiscovery.m in Sources */ = {isa = PBXBuildFile; fileRef = C2540C57195A853600AE012C /* SampleDeviceDiscovery.m */; };
		C2540C68195A853600AE012C /* UdpRequest.m in Sources */ = {isa = PBXBuildFile; fileRef = C2540C59195A853600AE012C /* UdpRequest.m */; };
		C2540C69195A853600AE012C /* HttpAsynchronousRequest.m in Sources */ = {isa = PBXBuildFile; fileRef = C2540C5D195A853600AE012C /* HttpAsynchronousRequest.m */; };
		C2540C6A195A853600AE012C /* HttpSynchronousRequest.m in Sources */ = {isa = PBXBuildFile; fileRef = C2540C5F195A853600AE012C /* HttpSynchronousRequest.m */; };
		C2540C6B195A853600AE012C /* SampleCameraEventObserver.m in Sources */ = {isa = PBXBuildFile; fileRef = C2540C62195A853600AE012C /* SampleCameraEventObserver.m */; };
		C2540C6C195A853600AE012C /* SampleRemoteApi.m in Sources */ = {isa = PBXBuildFile; fileRef = C2540C64195A853600AE012C /* SampleRemoteApi.m */; };
		C2540C73195AAFB400AE012C /* SonyCameraRemoteApiUtil.m in Sources */ = {isa = PBXBuildFile; fileRef = C2540C72195AAFB400AE012C /* SonyCameraRemoteApiUtil.m */; };
		C2540C7A195ACC0800AE012C /* CoreFoundation.framework in Frameworks */ = {isa = PBXBuildFile; fileRef = C2540C79195ACC0800AE012C /* CoreFoundation.framework */; };
		C2540C80195ACC0800AE012C /* InfoPlist.strings in Resources */ = {isa = PBXBuildFile; fileRef = C2540C7E195ACC0800AE012C /* InfoPlist.strings */; };
		C2540C8B195ACD8500AE012C /* UIKit.framework in Frameworks */ = {isa = PBXBuildFile; fileRef = C2540C8A195ACD8500AE012C /* UIKit.framework */; };
/* End PBXBuildFile section */

/* Begin PBXContainerItemProxy section */
		C2540BC4195A7FA000AE012C /* PBXContainerItemProxy */ = {
			isa = PBXContainerItemProxy;
			containerPortal = C2540BA6195A7FA000AE012C /* Project object */;
			proxyType = 1;
			remoteGlobalIDString = C2540BAD195A7FA000AE012C;
			remoteInfo = dConnectDeviceSonyCamera;
		};
/* End PBXContainerItemProxy section */

/* Begin PBXCopyFilesBuildPhase section */
		C2540BAC195A7FA000AE012C /* CopyFiles */ = {
			isa = PBXCopyFilesBuildPhase;
			buildActionMask = 2147483647;
			dstPath = "include/$(PRODUCT_NAME)";
			dstSubfolderSpec = 16;
			files = (
			);
			runOnlyForDeploymentPostprocessing = 0;
		};
/* End PBXCopyFilesBuildPhase section */

/* Begin PBXFileReference section */
		ABB1838F19F626930059E7F8 /* SonyCameraCameraProfile.h */ = {isa = PBXFileReference; lastKnownFileType = sourcecode.c.h; path = SonyCameraCameraProfile.h; sourceTree = "<group>"; };
		ABB1839019F626B30059E7F8 /* SonyCameraDevicePlugin.h */ = {isa = PBXFileReference; lastKnownFileType = sourcecode.c.h; path = SonyCameraDevicePlugin.h; sourceTree = "<group>"; };
		BE24CF02197F7BC3007BBC69 /* SampleLiveviewManager.h */ = {isa = PBXFileReference; fileEncoding = 4; lastKnownFileType = sourcecode.c.h; path = SampleLiveviewManager.h; sourceTree = "<group>"; };
		BE24CF03197F7BC3007BBC69 /* SampleLiveviewManager.m */ = {isa = PBXFileReference; fileEncoding = 4; lastKnownFileType = sourcecode.c.objc; path = SampleLiveviewManager.m; sourceTree = "<group>"; };
		BE4B295819809B8900338159 /* sonycamera_img01@2x.png */ = {isa = PBXFileReference; lastKnownFileType = image.png; path = "sonycamera_img01@2x.png"; sourceTree = "<group>"; };
		BE4B295919809B8900338159 /* sonycamera_img02@2x.png */ = {isa = PBXFileReference; lastKnownFileType = image.png; path = "sonycamera_img02@2x.png"; sourceTree = "<group>"; };
		BE4B295A19809B8900338159 /* sonycamera_img03@2x.png */ = {isa = PBXFileReference; lastKnownFileType = image.png; path = "sonycamera_img03@2x.png"; sourceTree = "<group>"; };
		BE4B295B19809B8900338159 /* pageindicator_off.png */ = {isa = PBXFileReference; lastKnownFileType = image.png; path = pageindicator_off.png; sourceTree = "<group>"; };
		BE4B295C19809B8900338159 /* pageindicator_on.png */ = {isa = PBXFileReference; lastKnownFileType = image.png; path = pageindicator_on.png; sourceTree = "<group>"; };
		BE4FDFCB198765B5001A3C86 /* SonyCameraCameraProfile.m */ = {isa = PBXFileReference; fileEncoding = 4; lastKnownFileType = sourcecode.c.objc; path = SonyCameraCameraProfile.m; sourceTree = "<group>"; };
		BE575B25199863C200C31076 /* settings_ipad.png */ = {isa = PBXFileReference; lastKnownFileType = image.png; path = settings_ipad.png; sourceTree = "<group>"; };
		BE75D2FE1994884200F1BFC9 /* SonyCameraDataViewController.h */ = {isa = PBXFileReference; fileEncoding = 4; lastKnownFileType = sourcecode.c.h; path = SonyCameraDataViewController.h; sourceTree = "<group>"; };
		BE75D2FF1994884200F1BFC9 /* SonyCameraDataViewController.m */ = {isa = PBXFileReference; fileEncoding = 4; lastKnownFileType = sourcecode.c.objc; path = SonyCameraDataViewController.m; sourceTree = "<group>"; };
		BE75D3001994884200F1BFC9 /* SonyCameraModelController.h */ = {isa = PBXFileReference; fileEncoding = 4; lastKnownFileType = sourcecode.c.h; path = SonyCameraModelController.h; sourceTree = "<group>"; };
		BE75D3011994884200F1BFC9 /* SonyCameraModelController.m */ = {isa = PBXFileReference; fileEncoding = 4; lastKnownFileType = sourcecode.c.objc; path = SonyCameraModelController.m; sourceTree = "<group>"; };
		BE75D3021994884200F1BFC9 /* SonyCameraViewController.h */ = {isa = PBXFileReference; fileEncoding = 4; lastKnownFileType = sourcecode.c.h; path = SonyCameraViewController.h; sourceTree = "<group>"; };
		BE75D3031994884200F1BFC9 /* SonyCameraViewController.m */ = {isa = PBXFileReference; fileEncoding = 4; lastKnownFileType = sourcecode.c.objc; path = SonyCameraViewController.m; sourceTree = "<group>"; };
		BE75D30B199495BF00F1BFC9 /* SonyCameraSettingView02Controller.h */ = {isa = PBXFileReference; fileEncoding = 4; lastKnownFileType = sourcecode.c.h; path = SonyCameraSettingView02Controller.h; sourceTree = "<group>"; };
		BE75D30C199495BF00F1BFC9 /* SonyCameraSettingView02Controller.m */ = {isa = PBXFileReference; fileEncoding = 4; lastKnownFileType = sourcecode.c.objc; path = SonyCameraSettingView02Controller.m; sourceTree = "<group>"; };
		BE75D30E199497F600F1BFC9 /* SonyCameraSettingView01Controller.h */ = {isa = PBXFileReference; fileEncoding = 4; lastKnownFileType = sourcecode.c.h; path = SonyCameraSettingView01Controller.h; sourceTree = "<group>"; };
		BE75D30F199497F600F1BFC9 /* SonyCameraSettingView01Controller.m */ = {isa = PBXFileReference; fileEncoding = 4; lastKnownFileType = sourcecode.c.objc; path = SonyCameraSettingView01Controller.m; sourceTree = "<group>"; };
		BE75D31119949D4F00F1BFC9 /* SonyCameraSettingView03Controller.h */ = {isa = PBXFileReference; fileEncoding = 4; lastKnownFileType = sourcecode.c.h; path = SonyCameraSettingView03Controller.h; sourceTree = "<group>"; };
		BE75D31219949D4F00F1BFC9 /* SonyCameraSettingView03Controller.m */ = {isa = PBXFileReference; fileEncoding = 4; lastKnownFileType = sourcecode.c.objc; path = SonyCameraSettingView03Controller.m; sourceTree = "<group>"; };
		BE75D3141994A44500F1BFC9 /* SonyCameraSettingView04Controller.h */ = {isa = PBXFileReference; fileEncoding = 4; lastKnownFileType = sourcecode.c.h; path = SonyCameraSettingView04Controller.h; sourceTree = "<group>"; };
		BE75D3151994A44500F1BFC9 /* SonyCameraSettingView04Controller.m */ = {isa = PBXFileReference; fileEncoding = 4; lastKnownFileType = sourcecode.c.objc; path = SonyCameraSettingView04Controller.m; sourceTree = "<group>"; };
		BE75D3171994A54A00F1BFC9 /* settings_iphone.png */ = {isa = PBXFileReference; lastKnownFileType = image.png; path = settings_iphone.png; sourceTree = "<group>"; };
		BEAFFE4419C94FFA00A98079 /* DConnectSDK.framework */ = {isa = PBXFileReference; lastKnownFileType = wrapper.framework; name = DConnectSDK.framework; path = ../../dConnectSDK/dConnectSDKForIOS/bin/DConnectSDK.framework; sourceTree = "<group>"; };
		BEAFFE5B19C96FE100A98079 /* sonycamera01@2x.png */ = {isa = PBXFileReference; lastKnownFileType = image.png; path = "sonycamera01@2x.png"; sourceTree = "<group>"; };
		BED92A3D1991C11400B61B2F /* SonyCameraDevicePlugin_iPad.storyboard */ = {isa = PBXFileReference; fileEncoding = 4; lastKnownFileType = file.storyboard; path = SonyCameraDevicePlugin_iPad.storyboard; sourceTree = "<group>"; };
		BED92A3F1991D78400B61B2F /* SonyCameraDevicePlugin_iPhone.storyboard */ = {isa = PBXFileReference; fileEncoding = 4; lastKnownFileType = file.storyboard; path = SonyCameraDevicePlugin_iPhone.storyboard; sourceTree = "<group>"; };
		C2540BAE195A7FA000AE012C /* libdConnectDeviceSonyCamera.a */ = {isa = PBXFileReference; explicitFileType = archive.ar; includeInIndex = 0; path = libdConnectDeviceSonyCamera.a; sourceTree = BUILT_PRODUCTS_DIR; };
		C2540BB1195A7FA000AE012C /* Foundation.framework */ = {isa = PBXFileReference; lastKnownFileType = wrapper.framework; name = Foundation.framework; path = System/Library/Frameworks/Foundation.framework; sourceTree = SDKROOT; };
		C2540BB5195A7FA000AE012C /* dConnectDeviceSonyCamera-Prefix.pch */ = {isa = PBXFileReference; lastKnownFileType = sourcecode.c.h; path = "dConnectDeviceSonyCamera-Prefix.pch"; sourceTree = "<group>"; };
		C2540BBE195A7FA000AE012C /* dConnectDeviceSonyCameraTests.xctest */ = {isa = PBXFileReference; explicitFileType = wrapper.cfbundle; includeInIndex = 0; path = dConnectDeviceSonyCameraTests.xctest; sourceTree = BUILT_PRODUCTS_DIR; };
		C2540BBF195A7FA000AE012C /* XCTest.framework */ = {isa = PBXFileReference; lastKnownFileType = wrapper.framework; name = XCTest.framework; path = Library/Frameworks/XCTest.framework; sourceTree = DEVELOPER_DIR; };
		C2540BC9195A7FA000AE012C /* dConnectDeviceSonyCameraTests-Info.plist */ = {isa = PBXFileReference; lastKnownFileType = text.plist.xml; path = "dConnectDeviceSonyCameraTests-Info.plist"; sourceTree = "<group>"; };
		C2540BCB195A7FA000AE012C /* en */ = {isa = PBXFileReference; lastKnownFileType = text.plist.strings; name = en; path = en.lproj/InfoPlist.strings; sourceTree = "<group>"; };
		C2540BCD195A7FA100AE012C /* dConnectDeviceSonyCameraTests.m */ = {isa = PBXFileReference; lastKnownFileType = sourcecode.c.objc; path = dConnectDeviceSonyCameraTests.m; sourceTree = "<group>"; };
		C2540C0F195A83D500AE012C /* SonyCameraDevicePlugin.m */ = {isa = PBXFileReference; fileEncoding = 4; lastKnownFileType = sourcecode.c.objc; path = SonyCameraDevicePlugin.m; sourceTree = "<group>"; };
		C2540C52195A853600AE012C /* DeviceInfo.h */ = {isa = PBXFileReference; fileEncoding = 4; lastKnownFileType = sourcecode.c.h; path = DeviceInfo.h; sourceTree = "<group>"; };
		C2540C53195A853600AE012C /* DeviceInfo.m */ = {isa = PBXFileReference; fileEncoding = 4; lastKnownFileType = sourcecode.c.objc; path = DeviceInfo.m; sourceTree = "<group>"; };
		C2540C54195A853600AE012C /* DeviceList.h */ = {isa = PBXFileReference; fileEncoding = 4; lastKnownFileType = sourcecode.c.h; path = DeviceList.h; sourceTree = "<group>"; };
		C2540C55195A853600AE012C /* DeviceList.m */ = {isa = PBXFileReference; fileEncoding = 4; lastKnownFileType = sourcecode.c.objc; path = DeviceList.m; sourceTree = "<group>"; };
		C2540C56195A853600AE012C /* SampleDeviceDiscovery.h */ = {isa = PBXFileReference; fileEncoding = 4; lastKnownFileType = sourcecode.c.h; path = SampleDeviceDiscovery.h; sourceTree = "<group>"; };
		C2540C57195A853600AE012C /* SampleDeviceDiscovery.m */ = {isa = PBXFileReference; fileEncoding = 4; lastKnownFileType = sourcecode.c.objc; path = SampleDeviceDiscovery.m; sourceTree = "<group>"; };
		C2540C58195A853600AE012C /* UdpRequest.h */ = {isa = PBXFileReference; fileEncoding = 4; lastKnownFileType = sourcecode.c.h; path = UdpRequest.h; sourceTree = "<group>"; };
		C2540C59195A853600AE012C /* UdpRequest.m */ = {isa = PBXFileReference; fileEncoding = 4; lastKnownFileType = sourcecode.c.objc; path = UdpRequest.m; sourceTree = "<group>"; };
		C2540C5C195A853600AE012C /* HttpAsynchronousRequest.h */ = {isa = PBXFileReference; fileEncoding = 4; lastKnownFileType = sourcecode.c.h; path = HttpAsynchronousRequest.h; sourceTree = "<group>"; };
		C2540C5D195A853600AE012C /* HttpAsynchronousRequest.m */ = {isa = PBXFileReference; fileEncoding = 4; lastKnownFileType = sourcecode.c.objc; path = HttpAsynchronousRequest.m; sourceTree = "<group>"; };
		C2540C5E195A853600AE012C /* HttpSynchronousRequest.h */ = {isa = PBXFileReference; fileEncoding = 4; lastKnownFileType = sourcecode.c.h; path = HttpSynchronousRequest.h; sourceTree = "<group>"; };
		C2540C5F195A853600AE012C /* HttpSynchronousRequest.m */ = {isa = PBXFileReference; fileEncoding = 4; lastKnownFileType = sourcecode.c.objc; path = HttpSynchronousRequest.m; sourceTree = "<group>"; };
		C2540C60195A853600AE012C /* RemoteApiList.h */ = {isa = PBXFileReference; fileEncoding = 4; lastKnownFileType = sourcecode.c.h; path = RemoteApiList.h; sourceTree = "<group>"; };
		C2540C61195A853600AE012C /* SampleCameraEventObserver.h */ = {isa = PBXFileReference; fileEncoding = 4; lastKnownFileType = sourcecode.c.h; path = SampleCameraEventObserver.h; sourceTree = "<group>"; };
		C2540C62195A853600AE012C /* SampleCameraEventObserver.m */ = {isa = PBXFileReference; fileEncoding = 4; lastKnownFileType = sourcecode.c.objc; path = SampleCameraEventObserver.m; sourceTree = "<group>"; };
		C2540C63195A853600AE012C /* SampleRemoteApi.h */ = {isa = PBXFileReference; fileEncoding = 4; lastKnownFileType = sourcecode.c.h; path = SampleRemoteApi.h; sourceTree = "<group>"; };
		C2540C64195A853600AE012C /* SampleRemoteApi.m */ = {isa = PBXFileReference; fileEncoding = 4; lastKnownFileType = sourcecode.c.objc; path = SampleRemoteApi.m; sourceTree = "<group>"; };
		C2540C6E195A875800AE012C /* ja */ = {isa = PBXFileReference; lastKnownFileType = text.plist.strings; name = ja; path = ja.lproj/InfoPlist.strings; sourceTree = "<group>"; };
		C2540C71195AAFB400AE012C /* SonyCameraRemoteApiUtil.h */ = {isa = PBXFileReference; fileEncoding = 4; lastKnownFileType = sourcecode.c.h; path = SonyCameraRemoteApiUtil.h; sourceTree = "<group>"; };
		C2540C72195AAFB400AE012C /* SonyCameraRemoteApiUtil.m */ = {isa = PBXFileReference; fileEncoding = 4; lastKnownFileType = sourcecode.c.objc; path = SonyCameraRemoteApiUtil.m; sourceTree = "<group>"; };
		C2540C78195ACC0800AE012C /* dConnectDeviceSonyCamera_resources.bundle */ = {isa = PBXFileReference; explicitFileType = wrapper.cfbundle; includeInIndex = 0; path = dConnectDeviceSonyCamera_resources.bundle; sourceTree = BUILT_PRODUCTS_DIR; };
		C2540C79195ACC0800AE012C /* CoreFoundation.framework */ = {isa = PBXFileReference; lastKnownFileType = wrapper.framework; name = CoreFoundation.framework; path = System/Library/Frameworks/CoreFoundation.framework; sourceTree = SDKROOT; };
		C2540C7D195ACC0800AE012C /* dConnectDeviceSonyCamera_resources-Info.plist */ = {isa = PBXFileReference; lastKnownFileType = text.plist.xml; path = "dConnectDeviceSonyCamera_resources-Info.plist"; sourceTree = "<group>"; };
		C2540C7F195ACC0800AE012C /* en */ = {isa = PBXFileReference; lastKnownFileType = text.plist.strings; name = en; path = en.lproj/InfoPlist.strings; sourceTree = "<group>"; };
		C2540C81195ACC0800AE012C /* dConnectDeviceSonyCamera_resources-Prefix.pch */ = {isa = PBXFileReference; lastKnownFileType = sourcecode.c.h; path = "dConnectDeviceSonyCamera_resources-Prefix.pch"; sourceTree = "<group>"; };
		C2540C8A195ACD8500AE012C /* UIKit.framework */ = {isa = PBXFileReference; lastKnownFileType = wrapper.framework; name = UIKit.framework; path = System/Library/Frameworks/UIKit.framework; sourceTree = SDKROOT; };
/* End PBXFileReference section */

/* Begin PBXFrameworksBuildPhase section */
		C2540BAB195A7FA000AE012C /* Frameworks */ = {
			isa = PBXFrameworksBuildPhase;
			buildActionMask = 2147483647;
			files = (
				BEAFFE4519C94FFA00A98079 /* DConnectSDK.framework in Frameworks */,
				C2540C8B195ACD8500AE012C /* UIKit.framework in Frameworks */,
				C2540BB2195A7FA000AE012C /* Foundation.framework in Frameworks */,
			);
			runOnlyForDeploymentPostprocessing = 0;
		};
		C2540BBB195A7FA000AE012C /* Frameworks */ = {
			isa = PBXFrameworksBuildPhase;
			buildActionMask = 2147483647;
			files = (
				C2540BC0195A7FA000AE012C /* XCTest.framework in Frameworks */,
				C2540BC1195A7FA000AE012C /* Foundation.framework in Frameworks */,
				C2540BC6195A7FA000AE012C /* libdConnectDeviceSonyCamera.a in Frameworks */,
			);
			runOnlyForDeploymentPostprocessing = 0;
		};
		C2540C75195ACC0800AE012C /* Frameworks */ = {
			isa = PBXFrameworksBuildPhase;
			buildActionMask = 2147483647;
			files = (
				C2540C7A195ACC0800AE012C /* CoreFoundation.framework in Frameworks */,
			);
			runOnlyForDeploymentPostprocessing = 0;
		};
/* End PBXFrameworksBuildPhase section */

/* Begin PBXGroup section */
		BE4B295719809B8900338159 /* images */ = {
			isa = PBXGroup;
			children = (
				BEAFFE5B19C96FE100A98079 /* sonycamera01@2x.png */,
				BE575B25199863C200C31076 /* settings_ipad.png */,
				BE75D3171994A54A00F1BFC9 /* settings_iphone.png */,
				BE4B295819809B8900338159 /* sonycamera_img01@2x.png */,
				BE4B295919809B8900338159 /* sonycamera_img02@2x.png */,
				BE4B295A19809B8900338159 /* sonycamera_img03@2x.png */,
				BE4B295B19809B8900338159 /* pageindicator_off.png */,
				BE4B295C19809B8900338159 /* pageindicator_on.png */,
			);
			path = images;
			sourceTree = "<group>";
		};
		BE4FDFC9198765B5001A3C86 /* profile */ = {
			isa = PBXGroup;
			children = (
				BE4FDFCB198765B5001A3C86 /* SonyCameraCameraProfile.m */,
			);
			path = profile;
			sourceTree = "<group>";
		};
		C2540BA5195A7FA000AE012C = {
			isa = PBXGroup;
			children = (
				C2540BB3195A7FA000AE012C /* dConnectDeviceSonyCamera */,
				C2540BC7195A7FA000AE012C /* dConnectDeviceSonyCameraTests */,
				C2540C7B195ACC0800AE012C /* dConnectDeviceSonyCamera_resources */,
				C2540BB0195A7FA000AE012C /* Frameworks */,
				C2540BAF195A7FA000AE012C /* Products */,
			);
			sourceTree = "<group>";
		};
		C2540BAF195A7FA000AE012C /* Products */ = {
			isa = PBXGroup;
			children = (
				C2540BAE195A7FA000AE012C /* libdConnectDeviceSonyCamera.a */,
				C2540BBE195A7FA000AE012C /* dConnectDeviceSonyCameraTests.xctest */,
				C2540C78195ACC0800AE012C /* dConnectDeviceSonyCamera_resources.bundle */,
			);
			name = Products;
			sourceTree = "<group>";
		};
		C2540BB0195A7FA000AE012C /* Frameworks */ = {
			isa = PBXGroup;
			children = (
				BEAFFE4419C94FFA00A98079 /* DConnectSDK.framework */,
				C2540C8A195ACD8500AE012C /* UIKit.framework */,
				C2540BB1195A7FA000AE012C /* Foundation.framework */,
				C2540BBF195A7FA000AE012C /* XCTest.framework */,
				C2540C79195ACC0800AE012C /* CoreFoundation.framework */,
			);
			name = Frameworks;
			sourceTree = "<group>";
		};
		C2540BB3195A7FA000AE012C /* dConnectDeviceSonyCamera */ = {
			isa = PBXGroup;
			children = (
				C2540C0D195A83D500AE012C /* Classes */,
				C2540C10195A83D500AE012C /* Headers */,
				C2540C11195A83D500AE012C /* Resources */,
				C2540BB4195A7FA000AE012C /* Supporting Files */,
			);
			path = dConnectDeviceSonyCamera;
			sourceTree = "<group>";
		};
		C2540BB4195A7FA000AE012C /* Supporting Files */ = {
			isa = PBXGroup;
			children = (
				C2540BB5195A7FA000AE012C /* dConnectDeviceSonyCamera-Prefix.pch */,
			);
			name = "Supporting Files";
			sourceTree = "<group>";
		};
		C2540BC7195A7FA000AE012C /* dConnectDeviceSonyCameraTests */ = {
			isa = PBXGroup;
			children = (
				C2540BCD195A7FA100AE012C /* dConnectDeviceSonyCameraTests.m */,
				C2540BC8195A7FA000AE012C /* Supporting Files */,
			);
			path = dConnectDeviceSonyCameraTests;
			sourceTree = "<group>";
		};
		C2540BC8195A7FA000AE012C /* Supporting Files */ = {
			isa = PBXGroup;
			children = (
				C2540BC9195A7FA000AE012C /* dConnectDeviceSonyCameraTests-Info.plist */,
				C2540BCA195A7FA000AE012C /* InfoPlist.strings */,
			);
			name = "Supporting Files";
			sourceTree = "<group>";
		};
		C2540C0D195A83D500AE012C /* Classes */ = {
			isa = PBXGroup;
			children = (
				C2540C50195A853600AE012C /* sony_camera_remote_sdk */,
				BE4FDFC9198765B5001A3C86 /* profile */,
				C2540C0F195A83D500AE012C /* SonyCameraDevicePlugin.m */,
				ABB1839019F626B30059E7F8 /* SonyCameraDevicePlugin.h */,
				C2540C71195AAFB400AE012C /* SonyCameraRemoteApiUtil.h */,
				C2540C72195AAFB400AE012C /* SonyCameraRemoteApiUtil.m */,
				BE75D3021994884200F1BFC9 /* SonyCameraViewController.h */,
				BE75D3031994884200F1BFC9 /* SonyCameraViewController.m */,
				BE75D2FE1994884200F1BFC9 /* SonyCameraDataViewController.h */,
				BE75D2FF1994884200F1BFC9 /* SonyCameraDataViewController.m */,
				BE75D3001994884200F1BFC9 /* SonyCameraModelController.h */,
				BE75D3011994884200F1BFC9 /* SonyCameraModelController.m */,
				BE75D30E199497F600F1BFC9 /* SonyCameraSettingView01Controller.h */,
				BE75D30F199497F600F1BFC9 /* SonyCameraSettingView01Controller.m */,
				BE75D30B199495BF00F1BFC9 /* SonyCameraSettingView02Controller.h */,
				BE75D30C199495BF00F1BFC9 /* SonyCameraSettingView02Controller.m */,
				BE75D31119949D4F00F1BFC9 /* SonyCameraSettingView03Controller.h */,
				BE75D31219949D4F00F1BFC9 /* SonyCameraSettingView03Controller.m */,
				BE75D3141994A44500F1BFC9 /* SonyCameraSettingView04Controller.h */,
				BE75D3151994A44500F1BFC9 /* SonyCameraSettingView04Controller.m */,
			);
			path = Classes;
			sourceTree = "<group>";
		};
		C2540C10195A83D500AE012C /* Headers */ = {
			isa = PBXGroup;
			children = (
				ABB1838F19F626930059E7F8 /* SonyCameraCameraProfile.h */,
			);
			path = Headers;
			sourceTree = "<group>";
		};
		C2540C11195A83D500AE012C /* Resources */ = {
			isa = PBXGroup;
			children = (
			);
			path = Resources;
			sourceTree = "<group>";
		};
		C2540C50195A853600AE012C /* sony_camera_remote_sdk */ = {
			isa = PBXGroup;
			children = (
				C2540C51195A853600AE012C /* Data */,
				C2540C5A195A853600AE012C /* webapi */,
				BE24CF02197F7BC3007BBC69 /* SampleLiveviewManager.h */,
				BE24CF03197F7BC3007BBC69 /* SampleLiveviewManager.m */,
				C2540C56195A853600AE012C /* SampleDeviceDiscovery.h */,
				C2540C57195A853600AE012C /* SampleDeviceDiscovery.m */,
				C2540C58195A853600AE012C /* UdpRequest.h */,
				C2540C59195A853600AE012C /* UdpRequest.m */,
			);
			path = sony_camera_remote_sdk;
			sourceTree = "<group>";
		};
		C2540C51195A853600AE012C /* Data */ = {
			isa = PBXGroup;
			children = (
				C2540C52195A853600AE012C /* DeviceInfo.h */,
				C2540C53195A853600AE012C /* DeviceInfo.m */,
				C2540C54195A853600AE012C /* DeviceList.h */,
				C2540C55195A853600AE012C /* DeviceList.m */,
			);
			path = Data;
			sourceTree = "<group>";
		};
		C2540C5A195A853600AE012C /* webapi */ = {
			isa = PBXGroup;
			children = (
				C2540C5B195A853600AE012C /* HttpRequest */,
				C2540C60195A853600AE012C /* RemoteApiList.h */,
				C2540C61195A853600AE012C /* SampleCameraEventObserver.h */,
				C2540C62195A853600AE012C /* SampleCameraEventObserver.m */,
				C2540C63195A853600AE012C /* SampleRemoteApi.h */,
				C2540C64195A853600AE012C /* SampleRemoteApi.m */,
			);
			path = webapi;
			sourceTree = "<group>";
		};
		C2540C5B195A853600AE012C /* HttpRequest */ = {
			isa = PBXGroup;
			children = (
				C2540C5C195A853600AE012C /* HttpAsynchronousRequest.h */,
				C2540C5D195A853600AE012C /* HttpAsynchronousRequest.m */,
				C2540C5E195A853600AE012C /* HttpSynchronousRequest.h */,
				C2540C5F195A853600AE012C /* HttpSynchronousRequest.m */,
			);
			path = HttpRequest;
			sourceTree = "<group>";
		};
		C2540C7B195ACC0800AE012C /* dConnectDeviceSonyCamera_resources */ = {
			isa = PBXGroup;
			children = (
				BE4B295719809B8900338159 /* images */,
				BED92A3F1991D78400B61B2F /* SonyCameraDevicePlugin_iPhone.storyboard */,
				BED92A3D1991C11400B61B2F /* SonyCameraDevicePlugin_iPad.storyboard */,
				C2540C7C195ACC0800AE012C /* Supporting Files */,
			);
			path = dConnectDeviceSonyCamera_resources;
			sourceTree = "<group>";
		};
		C2540C7C195ACC0800AE012C /* Supporting Files */ = {
			isa = PBXGroup;
			children = (
				C2540C7D195ACC0800AE012C /* dConnectDeviceSonyCamera_resources-Info.plist */,
				C2540C7E195ACC0800AE012C /* InfoPlist.strings */,
				C2540C81195ACC0800AE012C /* dConnectDeviceSonyCamera_resources-Prefix.pch */,
			);
			name = "Supporting Files";
			sourceTree = "<group>";
		};
/* End PBXGroup section */

/* Begin PBXNativeTarget section */
		C2540BAD195A7FA000AE012C /* dConnectDeviceSonyCamera */ = {
			isa = PBXNativeTarget;
			buildConfigurationList = C2540BD1195A7FA100AE012C /* Build configuration list for PBXNativeTarget "dConnectDeviceSonyCamera" */;
			buildPhases = (
				C2540BAA195A7FA000AE012C /* Sources */,
				C2540BAB195A7FA000AE012C /* Frameworks */,
				C2540BAC195A7FA000AE012C /* CopyFiles */,
			);
			buildRules = (
			);
			dependencies = (
			);
			name = dConnectDeviceSonyCamera;
			productName = dConnectDeviceSonyCamera;
			productReference = C2540BAE195A7FA000AE012C /* libdConnectDeviceSonyCamera.a */;
			productType = "com.apple.product-type.library.static";
		};
		C2540BBD195A7FA000AE012C /* dConnectDeviceSonyCameraTests */ = {
			isa = PBXNativeTarget;
			buildConfigurationList = C2540BD4195A7FA100AE012C /* Build configuration list for PBXNativeTarget "dConnectDeviceSonyCameraTests" */;
			buildPhases = (
				C2540BBA195A7FA000AE012C /* Sources */,
				C2540BBB195A7FA000AE012C /* Frameworks */,
				C2540BBC195A7FA000AE012C /* Resources */,
			);
			buildRules = (
			);
			dependencies = (
				C2540BC5195A7FA000AE012C /* PBXTargetDependency */,
			);
			name = dConnectDeviceSonyCameraTests;
			productName = dConnectDeviceSonyCameraTests;
			productReference = C2540BBE195A7FA000AE012C /* dConnectDeviceSonyCameraTests.xctest */;
			productType = "com.apple.product-type.bundle.unit-test";
		};
		C2540C77195ACC0800AE012C /* dConnectDeviceSonyCamera_resources */ = {
			isa = PBXNativeTarget;
			buildConfigurationList = C2540C82195ACC0800AE012C /* Build configuration list for PBXNativeTarget "dConnectDeviceSonyCamera_resources" */;
			buildPhases = (
				C2540C74195ACC0800AE012C /* Sources */,
				C2540C75195ACC0800AE012C /* Frameworks */,
				C2540C76195ACC0800AE012C /* Resources */,
			);
			buildRules = (
			);
			dependencies = (
			);
			name = dConnectDeviceSonyCamera_resources;
			productName = dConnectDeviceSonyCameraResources;
			productReference = C2540C78195ACC0800AE012C /* dConnectDeviceSonyCamera_resources.bundle */;
			productType = "com.apple.product-type.bundle";
		};
/* End PBXNativeTarget section */

/* Begin PBXProject section */
		C2540BA6195A7FA000AE012C /* Project object */ = {
			isa = PBXProject;
			attributes = {
				LastUpgradeCheck = 0510;
				ORGANIZATIONNAME = "NTT DOCOMO, INC.";
			};
			buildConfigurationList = C2540BA9195A7FA000AE012C /* Build configuration list for PBXProject "dConnectDeviceSonyCamera" */;
			compatibilityVersion = "Xcode 3.2";
			developmentRegion = English;
			hasScannedForEncodings = 0;
			knownRegions = (
				en,
				ja,
			);
			mainGroup = C2540BA5195A7FA000AE012C;
			productRefGroup = C2540BAF195A7FA000AE012C /* Products */;
			projectDirPath = "";
			projectRoot = "";
			targets = (
				C2540BAD195A7FA000AE012C /* dConnectDeviceSonyCamera */,
				C2540BBD195A7FA000AE012C /* dConnectDeviceSonyCameraTests */,
				C2540BFF195A800E00AE012C /* dConnectDeviceSonyCamera_framework */,
				C2540C77195ACC0800AE012C /* dConnectDeviceSonyCamera_resources */,
			);
		};
/* End PBXProject section */

/* Begin PBXResourcesBuildPhase section */
		C2540BBC195A7FA000AE012C /* Resources */ = {
			isa = PBXResourcesBuildPhase;
			buildActionMask = 2147483647;
			files = (
				C2540BCC195A7FA000AE012C /* InfoPlist.strings in Resources */,
			);
			runOnlyForDeploymentPostprocessing = 0;
		};
		C2540C76195ACC0800AE012C /* Resources */ = {
			isa = PBXResourcesBuildPhase;
			buildActionMask = 2147483647;
			files = (
				C2540C80195ACC0800AE012C /* InfoPlist.strings in Resources */,
				BE4B296019809B8900338159 /* pageindicator_off.png in Resources */,
				BEAFFE5C19C96FE100A98079 /* sonycamera01@2x.png in Resources */,
				BED92A401991D78400B61B2F /* SonyCameraDevicePlugin_iPhone.storyboard in Resources */,
				BED92A3E1991C11400B61B2F /* SonyCameraDevicePlugin_iPad.storyboard in Resources */,
				BE4B295D19809B8900338159 /* sonycamera_img01@2x.png in Resources */,
				BE75D3181994A54A00F1BFC9 /* settings_iphone.png in Resources */,
				BE575B26199863C200C31076 /* settings_ipad.png in Resources */,
				BE4B295E19809B8900338159 /* sonycamera_img02@2x.png in Resources */,
				BE4B296119809B8900338159 /* pageindicator_on.png in Resources */,
				BE4B295F19809B8900338159 /* sonycamera_img03@2x.png in Resources */,
			);
			runOnlyForDeploymentPostprocessing = 0;
		};
/* End PBXResourcesBuildPhase section */

/* Begin PBXShellScriptBuildPhase section */
		C2540C03195A801200AE012C /* Run Script */ = {
			isa = PBXShellScriptBuildPhase;
			buildActionMask = 2147483647;
			files = (
			);
			inputPaths = (
			);
			name = "Run Script";
			outputPaths = (
			);
			runOnlyForDeploymentPostprocessing = 0;
			shellPath = /bin/sh;
			shellScript = "# Environment Variables\nFRAMEWORK_NAME=${PROJECT_NAME}\nFRAMEWORK_VERSION=A\nFRAMEWORK_VERSION_NUMBER=1.0\nCONFIGURATION=\"Release\"\nFRAMEWORK_BUILD_PATH=\"${SRCROOT}/build/${CONFIGURATION}-framework\"\nFRAMEWORK_DIR=\"${FRAMEWORK_BUILD_PATH}/${FRAMEWORK_NAME}.framework\"\nSTATICLIB_BUILD_PATH=\"${SRCROOT}/build/${CONFIGURATION}-universal\"\n\n# Clean directories\nrm -rf \"${FRAMEWORK_BUILD_PATH}\"\n\n# Build simulator and device binaries.\n# A target to build a static library *must* have the name ${PROJECT_NAME}.\nxcodebuild -project ${PROJECT_NAME}.xcodeproj -sdk iphonesimulator -target ${PROJECT_NAME} -configuration ${CONFIGURATION} clean build\nxcodebuild -project ${PROJECT_NAME}.xcodeproj -sdk iphoneos -target ${PROJECT_NAME} -configuration ${CONFIGURATION} clean build\n# A target to build a bundle *must* have the name ${PROJECT_NAME}_resources. This target is optional.\nxcodebuild -project ${PROJECT_NAME}.xcodeproj -sdk iphonesimulator -target ${PROJECT_NAME}_resources -configuration ${CONFIGURATION} clean build || true\nxcodebuild -project ${PROJECT_NAME}.xcodeproj -sdk iphoneos -target ${PROJECT_NAME}_resources -configuration ${CONFIGURATION} clean build || true\n\n# create directories.\nmkdir -p ${FRAMEWORK_DIR}/Versions/${FRAMEWORK_VERSION}/Headers\n#mkdir -p ${FRAMEWORK_DIR}/Versions/${FRAMEWORK_VERSION}/Resources\nmkdir -p ${STATICLIB_BUILD_PATH}\n# create symlinks\ncd ${FRAMEWORK_DIR}\nln -s ../Versions/${FRAMEWORK_VERSION} Versions/Current\nln -s Versions/Current/Headers Headers\n#ln -s Versions/Current/Resources Resources\nln -s Versions/Current/${FRAMEWORK_NAME} ${FRAMEWORK_NAME}\ncd ${SRCROOT}\n\n# create the universal library, and strip internal symbols from it\nlipo ${SRCROOT}/build/${CONFIGURATION}-iphoneos/lib${FRAMEWORK_NAME}.a ${SRCROOT}/build/${CONFIGURATION}-iphonesimulator/lib${FRAMEWORK_NAME}.a -create -output \"${STATICLIB_BUILD_PATH}/lib${FRAMEWORK_NAME}.a\"\n#strip -x \"${STATICLIB_BUILD_PATH}/lib${FRAMEWORK_NAME}.a\"\ncp \"${STATICLIB_BUILD_PATH}/lib${FRAMEWORK_NAME}.a\" \"${FRAMEWORK_DIR}/Versions/Current/${FRAMEWORK_NAME}\"\n\n# copy files\ncp -r ${SRCROOT}/${PROJECT_NAME}/Headers/ ${FRAMEWORK_DIR}/Headers/";
		};
/* End PBXShellScriptBuildPhase section */

/* Begin PBXSourcesBuildPhase section */
		C2540BAA195A7FA000AE012C /* Sources */ = {
			isa = PBXSourcesBuildPhase;
			buildActionMask = 2147483647;
			files = (
				BE75D30D199495BF00F1BFC9 /* SonyCameraSettingView02Controller.m in Sources */,
				C2540C67195A853600AE012C /* SampleDeviceDiscovery.m in Sources */,
				BE75D3051994884200F1BFC9 /* SonyCameraModelController.m in Sources */,
				C2540C28195A83D500AE012C /* SonyCameraDevicePlugin.m in Sources */,
				C2540C65195A853600AE012C /* DeviceInfo.m in Sources */,
				BE75D3161994A44500F1BFC9 /* SonyCameraSettingView04Controller.m in Sources */,
				C2540C6C195A853600AE012C /* SampleRemoteApi.m in Sources */,
				BE75D3041994884200F1BFC9 /* SonyCameraDataViewController.m in Sources */,
				C2540C6B195A853600AE012C /* SampleCameraEventObserver.m in Sources */,
				C2540C69195A853600AE012C /* HttpAsynchronousRequest.m in Sources */,
				BE75D310199497F600F1BFC9 /* SonyCameraSettingView01Controller.m in Sources */,
				C2540C6A195A853600AE012C /* HttpSynchronousRequest.m in Sources */,
				C2540C73195AAFB400AE012C /* SonyCameraRemoteApiUtil.m in Sources */,
				C2540C66195A853600AE012C /* DeviceList.m in Sources */,
				BE75D3061994884200F1BFC9 /* SonyCameraViewController.m in Sources */,
				BE4FDFCC198765B5001A3C86 /* SonyCameraCameraProfile.m in Sources */,
				BE75D31319949D4F00F1BFC9 /* SonyCameraSettingView03Controller.m in Sources */,
				BE24CF04197F7BC4007BBC69 /* SampleLiveviewManager.m in Sources */,
				C2540C68195A853600AE012C /* UdpRequest.m in Sources */,
			);
			runOnlyForDeploymentPostprocessing = 0;
		};
		C2540BBA195A7FA000AE012C /* Sources */ = {
			isa = PBXSourcesBuildPhase;
			buildActionMask = 2147483647;
			files = (
				C2540BCE195A7FA100AE012C /* dConnectDeviceSonyCameraTests.m in Sources */,
			);
			runOnlyForDeploymentPostprocessing = 0;
		};
		C2540C74195ACC0800AE012C /* Sources */ = {
			isa = PBXSourcesBuildPhase;
			buildActionMask = 2147483647;
			files = (
			);
			runOnlyForDeploymentPostprocessing = 0;
		};
/* End PBXSourcesBuildPhase section */

/* Begin PBXTargetDependency section */
		C2540BC5195A7FA000AE012C /* PBXTargetDependency */ = {
			isa = PBXTargetDependency;
			target = C2540BAD195A7FA000AE012C /* dConnectDeviceSonyCamera */;
			targetProxy = C2540BC4195A7FA000AE012C /* PBXContainerItemProxy */;
		};
/* End PBXTargetDependency section */

/* Begin PBXVariantGroup section */
		C2540BCA195A7FA000AE012C /* InfoPlist.strings */ = {
			isa = PBXVariantGroup;
			children = (
				C2540BCB195A7FA000AE012C /* en */,
				C2540C6E195A875800AE012C /* ja */,
			);
			name = InfoPlist.strings;
			sourceTree = "<group>";
		};
		C2540C7E195ACC0800AE012C /* InfoPlist.strings */ = {
			isa = PBXVariantGroup;
			children = (
				C2540C7F195ACC0800AE012C /* en */,
			);
			name = InfoPlist.strings;
			sourceTree = "<group>";
		};
/* End PBXVariantGroup section */

/* Begin XCBuildConfiguration section */
		C2540BCF195A7FA100AE012C /* Debug */ = {
			isa = XCBuildConfiguration;
			buildSettings = {
				ALWAYS_SEARCH_USER_PATHS = NO;
				CLANG_CXX_LANGUAGE_STANDARD = "gnu++0x";
				CLANG_CXX_LIBRARY = "libc++";
				CLANG_ENABLE_MODULES = YES;
				CLANG_ENABLE_OBJC_ARC = YES;
				CLANG_WARN_BOOL_CONVERSION = YES;
				CLANG_WARN_CONSTANT_CONVERSION = YES;
				CLANG_WARN_DIRECT_OBJC_ISA_USAGE = YES_ERROR;
				CLANG_WARN_EMPTY_BODY = YES;
				CLANG_WARN_ENUM_CONVERSION = YES;
				CLANG_WARN_INT_CONVERSION = YES;
				CLANG_WARN_OBJC_ROOT_CLASS = YES_ERROR;
				CLANG_WARN__DUPLICATE_METHOD_MATCH = YES;
				COPY_PHASE_STRIP = NO;
				GCC_C_LANGUAGE_STANDARD = gnu99;
				GCC_DYNAMIC_NO_PIC = NO;
				GCC_OPTIMIZATION_LEVEL = 0;
				GCC_PREPROCESSOR_DEFINITIONS = (
					"DEBUG=1",
					"$(inherited)",
				);
				GCC_SYMBOLS_PRIVATE_EXTERN = NO;
				GCC_WARN_64_TO_32_BIT_CONVERSION = YES;
				GCC_WARN_ABOUT_RETURN_TYPE = YES_ERROR;
				GCC_WARN_UNDECLARED_SELECTOR = YES;
				GCC_WARN_UNINITIALIZED_AUTOS = YES_AGGRESSIVE;
				GCC_WARN_UNUSED_FUNCTION = YES;
				GCC_WARN_UNUSED_VARIABLE = YES;
				IPHONEOS_DEPLOYMENT_TARGET = 6.0;
				SDKROOT = iphoneos;
			};
			name = Debug;
		};
		C2540BD0195A7FA100AE012C /* Release */ = {
			isa = XCBuildConfiguration;
			buildSettings = {
				ALWAYS_SEARCH_USER_PATHS = NO;
				CLANG_CXX_LANGUAGE_STANDARD = "gnu++0x";
				CLANG_CXX_LIBRARY = "libc++";
				CLANG_ENABLE_MODULES = YES;
				CLANG_ENABLE_OBJC_ARC = YES;
				CLANG_WARN_BOOL_CONVERSION = YES;
				CLANG_WARN_CONSTANT_CONVERSION = YES;
				CLANG_WARN_DIRECT_OBJC_ISA_USAGE = YES_ERROR;
				CLANG_WARN_EMPTY_BODY = YES;
				CLANG_WARN_ENUM_CONVERSION = YES;
				CLANG_WARN_INT_CONVERSION = YES;
				CLANG_WARN_OBJC_ROOT_CLASS = YES_ERROR;
				CLANG_WARN__DUPLICATE_METHOD_MATCH = YES;
				COPY_PHASE_STRIP = YES;
				ENABLE_NS_ASSERTIONS = NO;
				GCC_C_LANGUAGE_STANDARD = gnu99;
				GCC_WARN_64_TO_32_BIT_CONVERSION = YES;
				GCC_WARN_ABOUT_RETURN_TYPE = YES_ERROR;
				GCC_WARN_UNDECLARED_SELECTOR = YES;
				GCC_WARN_UNINITIALIZED_AUTOS = YES_AGGRESSIVE;
				GCC_WARN_UNUSED_FUNCTION = YES;
				GCC_WARN_UNUSED_VARIABLE = YES;
				IPHONEOS_DEPLOYMENT_TARGET = 6.0;
				SDKROOT = iphoneos;
				VALIDATE_PRODUCT = YES;
			};
			name = Release;
		};
		C2540BD2195A7FA100AE012C /* Debug */ = {
			isa = XCBuildConfiguration;
			buildSettings = {
				DSTROOT = /tmp/dConnectDeviceSonyCamera.dst;
				FRAMEWORK_SEARCH_PATHS = (
					"$(inherited)",
					"$(PROJECT_DIR)/../../dConnectSDK/dConnectSDKForIOS/bin",
				);
				GCC_PRECOMPILE_PREFIX_HEADER = YES;
				GCC_PREFIX_HEADER = "dConnectDeviceSonyCamera/dConnectDeviceSonyCamera-Prefix.pch";
				ONLY_ACTIVE_ARCH = NO;
				OTHER_LDFLAGS = "-ObjC";
				PRODUCT_NAME = "$(TARGET_NAME)";
				SKIP_INSTALL = YES;
			};
			name = Debug;
		};
		C2540BD3195A7FA100AE012C /* Release */ = {
			isa = XCBuildConfiguration;
			buildSettings = {
				DSTROOT = /tmp/dConnectDeviceSonyCamera.dst;
				FRAMEWORK_SEARCH_PATHS = (
					"$(inherited)",
					"$(PROJECT_DIR)/../../dConnectSDK/dConnectSDKForIOS/bin",
				);
				GCC_PRECOMPILE_PREFIX_HEADER = YES;
				GCC_PREFIX_HEADER = "dConnectDeviceSonyCamera/dConnectDeviceSonyCamera-Prefix.pch";
				OTHER_LDFLAGS = "-ObjC";
				PRODUCT_NAME = "$(TARGET_NAME)";
				SKIP_INSTALL = YES;
			};
			name = Release;
		};
		C2540BD5195A7FA100AE012C /* Debug */ = {
			isa = XCBuildConfiguration;
			buildSettings = {
				FRAMEWORK_SEARCH_PATHS = (
					"$(SDKROOT)/Developer/Library/Frameworks",
					"$(inherited)",
					"$(DEVELOPER_FRAMEWORKS_DIR)",
				);
				GCC_PRECOMPILE_PREFIX_HEADER = YES;
				GCC_PREFIX_HEADER = "dConnectDeviceSonyCamera/dConnectDeviceSonyCamera-Prefix.pch";
				GCC_PREPROCESSOR_DEFINITIONS = (
					"DEBUG=1",
					"$(inherited)",
				);
				INFOPLIST_FILE = "dConnectDeviceSonyCameraTests/dConnectDeviceSonyCameraTests-Info.plist";
				PRODUCT_NAME = "$(TARGET_NAME)";
				WRAPPER_EXTENSION = xctest;
			};
			name = Debug;
		};
		C2540BD6195A7FA100AE012C /* Release */ = {
			isa = XCBuildConfiguration;
			buildSettings = {
				FRAMEWORK_SEARCH_PATHS = (
					"$(SDKROOT)/Developer/Library/Frameworks",
					"$(inherited)",
					"$(DEVELOPER_FRAMEWORKS_DIR)",
				);
				GCC_PRECOMPILE_PREFIX_HEADER = YES;
				GCC_PREFIX_HEADER = "dConnectDeviceSonyCamera/dConnectDeviceSonyCamera-Prefix.pch";
				INFOPLIST_FILE = "dConnectDeviceSonyCameraTests/dConnectDeviceSonyCameraTests-Info.plist";
				PRODUCT_NAME = "$(TARGET_NAME)";
				WRAPPER_EXTENSION = xctest;
			};
			name = Release;
		};
		C2540C01195A800E00AE012C /* Debug */ = {
			isa = XCBuildConfiguration;
			buildSettings = {
				OTHER_LDFLAGS = "-ObjC";
				PRODUCT_NAME = "$(TARGET_NAME)";
			};
			name = Debug;
		};
		C2540C02195A800E00AE012C /* Release */ = {
			isa = XCBuildConfiguration;
			buildSettings = {
				OTHER_LDFLAGS = "-ObjC";
				PRODUCT_NAME = "$(TARGET_NAME)";
			};
			name = Release;
		};
		C2540C83195ACC0800AE012C /* Debug */ = {
			isa = XCBuildConfiguration;
			buildSettings = {
				COMBINE_HIDPI_IMAGES = YES;
				CONFIGURATION_BUILD_DIR = "build/$(CONFIGURATION)-resources";
				GCC_ENABLE_OBJC_EXCEPTIONS = YES;
				GCC_PRECOMPILE_PREFIX_HEADER = YES;
				GCC_PREFIX_HEADER = "dConnectDeviceSonyCamera_resources/dConnectDeviceSonyCamera_resources-Prefix.pch";
				GCC_PREPROCESSOR_DEFINITIONS = (
					"DEBUG=1",
					"$(inherited)",
				);
				INFOPLIST_FILE = "dConnectDeviceSonyCamera_resources/dConnectDeviceSonyCamera_resources-Info.plist";
				INSTALL_PATH = "$(LOCAL_LIBRARY_DIR)/Bundles";
				MACOSX_DEPLOYMENT_TARGET = 10.9;
				PRODUCT_NAME = "$(TARGET_NAME)";
				SDKROOT = iphoneos;
				WRAPPER_EXTENSION = bundle;
			};
			name = Debug;
		};
		C2540C84195ACC0800AE012C /* Release */ = {
			isa = XCBuildConfiguration;
			buildSettings = {
				COMBINE_HIDPI_IMAGES = YES;
				CONFIGURATION_BUILD_DIR = "build/$(CONFIGURATION)-resources";
				DEBUG_INFORMATION_FORMAT = "dwarf-with-dsym";
				GCC_ENABLE_OBJC_EXCEPTIONS = YES;
				GCC_PRECOMPILE_PREFIX_HEADER = YES;
				GCC_PREFIX_HEADER = "dConnectDeviceSonyCamera_resources/dConnectDeviceSonyCamera_resources-Prefix.pch";
				INFOPLIST_FILE = "dConnectDeviceSonyCamera_resources/dConnectDeviceSonyCamera_resources-Info.plist";
				INSTALL_PATH = "$(LOCAL_LIBRARY_DIR)/Bundles";
				MACOSX_DEPLOYMENT_TARGET = 10.9;
				PRODUCT_NAME = "$(TARGET_NAME)";
				SDKROOT = iphoneos;
				WRAPPER_EXTENSION = bundle;
			};
			name = Release;
		};
/* End XCBuildConfiguration section */

/* Begin XCConfigurationList section */
		C2540BA9195A7FA000AE012C /* Build configuration list for PBXProject "dConnectDeviceSonyCamera" */ = {
			isa = XCConfigurationList;
			buildConfigurations = (
				C2540BCF195A7FA100AE012C /* Debug */,
				C2540BD0195A7FA100AE012C /* Release */,
			);
			defaultConfigurationIsVisible = 0;
			defaultConfigurationName = Debug;
		};
		C2540BD1195A7FA100AE012C /* Build configuration list for PBXNativeTarget "dConnectDeviceSonyCamera" */ = {
			isa = XCConfigurationList;
			buildConfigurations = (
				C2540BD2195A7FA100AE012C /* Debug */,
				C2540BD3195A7FA100AE012C /* Release */,
			);
			defaultConfigurationIsVisible = 0;
			defaultConfigurationName = Debug;
		};
		C2540BD4195A7FA100AE012C /* Build configuration list for PBXNativeTarget "dConnectDeviceSonyCameraTests" */ = {
			isa = XCConfigurationList;
			buildConfigurations = (
				C2540BD5195A7FA100AE012C /* Debug */,
				C2540BD6195A7FA100AE012C /* Release */,
			);
			defaultConfigurationIsVisible = 0;
			defaultConfigurationName = Debug;
		};
		C2540C00195A800E00AE012C /* Build configuration list for PBXAggregateTarget "dConnectDeviceSonyCamera_framework" */ = {
			isa = XCConfigurationList;
			buildConfigurations = (
				C2540C01195A800E00AE012C /* Debug */,
				C2540C02195A800E00AE012C /* Release */,
			);
			defaultConfigurationIsVisible = 0;
			defaultConfigurationName = Debug;
		};
		C2540C82195ACC0800AE012C /* Build configuration list for PBXNativeTarget "dConnectDeviceSonyCamera_resources" */ = {
			isa = XCConfigurationList;
			buildConfigurations = (
				C2540C83195ACC0800AE012C /* Debug */,
				C2540C84195ACC0800AE012C /* Release */,
			);
			defaultConfigurationIsVisible = 0;
			defaultConfigurationName = Debug;
		};
/* End XCConfigurationList section */
	};
	rootObject = C2540BA6195A7FA000AE012C /* Project object */;
}
