// !$*UTF8*$!
{
	archiveVersion = 1;
	classes = {
	};
	objectVersion = 46;
	objects = {

/* Begin PBXBuildFile section */
		2518284419B9537E0042C95A /* dConnectDeviceIRKit.framework in Frameworks */ = {isa = PBXBuildFile; fileRef = 2518284219B9537E0042C95A /* dConnectDeviceIRKit.framework */; };
		25262487196E5BB000AE4F1F /* DConnectSDK.framework in Frameworks */ = {isa = PBXBuildFile; fileRef = 25262486196E5BB000AE4F1F /* DConnectSDK.framework */; };
		254111A119C2C2BA00F74C31 /* dConnectChromecast.framework in Frameworks */ = {isa = PBXBuildFile; fileRef = 2541119F19C2C2BA00F74C31 /* dConnectChromecast.framework */; };
		254111A419C2CC0F00F74C31 /* icon_512px.png in Resources */ = {isa = PBXBuildFile; fileRef = 254111A319C2CC0F00F74C31 /* icon_512px.png */; };
		254111A619C2CD7D00F74C31 /* GoogleCast.framework in Frameworks */ = {isa = PBXBuildFile; fileRef = 254111A519C2CD7D00F74C31 /* GoogleCast.framework */; };
		254111A819C2CDAD00F74C31 /* MediaAccessibility.framework in Frameworks */ = {isa = PBXBuildFile; fileRef = 254111A719C2CDAD00F74C31 /* MediaAccessibility.framework */; };
		2562A2A519C3DA410032EF17 /* dConnectDeviceSonyCamera_resources.bundle in Resources */ = {isa = PBXBuildFile; fileRef = 2562A2A419C3DA410032EF17 /* dConnectDeviceSonyCamera_resources.bundle */; };
		2562A2B419C3E2480032EF17 /* dConnectDevicePebble_resources.bundle in Resources */ = {isa = PBXBuildFile; fileRef = 2562A2B219C3E2470032EF17 /* dConnectDevicePebble_resources.bundle */; };
		2562A2B519C3E2480032EF17 /* dConnectDevicePebble.framework in Frameworks */ = {isa = PBXBuildFile; fileRef = 2562A2B319C3E2470032EF17 /* dConnectDevicePebble.framework */; };
		2562A2B819C3E2AC0032EF17 /* PebbleKit.framework in Frameworks */ = {isa = PBXBuildFile; fileRef = 2562A2B619C3E2AC0032EF17 /* PebbleKit.framework */; };
		2562A2B919C3E2AC0032EF17 /* PebbleVendor.framework in Frameworks */ = {isa = PBXBuildFile; fileRef = 2562A2B719C3E2AC0032EF17 /* PebbleVendor.framework */; };
		2562A2BB19C3E6600032EF17 /* dConnectDeviceIRKit_resources.bundle in Resources */ = {isa = PBXBuildFile; fileRef = 2562A2BA19C3E6600032EF17 /* dConnectDeviceIRKit_resources.bundle */; };
		2562A2C719C3F2F80032EF17 /* dConnectDeviceHue_resources.bundle in Resources */ = {isa = PBXBuildFile; fileRef = 2562A2C619C3F2F80032EF17 /* dConnectDeviceHue_resources.bundle */; };
		259F7CE219C33D7700F66D93 /* dConnectDeviceSphero_resources.bundle in Resources */ = {isa = PBXBuildFile; fileRef = 259F7CE119C33D7700F66D93 /* dConnectDeviceSphero_resources.bundle */; };
		259F7CE419C33DA800F66D93 /* DConnectSDK_resources.bundle in Resources */ = {isa = PBXBuildFile; fileRef = 259F7CE319C33DA800F66D93 /* DConnectSDK_resources.bundle */; };
		259F7CE619C3409100F66D93 /* dConnectChromecast_resources.bundle in Resources */ = {isa = PBXBuildFile; fileRef = 259F7CE519C3409100F66D93 /* dConnectChromecast_resources.bundle */; };
		259F7CE819C343CE00F66D93 /* dConnectDeviceHost_resources.bundle in Resources */ = {isa = PBXBuildFile; fileRef = 259F7CE719C343CE00F66D93 /* dConnectDeviceHost_resources.bundle */; };
		25D555431977E13D002AA492 /* dConnectDeviceHue.framework in Frameworks */ = {isa = PBXBuildFile; fileRef = 25D555351977E13C002AA492 /* dConnectDeviceHue.framework */; };
		25D5554B1977E13D002AA492 /* dConnectDeviceSonyCamera.framework in Frameworks */ = {isa = PBXBuildFile; fileRef = 25D5553D1977E13C002AA492 /* dConnectDeviceSonyCamera.framework */; };
		25D5554D1977E13D002AA492 /* dConnectDeviceSphero.framework in Frameworks */ = {isa = PBXBuildFile; fileRef = 25D5553F1977E13C002AA492 /* dConnectDeviceSphero.framework */; };
		25D5554F1977E13D002AA492 /* RobotKit.framework in Frameworks */ = {isa = PBXBuildFile; fileRef = 25D555411977E13C002AA492 /* RobotKit.framework */; };
		25D555501977E13D002AA492 /* RobotUIKit.framework in Frameworks */ = {isa = PBXBuildFile; fileRef = 25D555421977E13C002AA492 /* RobotUIKit.framework */; };
		8E182FCA197507D700F9B131 /* GHURLLabel.m in Sources */ = {isa = PBXBuildFile; fileRef = 8E182FC9197507D700F9B131 /* GHURLLabel.m */; };
		8E24CFFA1964EC25008D9C10 /* arrow-back@2x.png in Resources */ = {isa = PBXBuildFile; fileRef = 8E24CFF41964EC25008D9C10 /* arrow-back@2x.png */; };
		8E24CFFB1964EC25008D9C10 /* arrow-next@2x.png in Resources */ = {isa = PBXBuildFile; fileRef = 8E24CFF51964EC25008D9C10 /* arrow-next@2x.png */; };
		8E24CFFC1964EC25008D9C10 /* bookmark@2x.png in Resources */ = {isa = PBXBuildFile; fileRef = 8E24CFF61964EC25008D9C10 /* bookmark@2x.png */; };
		8E24CFFD1964EC25008D9C10 /* folder@2x.png in Resources */ = {isa = PBXBuildFile; fileRef = 8E24CFF71964EC25008D9C10 /* folder@2x.png */; };
		8E24CFFE1964EC25008D9C10 /* history@2x.png in Resources */ = {isa = PBXBuildFile; fileRef = 8E24CFF81964EC25008D9C10 /* history@2x.png */; };
		8E24CFFF1964EC25008D9C10 /* star@2x.png in Resources */ = {isa = PBXBuildFile; fileRef = 8E24CFF91964EC25008D9C10 /* star@2x.png */; };
		8E24D0011964EDB5008D9C10 /* upload@2x.png in Resources */ = {isa = PBXBuildFile; fileRef = 8E24D0001964EDB5008D9C10 /* upload@2x.png */; };
		8E24D0041964EE6C008D9C10 /* GHBookmarkTopController.m in Sources */ = {isa = PBXBuildFile; fileRef = 8E24D0031964EE6C008D9C10 /* GHBookmarkTopController.m */; };
		8E24D0101964F3CE008D9C10 /* GHBookmarkViewController.m in Sources */ = {isa = PBXBuildFile; fileRef = 8E24D00E1964F3CE008D9C10 /* GHBookmarkViewController.m */; };
		8E24D0181964F8BD008D9C10 /* GHPageViewCell.xib in Resources */ = {isa = PBXBuildFile; fileRef = 8E24D0171964F8BD008D9C10 /* GHPageViewCell.xib */; };
		8E24D01B1964F94E008D9C10 /* GHBookmarkCell.m in Sources */ = {isa = PBXBuildFile; fileRef = 8E24D01A1964F94E008D9C10 /* GHBookmarkCell.m */; };
		8E24D02219651D1B008D9C10 /* GHHistoryViewController.m in Sources */ = {isa = PBXBuildFile; fileRef = 8E24D02019651D1B008D9C10 /* GHHistoryViewController.m */; };
		8E24D02619652333008D9C10 /* GHAddBookmarkActivity.m in Sources */ = {isa = PBXBuildFile; fileRef = 8E24D02519652333008D9C10 /* GHAddBookmarkActivity.m */; };
		8E24D02819652516008D9C10 /* addBookmark@2x.png in Resources */ = {isa = PBXBuildFile; fileRef = 8E24D02719652516008D9C10 /* addBookmark@2x.png */; };
		8E24D02B19652907008D9C10 /* GHAddBookmarkController.m in Sources */ = {isa = PBXBuildFile; fileRef = 8E24D02A19652907008D9C10 /* GHAddBookmarkController.m */; };
		8E24D02F19653525008D9C10 /* GHBookmarkTitleCell.m in Sources */ = {isa = PBXBuildFile; fileRef = 8E24D02D19653525008D9C10 /* GHBookmarkTitleCell.m */; };
		8E24D03019653525008D9C10 /* GHBookmarkTitleCell.xib in Resources */ = {isa = PBXBuildFile; fileRef = 8E24D02E19653525008D9C10 /* GHBookmarkTitleCell.xib */; };
		8E2C5B391960FF36005DFCDC /* Foundation.framework in Frameworks */ = {isa = PBXBuildFile; fileRef = 8E2C5B381960FF36005DFCDC /* Foundation.framework */; };
		8E2C5B3B1960FF36005DFCDC /* CoreGraphics.framework in Frameworks */ = {isa = PBXBuildFile; fileRef = 8E2C5B3A1960FF36005DFCDC /* CoreGraphics.framework */; };
		8E2C5B3D1960FF36005DFCDC /* UIKit.framework in Frameworks */ = {isa = PBXBuildFile; fileRef = 8E2C5B3C1960FF36005DFCDC /* UIKit.framework */; };
		8E2C5B431960FF36005DFCDC /* InfoPlist.strings in Resources */ = {isa = PBXBuildFile; fileRef = 8E2C5B411960FF36005DFCDC /* InfoPlist.strings */; };
		8E2C5B451960FF36005DFCDC /* main.m in Sources */ = {isa = PBXBuildFile; fileRef = 8E2C5B441960FF36005DFCDC /* main.m */; };
		8E2C5B491960FF36005DFCDC /* GHAppDelegate.m in Sources */ = {isa = PBXBuildFile; fileRef = 8E2C5B481960FF36005DFCDC /* GHAppDelegate.m */; };
		8E2C5B4C1960FF36005DFCDC /* Main_iPhone.storyboard in Resources */ = {isa = PBXBuildFile; fileRef = 8E2C5B4A1960FF36005DFCDC /* Main_iPhone.storyboard */; };
		8E2C5B4F1960FF36005DFCDC /* Main_iPad.storyboard in Resources */ = {isa = PBXBuildFile; fileRef = 8E2C5B4D1960FF36005DFCDC /* Main_iPad.storyboard */; };
		8E2C5B541960FF36005DFCDC /* Images.xcassets in Resources */ = {isa = PBXBuildFile; fileRef = 8E2C5B531960FF36005DFCDC /* Images.xcassets */; };
		8E2C5B7419611F96005DFCDC /* GHMainViewController.m in Sources */ = {isa = PBXBuildFile; fileRef = 8E2C5B7319611F96005DFCDC /* GHMainViewController.m */; };
		8E2C5B7719612501005DFCDC /* GHToolView.m in Sources */ = {isa = PBXBuildFile; fileRef = 8E2C5B7619612501005DFCDC /* GHToolView.m */; };
		8E3E25421973A6FC00438C00 /* UZMultipleLayeredContentBackView.m in Sources */ = {isa = PBXBuildFile; fileRef = 8E3E25371973A6FC00438C00 /* UZMultipleLayeredContentBackView.m */; };
		8E3E25431973A6FC00438C00 /* UZMultipleLayeredContentViewController.m in Sources */ = {isa = PBXBuildFile; fileRef = 8E3E25391973A6FC00438C00 /* UZMultipleLayeredContentViewController.m */; };
		8E3E25441973A6FC00438C00 /* UZMultipleLayeredPopoverBackView.m in Sources */ = {isa = PBXBuildFile; fileRef = 8E3E253B1973A6FC00438C00 /* UZMultipleLayeredPopoverBackView.m */; };
		8E3E25451973A6FC00438C00 /* UZMultipleLayeredPopoverBaseView.m in Sources */ = {isa = PBXBuildFile; fileRef = 8E3E253D1973A6FC00438C00 /* UZMultipleLayeredPopoverBaseView.m */; };
		8E3E25461973A6FC00438C00 /* UZMultipleLayeredPopoverController+original.m in Sources */ = {isa = PBXBuildFile; fileRef = 8E3E253F1973A6FC00438C00 /* UZMultipleLayeredPopoverController+original.m */; };
		8E3E25471973A6FC00438C00 /* UZMultipleLayeredPopoverController.m in Sources */ = {isa = PBXBuildFile; fileRef = 8E3E25411973A6FC00438C00 /* UZMultipleLayeredPopoverController.m */; };
		8E3E254D1973ABAE00438C00 /* Popup.storyboard in Resources */ = {isa = PBXBuildFile; fileRef = 8E3E254B1973ABAE00438C00 /* Popup.storyboard */; };
		8E426CA6198B86DB00BA9C66 /* Bookmark.storyboard in Resources */ = {isa = PBXBuildFile; fileRef = 8E426CA4198B86DB00BA9C66 /* Bookmark.storyboard */; };
		8E445B3119AEB51B00206904 /* print@2x.png in Resources */ = {isa = PBXBuildFile; fileRef = 8E445B3019AEB51B00206904 /* print@2x.png */; };
		8E9A145B19624F670004DDB3 /* GHHeaderView.m in Sources */ = {isa = PBXBuildFile; fileRef = 8E9A145A19624F670004DDB3 /* GHHeaderView.m */; };
		8E9A145D19624F7B0004DDB3 /* GHHeaderView.xib in Resources */ = {isa = PBXBuildFile; fileRef = 8E9A145C19624F7B0004DDB3 /* GHHeaderView.xib */; };
		8E9A145F196257680004DDB3 /* CoreData.framework in Frameworks */ = {isa = PBXBuildFile; fileRef = 8E9A145E196257680004DDB3 /* CoreData.framework */; };
		8E9A1462196257970004DDB3 /* db.xcdatamodeld in Sources */ = {isa = PBXBuildFile; fileRef = 8E9A1460196257970004DDB3 /* db.xcdatamodeld */; };
		8E9A1465196277330004DDB3 /* GHURLManager.m in Sources */ = {isa = PBXBuildFile; fileRef = 8E9A1464196277330004DDB3 /* GHURLManager.m */; };
		8E9A146A196280C30004DDB3 /* GHDataManager.m in Sources */ = {isa = PBXBuildFile; fileRef = 8E9A1469196280C30004DDB3 /* GHDataManager.m */; };
		8E9A14AE196288DB0004DDB3 /* GHUtils.m in Sources */ = {isa = PBXBuildFile; fileRef = 8E9A14AD196288DB0004DDB3 /* GHUtils.m */; };
		8E9A14B419628AE10004DDB3 /* GHPageModel.m in Sources */ = {isa = PBXBuildFile; fileRef = 8E9A14B319628AE10004DDB3 /* GHPageModel.m */; };
		8E9A14C1196291EC0004DDB3 /* GTMNSString+HTML.m in Sources */ = {isa = PBXBuildFile; fileRef = 8E9A14BA196291EC0004DDB3 /* GTMNSString+HTML.m */; settings = {COMPILER_FLAGS = "-fno-objc-arc"; }; };
		8E9A14C2196291EC0004DDB3 /* GTMNSString-HTML.podspec in Resources */ = {isa = PBXBuildFile; fileRef = 8E9A14BB196291EC0004DDB3 /* GTMNSString-HTML.podspec */; };
		8E9A14C3196291EC0004DDB3 /* LICENSE in Resources */ = {isa = PBXBuildFile; fileRef = 8E9A14BC196291EC0004DDB3 /* LICENSE */; };
		8E9A14C4196291EC0004DDB3 /* NSString+HTML.m in Sources */ = {isa = PBXBuildFile; fileRef = 8E9A14BE196291EC0004DDB3 /* NSString+HTML.m */; settings = {COMPILER_FLAGS = "-fno-objc-arc"; }; };
		8E9A14C5196291EC0004DDB3 /* README.md in Resources */ = {isa = PBXBuildFile; fileRef = 8E9A14BF196291EC0004DDB3 /* README.md */; };
		8E9A14CB1962A8290004DDB3 /* GHPageViewCell.m in Sources */ = {isa = PBXBuildFile; fileRef = 8E9A14CA1962A8290004DDB3 /* GHPageViewCell.m */; };
		8EA4FEF41966404F00034D5E /* GHFoldersListController.m in Sources */ = {isa = PBXBuildFile; fileRef = 8EA4FEF31966404F00034D5E /* GHFoldersListController.m */; };
		8EA4FEFA19664B7700034D5E /* NJKWebViewProgress.m in Sources */ = {isa = PBXBuildFile; fileRef = 8EA4FEF719664B7700034D5E /* NJKWebViewProgress.m */; };
		8EA4FEFB19664B7700034D5E /* NJKWebViewProgressView.m in Sources */ = {isa = PBXBuildFile; fileRef = 8EA4FEF919664B7700034D5E /* NJKWebViewProgressView.m */; };
		8EA4FF131966629C00034D5E /* RATreeNode.m in Sources */ = {isa = PBXBuildFile; fileRef = 8EA4FF001966629C00034D5E /* RATreeNode.m */; };
		8EA4FF141966629C00034D5E /* RATreeNodeCollectionController.m in Sources */ = {isa = PBXBuildFile; fileRef = 8EA4FF021966629C00034D5E /* RATreeNodeCollectionController.m */; };
		8EA4FF151966629C00034D5E /* RATreeNodeInfo+Private.m in Sources */ = {isa = PBXBuildFile; fileRef = 8EA4FF041966629C00034D5E /* RATreeNodeInfo+Private.m */; };
		8EA4FF161966629C00034D5E /* RATreeNodeInfo.m in Sources */ = {isa = PBXBuildFile; fileRef = 8EA4FF061966629C00034D5E /* RATreeNodeInfo.m */; };
		8EA4FF171966629C00034D5E /* RATreeView+Enums.m in Sources */ = {isa = PBXBuildFile; fileRef = 8EA4FF081966629C00034D5E /* RATreeView+Enums.m */; };
		8EA4FF181966629C00034D5E /* RATreeView+Private.m in Sources */ = {isa = PBXBuildFile; fileRef = 8EA4FF0A1966629C00034D5E /* RATreeView+Private.m */; };
		8EA4FF191966629C00034D5E /* RATreeView+TableViewDataSource.m in Sources */ = {isa = PBXBuildFile; fileRef = 8EA4FF0C1966629C00034D5E /* RATreeView+TableViewDataSource.m */; };
		8EA4FF1A1966629C00034D5E /* RATreeView+TableViewDelegate.m in Sources */ = {isa = PBXBuildFile; fileRef = 8EA4FF0E1966629C00034D5E /* RATreeView+TableViewDelegate.m */; };
		8EA4FF1B1966629C00034D5E /* RATreeView+UIScrollView.m in Sources */ = {isa = PBXBuildFile; fileRef = 8EA4FF101966629C00034D5E /* RATreeView+UIScrollView.m */; };
		8EA4FF1C1966629C00034D5E /* RATreeView.m in Sources */ = {isa = PBXBuildFile; fileRef = 8EA4FF121966629C00034D5E /* RATreeView.m */; };
		8EA4FF1F19666EC900034D5E /* GHFolderCreateController.m in Sources */ = {isa = PBXBuildFile; fileRef = 8EA4FF1E19666EC900034D5E /* GHFolderCreateController.m */; };
		8EA4FF2419667B9C00034D5E /* GHFolderTitleCell.m in Sources */ = {isa = PBXBuildFile; fileRef = 8EA4FF2219667B9C00034D5E /* GHFolderTitleCell.m */; };
		8EA4FF2519667B9C00034D5E /* GHFolderTitleCell.xib in Resources */ = {isa = PBXBuildFile; fileRef = 8EA4FF2319667B9C00034D5E /* GHFolderTitleCell.xib */; };
		8EB681DA19A7037A00F525A1 /* APLPrintPageRenderer.m in Sources */ = {isa = PBXBuildFile; fileRef = 8EB681D719A7037A00F525A1 /* APLPrintPageRenderer.m */; };
		8EB681DE19A7059400F525A1 /* GHPrintActivity.m in Sources */ = {isa = PBXBuildFile; fileRef = 8EB681DD19A7059400F525A1 /* GHPrintActivity.m */; };
		8EC29A5319B4119B0012ADCE /* GHConnectionManager.m in Sources */ = {isa = PBXBuildFile; fileRef = 8EC29A5219B4119B0012ADCE /* GHConnectionManager.m */; };
		8EC7B4561999BA6F0052A1B6 /* SVProgressHUD.bundle in Resources */ = {isa = PBXBuildFile; fileRef = 8EC7B4531999BA6F0052A1B6 /* SVProgressHUD.bundle */; };
		8EC7B4571999BA6F0052A1B6 /* SVProgressHUD.m in Sources */ = {isa = PBXBuildFile; fileRef = 8EC7B4551999BA6F0052A1B6 /* SVProgressHUD.m */; };
		8ECD1E1F196A64610047E153 /* GHDirectory.m in Sources */ = {isa = PBXBuildFile; fileRef = 8ECD1E1E196A64610047E153 /* GHDirectory.m */; };
		8ECD1E22196A7EF80047E153 /* GHFolderCell.m in Sources */ = {isa = PBXBuildFile; fileRef = 8ECD1E21196A7EF80047E153 /* GHFolderCell.m */; };
		8ED0CCC9199067A8001E51FA /* Page.m in Sources */ = {isa = PBXBuildFile; fileRef = 8ED0CCC8199067A8001E51FA /* Page.m */; };
		8EE935C0197E3525000F9DA2 /* setting@2x.png in Resources */ = {isa = PBXBuildFile; fileRef = 8EE935BF197E3525000F9DA2 /* setting@2x.png */; };
		8EE935C3197E36FF000F9DA2 /* GHSettingController.m in Sources */ = {isa = PBXBuildFile; fileRef = 8EE935C2197E36FF000F9DA2 /* GHSettingController.m */; };
		8EEC171C1985E43C004EB5DC /* cancel@2x.png in Resources */ = {isa = PBXBuildFile; fileRef = 8EEC171A1985E43C004EB5DC /* cancel@2x.png */; };
		8EEC171D1985E43C004EB5DC /* reload@2x.png in Resources */ = {isa = PBXBuildFile; fileRef = 8EEC171B1985E43C004EB5DC /* reload@2x.png */; };
		9044F33F1A1A21DA0072F241 /* HueSDK_iOS.framework in Frameworks */ = {isa = PBXBuildFile; fileRef = 9044F33E1A1A21DA0072F241 /* HueSDK_iOS.framework */; };
		9700DDE71998E0DD00209D1A /* dConnectDeviceHost.framework in Frameworks */ = {isa = PBXBuildFile; fileRef = 9700DDE61998E0DD00209D1A /* dConnectDeviceHost.framework */; };
		AB08A05E19908B410024C996 /* DCMDevicePluginSDK.framework in Frameworks */ = {isa = PBXBuildFile; fileRef = AB08A05D19908B410024C996 /* DCMDevicePluginSDK.framework */; };
		ABBD5F0019861CFA00B81007 /* CoreFoundation.framework in Frameworks */ = {isa = PBXBuildFile; fileRef = ABBD5EFD19861CFA00B81007 /* CoreFoundation.framework */; };
		ABBD5F0119861CFA00B81007 /* CoreMotion.framework in Frameworks */ = {isa = PBXBuildFile; fileRef = ABBD5EFE19861CFA00B81007 /* CoreMotion.framework */; };
		ABBD5F0219861CFA00B81007 /* ExternalAccessory.framework in Frameworks */ = {isa = PBXBuildFile; fileRef = ABBD5EFF19861CFA00B81007 /* ExternalAccessory.framework */; };
/* End PBXBuildFile section */

/* Begin PBXFileReference section */
		2518284219B9537E0042C95A /* dConnectDeviceIRKit.framework */ = {isa = PBXFileReference; lastKnownFileType = wrapper.framework; name = dConnectDeviceIRKit.framework; path = ../../dConnectDevicePlugin/dConnectDeviceIRKit/bin/dConnectDeviceIRKit.framework; sourceTree = "<group>"; };
		25262486196E5BB000AE4F1F /* DConnectSDK.framework */ = {isa = PBXFileReference; lastKnownFileType = wrapper.framework; name = DConnectSDK.framework; path = ../dConnectSDKForIOS/bin/DConnectSDK.framework; sourceTree = "<group>"; };
		2541119F19C2C2BA00F74C31 /* dConnectChromecast.framework */ = {isa = PBXFileReference; lastKnownFileType = wrapper.framework; name = dConnectChromecast.framework; path = ../../dConnectDevicePlugin/dConnectDeviceChromeCast/bin/dConnectChromecast.framework; sourceTree = "<group>"; };
		254111A319C2CC0F00F74C31 /* icon_512px.png */ = {isa = PBXFileReference; lastKnownFileType = image.png; path = icon_512px.png; sourceTree = "<group>"; };
		254111A519C2CD7D00F74C31 /* GoogleCast.framework */ = {isa = PBXFileReference; lastKnownFileType = wrapper.framework; name = GoogleCast.framework; path = "../../dConnectDevicePlugin/dConnectDeviceChromeCast/GoogleCastFramework-2.3.0-Release/GoogleCast.framework"; sourceTree = "<group>"; };
		254111A719C2CDAD00F74C31 /* MediaAccessibility.framework */ = {isa = PBXFileReference; lastKnownFileType = wrapper.framework; name = MediaAccessibility.framework; path = System/Library/Frameworks/MediaAccessibility.framework; sourceTree = SDKROOT; };
		2562A2A419C3DA410032EF17 /* dConnectDeviceSonyCamera_resources.bundle */ = {isa = PBXFileReference; lastKnownFileType = "wrapper.plug-in"; name = dConnectDeviceSonyCamera_resources.bundle; path = ../../dConnectDevicePlugin/dConnectDeviceSonyCamera/bin/dConnectDeviceSonyCamera_resources.bundle; sourceTree = "<group>"; };
		2562A2B219C3E2470032EF17 /* dConnectDevicePebble_resources.bundle */ = {isa = PBXFileReference; lastKnownFileType = "wrapper.plug-in"; name = dConnectDevicePebble_resources.bundle; path = ../../dConnectDevicePlugin/dConnectDevicePebble/bin/dConnectDevicePebble_resources.bundle; sourceTree = "<group>"; };
		2562A2B319C3E2470032EF17 /* dConnectDevicePebble.framework */ = {isa = PBXFileReference; lastKnownFileType = wrapper.framework; name = dConnectDevicePebble.framework; path = ../../dConnectDevicePlugin/dConnectDevicePebble/bin/dConnectDevicePebble.framework; sourceTree = "<group>"; };
		2562A2B619C3E2AC0032EF17 /* PebbleKit.framework */ = {isa = PBXFileReference; lastKnownFileType = wrapper.framework; name = PebbleKit.framework; path = ../../dConnectDevicePlugin/dConnectDevicePebble/PebbleKit.framework; sourceTree = "<group>"; };
		2562A2B719C3E2AC0032EF17 /* PebbleVendor.framework */ = {isa = PBXFileReference; lastKnownFileType = wrapper.framework; name = PebbleVendor.framework; path = ../../dConnectDevicePlugin/dConnectDevicePebble/PebbleVendor.framework; sourceTree = "<group>"; };
		2562A2BA19C3E6600032EF17 /* dConnectDeviceIRKit_resources.bundle */ = {isa = PBXFileReference; lastKnownFileType = "wrapper.plug-in"; name = dConnectDeviceIRKit_resources.bundle; path = ../../dConnectDevicePlugin/dConnectDeviceIRKit/bin/dConnectDeviceIRKit_resources.bundle; sourceTree = "<group>"; };
		2562A2C619C3F2F80032EF17 /* dConnectDeviceHue_resources.bundle */ = {isa = PBXFileReference; lastKnownFileType = "wrapper.plug-in"; name = dConnectDeviceHue_resources.bundle; path = ../../dConnectDevicePlugin/dConnectDeviceHue/bin/dConnectDeviceHue_resources.bundle; sourceTree = "<group>"; };
		259F7CE119C33D7700F66D93 /* dConnectDeviceSphero_resources.bundle */ = {isa = PBXFileReference; lastKnownFileType = "wrapper.plug-in"; name = dConnectDeviceSphero_resources.bundle; path = ../../dConnectDevicePlugin/dConnectDeviceSphero/bin/dConnectDeviceSphero_resources.bundle; sourceTree = "<group>"; };
		259F7CE319C33DA800F66D93 /* DConnectSDK_resources.bundle */ = {isa = PBXFileReference; lastKnownFileType = "wrapper.plug-in"; name = DConnectSDK_resources.bundle; path = ../dConnectSDKForIOS/bin/DConnectSDK_resources.bundle; sourceTree = "<group>"; };
		259F7CE519C3409100F66D93 /* dConnectChromecast_resources.bundle */ = {isa = PBXFileReference; lastKnownFileType = "wrapper.plug-in"; name = dConnectChromecast_resources.bundle; path = ../../dConnectDevicePlugin/dConnectDeviceChromeCast/bin/dConnectChromecast_resources.bundle; sourceTree = "<group>"; };
		259F7CE719C343CE00F66D93 /* dConnectDeviceHost_resources.bundle */ = {isa = PBXFileReference; lastKnownFileType = "wrapper.plug-in"; name = dConnectDeviceHost_resources.bundle; path = ../../dConnectDevicePlugin/dConnectDeviceHost/bin/dConnectDeviceHost_resources.bundle; sourceTree = "<group>"; };
		25D555351977E13C002AA492 /* dConnectDeviceHue.framework */ = {isa = PBXFileReference; lastKnownFileType = wrapper.framework; name = dConnectDeviceHue.framework; path = ../../dConnectDevicePlugin/dConnectDeviceHue/bin/dConnectDeviceHue.framework; sourceTree = "<group>"; };
		25D5553D1977E13C002AA492 /* dConnectDeviceSonyCamera.framework */ = {isa = PBXFileReference; lastKnownFileType = wrapper.framework; name = dConnectDeviceSonyCamera.framework; path = ../../dConnectDevicePlugin/dConnectDeviceSonyCamera/bin/dConnectDeviceSonyCamera.framework; sourceTree = "<group>"; };
		25D5553F1977E13C002AA492 /* dConnectDeviceSphero.framework */ = {isa = PBXFileReference; lastKnownFileType = wrapper.framework; name = dConnectDeviceSphero.framework; path = ../../dConnectDevicePlugin/dConnectDeviceSphero/bin/dConnectDeviceSphero.framework; sourceTree = "<group>"; };
		25D555411977E13C002AA492 /* RobotKit.framework */ = {isa = PBXFileReference; lastKnownFileType = wrapper.framework; name = RobotKit.framework; path = ../../dConnectDevicePlugin/dConnectDeviceSphero/RobotKit.framework; sourceTree = "<group>"; };
		25D555421977E13C002AA492 /* RobotUIKit.framework */ = {isa = PBXFileReference; lastKnownFileType = wrapper.framework; name = RobotUIKit.framework; path = ../../dConnectDevicePlugin/dConnectDeviceSphero/RobotUIKit.framework; sourceTree = "<group>"; };
		8E182FC8197507D700F9B131 /* GHURLLabel.h */ = {isa = PBXFileReference; fileEncoding = 4; lastKnownFileType = sourcecode.c.h; name = GHURLLabel.h; path = classes/GHURLLabel.h; sourceTree = "<group>"; };
		8E182FC9197507D700F9B131 /* GHURLLabel.m */ = {isa = PBXFileReference; fileEncoding = 4; lastKnownFileType = sourcecode.c.objc; name = GHURLLabel.m; path = classes/GHURLLabel.m; sourceTree = "<group>"; };
		8E24CFF41964EC25008D9C10 /* arrow-back@2x.png */ = {isa = PBXFileReference; lastKnownFileType = image.png; path = "arrow-back@2x.png"; sourceTree = "<group>"; };
		8E24CFF51964EC25008D9C10 /* arrow-next@2x.png */ = {isa = PBXFileReference; lastKnownFileType = image.png; path = "arrow-next@2x.png"; sourceTree = "<group>"; };
		8E24CFF61964EC25008D9C10 /* bookmark@2x.png */ = {isa = PBXFileReference; lastKnownFileType = image.png; path = "bookmark@2x.png"; sourceTree = "<group>"; };
		8E24CFF71964EC25008D9C10 /* folder@2x.png */ = {isa = PBXFileReference; lastKnownFileType = image.png; path = "folder@2x.png"; sourceTree = "<group>"; };
		8E24CFF81964EC25008D9C10 /* history@2x.png */ = {isa = PBXFileReference; lastKnownFileType = image.png; path = "history@2x.png"; sourceTree = "<group>"; };
		8E24CFF91964EC25008D9C10 /* star@2x.png */ = {isa = PBXFileReference; lastKnownFileType = image.png; path = "star@2x.png"; sourceTree = "<group>"; };
		8E24D0001964EDB5008D9C10 /* upload@2x.png */ = {isa = PBXFileReference; lastKnownFileType = image.png; path = "upload@2x.png"; sourceTree = "<group>"; };
		8E24D0021964EE6C008D9C10 /* GHBookmarkTopController.h */ = {isa = PBXFileReference; fileEncoding = 4; lastKnownFileType = sourcecode.c.h; name = GHBookmarkTopController.h; path = classes/GHBookmarkTopController.h; sourceTree = "<group>"; };
		8E24D0031964EE6C008D9C10 /* GHBookmarkTopController.m */ = {isa = PBXFileReference; fileEncoding = 4; lastKnownFileType = sourcecode.c.objc; name = GHBookmarkTopController.m; path = classes/GHBookmarkTopController.m; sourceTree = "<group>"; };
		8E24D00D1964F3CE008D9C10 /* GHBookmarkViewController.h */ = {isa = PBXFileReference; fileEncoding = 4; lastKnownFileType = sourcecode.c.h; name = GHBookmarkViewController.h; path = classes/GHBookmarkViewController.h; sourceTree = "<group>"; };
		8E24D00E1964F3CE008D9C10 /* GHBookmarkViewController.m */ = {isa = PBXFileReference; fileEncoding = 4; lastKnownFileType = sourcecode.c.objc; name = GHBookmarkViewController.m; path = classes/GHBookmarkViewController.m; sourceTree = "<group>"; };
		8E24D0171964F8BD008D9C10 /* GHPageViewCell.xib */ = {isa = PBXFileReference; fileEncoding = 4; lastKnownFileType = file.xib; name = GHPageViewCell.xib; path = classes/GHPageViewCell.xib; sourceTree = "<group>"; };
		8E24D0191964F94E008D9C10 /* GHBookmarkCell.h */ = {isa = PBXFileReference; fileEncoding = 4; lastKnownFileType = sourcecode.c.h; name = GHBookmarkCell.h; path = classes/GHBookmarkCell.h; sourceTree = "<group>"; };
		8E24D01A1964F94E008D9C10 /* GHBookmarkCell.m */ = {isa = PBXFileReference; fileEncoding = 4; lastKnownFileType = sourcecode.c.objc; name = GHBookmarkCell.m; path = classes/GHBookmarkCell.m; sourceTree = "<group>"; };
		8E24D01F19651D1B008D9C10 /* GHHistoryViewController.h */ = {isa = PBXFileReference; fileEncoding = 4; lastKnownFileType = sourcecode.c.h; name = GHHistoryViewController.h; path = classes/GHHistoryViewController.h; sourceTree = "<group>"; };
		8E24D02019651D1B008D9C10 /* GHHistoryViewController.m */ = {isa = PBXFileReference; fileEncoding = 4; lastKnownFileType = sourcecode.c.objc; name = GHHistoryViewController.m; path = classes/GHHistoryViewController.m; sourceTree = "<group>"; };
		8E24D02419652333008D9C10 /* GHAddBookmarkActivity.h */ = {isa = PBXFileReference; fileEncoding = 4; lastKnownFileType = sourcecode.c.h; name = GHAddBookmarkActivity.h; path = classes/GHAddBookmarkActivity.h; sourceTree = "<group>"; };
		8E24D02519652333008D9C10 /* GHAddBookmarkActivity.m */ = {isa = PBXFileReference; fileEncoding = 4; lastKnownFileType = sourcecode.c.objc; name = GHAddBookmarkActivity.m; path = classes/GHAddBookmarkActivity.m; sourceTree = "<group>"; };
		8E24D02719652516008D9C10 /* addBookmark@2x.png */ = {isa = PBXFileReference; lastKnownFileType = image.png; path = "addBookmark@2x.png"; sourceTree = "<group>"; };
		8E24D02919652907008D9C10 /* GHAddBookmarkController.h */ = {isa = PBXFileReference; fileEncoding = 4; lastKnownFileType = sourcecode.c.h; name = GHAddBookmarkController.h; path = classes/GHAddBookmarkController.h; sourceTree = "<group>"; };
		8E24D02A19652907008D9C10 /* GHAddBookmarkController.m */ = {isa = PBXFileReference; fileEncoding = 4; lastKnownFileType = sourcecode.c.objc; name = GHAddBookmarkController.m; path = classes/GHAddBookmarkController.m; sourceTree = "<group>"; };
		8E24D02C19653525008D9C10 /* GHBookmarkTitleCell.h */ = {isa = PBXFileReference; fileEncoding = 4; lastKnownFileType = sourcecode.c.h; name = GHBookmarkTitleCell.h; path = classes/GHBookmarkTitleCell.h; sourceTree = "<group>"; };
		8E24D02D19653525008D9C10 /* GHBookmarkTitleCell.m */ = {isa = PBXFileReference; fileEncoding = 4; lastKnownFileType = sourcecode.c.objc; name = GHBookmarkTitleCell.m; path = classes/GHBookmarkTitleCell.m; sourceTree = "<group>"; };
		8E24D02E19653525008D9C10 /* GHBookmarkTitleCell.xib */ = {isa = PBXFileReference; fileEncoding = 4; lastKnownFileType = file.xib; name = GHBookmarkTitleCell.xib; path = classes/GHBookmarkTitleCell.xib; sourceTree = "<group>"; };
		8E2C5B351960FF36005DFCDC /* dConnectBrowser.app */ = {isa = PBXFileReference; explicitFileType = wrapper.application; includeInIndex = 0; path = dConnectBrowser.app; sourceTree = BUILT_PRODUCTS_DIR; };
		8E2C5B381960FF36005DFCDC /* Foundation.framework */ = {isa = PBXFileReference; lastKnownFileType = wrapper.framework; name = Foundation.framework; path = System/Library/Frameworks/Foundation.framework; sourceTree = SDKROOT; };
		8E2C5B3A1960FF36005DFCDC /* CoreGraphics.framework */ = {isa = PBXFileReference; lastKnownFileType = wrapper.framework; name = CoreGraphics.framework; path = System/Library/Frameworks/CoreGraphics.framework; sourceTree = SDKROOT; };
		8E2C5B3C1960FF36005DFCDC /* UIKit.framework */ = {isa = PBXFileReference; lastKnownFileType = wrapper.framework; name = UIKit.framework; path = System/Library/Frameworks/UIKit.framework; sourceTree = SDKROOT; };
		8E2C5B401960FF36005DFCDC /* Browser-Info.plist */ = {isa = PBXFileReference; lastKnownFileType = text.plist.xml; path = "Browser-Info.plist"; sourceTree = "<group>"; };
		8E2C5B421960FF36005DFCDC /* en */ = {isa = PBXFileReference; lastKnownFileType = text.plist.strings; name = en; path = en.lproj/InfoPlist.strings; sourceTree = "<group>"; };
		8E2C5B441960FF36005DFCDC /* main.m */ = {isa = PBXFileReference; lastKnownFileType = sourcecode.c.objc; path = main.m; sourceTree = "<group>"; };
		8E2C5B461960FF36005DFCDC /* Browser-Prefix.pch */ = {isa = PBXFileReference; lastKnownFileType = sourcecode.c.h; path = "Browser-Prefix.pch"; sourceTree = "<group>"; };
		8E2C5B471960FF36005DFCDC /* GHAppDelegate.h */ = {isa = PBXFileReference; lastKnownFileType = sourcecode.c.h; path = GHAppDelegate.h; sourceTree = "<group>"; };
		8E2C5B481960FF36005DFCDC /* GHAppDelegate.m */ = {isa = PBXFileReference; lastKnownFileType = sourcecode.c.objc; path = GHAppDelegate.m; sourceTree = "<group>"; };
		8E2C5B4B1960FF36005DFCDC /* Base */ = {isa = PBXFileReference; lastKnownFileType = file.storyboard; name = Base; path = Base.lproj/Main_iPhone.storyboard; sourceTree = "<group>"; };
		8E2C5B4E1960FF36005DFCDC /* Base */ = {isa = PBXFileReference; lastKnownFileType = file.storyboard; name = Base; path = Base.lproj/Main_iPad.storyboard; sourceTree = "<group>"; };
		8E2C5B531960FF36005DFCDC /* Images.xcassets */ = {isa = PBXFileReference; lastKnownFileType = folder.assetcatalog; path = Images.xcassets; sourceTree = "<group>"; };
		8E2C5B5A1960FF37005DFCDC /* XCTest.framework */ = {isa = PBXFileReference; lastKnownFileType = wrapper.framework; name = XCTest.framework; path = Library/Frameworks/XCTest.framework; sourceTree = DEVELOPER_DIR; };
		8E2C5B621960FF37005DFCDC /* BrowserTests-Info.plist */ = {isa = PBXFileReference; lastKnownFileType = text.plist.xml; path = "BrowserTests-Info.plist"; sourceTree = "<group>"; };
		8E2C5B641960FF37005DFCDC /* en */ = {isa = PBXFileReference; lastKnownFileType = text.plist.strings; name = en; path = en.lproj/InfoPlist.strings; sourceTree = "<group>"; };
		8E2C5B7219611F96005DFCDC /* GHMainViewController.h */ = {isa = PBXFileReference; fileEncoding = 4; lastKnownFileType = sourcecode.c.h; name = GHMainViewController.h; path = classes/GHMainViewController.h; sourceTree = "<group>"; };
		8E2C5B7319611F96005DFCDC /* GHMainViewController.m */ = {isa = PBXFileReference; fileEncoding = 4; lastKnownFileType = sourcecode.c.objc; name = GHMainViewController.m; path = classes/GHMainViewController.m; sourceTree = "<group>"; };
		8E2C5B7519612501005DFCDC /* GHToolView.h */ = {isa = PBXFileReference; fileEncoding = 4; lastKnownFileType = sourcecode.c.h; name = GHToolView.h; path = classes/GHToolView.h; sourceTree = "<group>"; };
		8E2C5B7619612501005DFCDC /* GHToolView.m */ = {isa = PBXFileReference; fileEncoding = 4; lastKnownFileType = sourcecode.c.objc; name = GHToolView.m; path = classes/GHToolView.m; sourceTree = "<group>"; };
		8E3E25361973A6FC00438C00 /* UZMultipleLayeredContentBackView.h */ = {isa = PBXFileReference; fileEncoding = 4; lastKnownFileType = sourcecode.c.h; path = UZMultipleLayeredContentBackView.h; sourceTree = "<group>"; };
		8E3E25371973A6FC00438C00 /* UZMultipleLayeredContentBackView.m */ = {isa = PBXFileReference; fileEncoding = 4; lastKnownFileType = sourcecode.c.objc; path = UZMultipleLayeredContentBackView.m; sourceTree = "<group>"; };
		8E3E25381973A6FC00438C00 /* UZMultipleLayeredContentViewController.h */ = {isa = PBXFileReference; fileEncoding = 4; lastKnownFileType = sourcecode.c.h; path = UZMultipleLayeredContentViewController.h; sourceTree = "<group>"; };
		8E3E25391973A6FC00438C00 /* UZMultipleLayeredContentViewController.m */ = {isa = PBXFileReference; fileEncoding = 4; lastKnownFileType = sourcecode.c.objc; path = UZMultipleLayeredContentViewController.m; sourceTree = "<group>"; };
		8E3E253A1973A6FC00438C00 /* UZMultipleLayeredPopoverBackView.h */ = {isa = PBXFileReference; fileEncoding = 4; lastKnownFileType = sourcecode.c.h; path = UZMultipleLayeredPopoverBackView.h; sourceTree = "<group>"; };
		8E3E253B1973A6FC00438C00 /* UZMultipleLayeredPopoverBackView.m */ = {isa = PBXFileReference; fileEncoding = 4; lastKnownFileType = sourcecode.c.objc; path = UZMultipleLayeredPopoverBackView.m; sourceTree = "<group>"; };
		8E3E253C1973A6FC00438C00 /* UZMultipleLayeredPopoverBaseView.h */ = {isa = PBXFileReference; fileEncoding = 4; lastKnownFileType = sourcecode.c.h; path = UZMultipleLayeredPopoverBaseView.h; sourceTree = "<group>"; };
		8E3E253D1973A6FC00438C00 /* UZMultipleLayeredPopoverBaseView.m */ = {isa = PBXFileReference; fileEncoding = 4; lastKnownFileType = sourcecode.c.objc; path = UZMultipleLayeredPopoverBaseView.m; sourceTree = "<group>"; };
		8E3E253E1973A6FC00438C00 /* UZMultipleLayeredPopoverController+original.h */ = {isa = PBXFileReference; fileEncoding = 4; lastKnownFileType = sourcecode.c.h; path = "UZMultipleLayeredPopoverController+original.h"; sourceTree = "<group>"; };
		8E3E253F1973A6FC00438C00 /* UZMultipleLayeredPopoverController+original.m */ = {isa = PBXFileReference; fileEncoding = 4; lastKnownFileType = sourcecode.c.objc; path = "UZMultipleLayeredPopoverController+original.m"; sourceTree = "<group>"; };
		8E3E25401973A6FC00438C00 /* UZMultipleLayeredPopoverController.h */ = {isa = PBXFileReference; fileEncoding = 4; lastKnownFileType = sourcecode.c.h; path = UZMultipleLayeredPopoverController.h; sourceTree = "<group>"; };
		8E3E25411973A6FC00438C00 /* UZMultipleLayeredPopoverController.m */ = {isa = PBXFileReference; fileEncoding = 4; lastKnownFileType = sourcecode.c.objc; path = UZMultipleLayeredPopoverController.m; sourceTree = "<group>"; };
		8E3E254C1973ABAE00438C00 /* Base */ = {isa = PBXFileReference; lastKnownFileType = file.storyboard; name = Base; path = Base.lproj/Popup.storyboard; sourceTree = "<group>"; };
		8E426CA5198B86DB00BA9C66 /* Base */ = {isa = PBXFileReference; lastKnownFileType = file.storyboard; name = Base; path = Base.lproj/Bookmark.storyboard; sourceTree = "<group>"; };
		8E445B3019AEB51B00206904 /* print@2x.png */ = {isa = PBXFileReference; lastKnownFileType = image.png; path = "print@2x.png"; sourceTree = "<group>"; };
		8E9A145919624F670004DDB3 /* GHHeaderView.h */ = {isa = PBXFileReference; fileEncoding = 4; lastKnownFileType = sourcecode.c.h; name = GHHeaderView.h; path = classes/GHHeaderView.h; sourceTree = "<group>"; };
		8E9A145A19624F670004DDB3 /* GHHeaderView.m */ = {isa = PBXFileReference; fileEncoding = 4; lastKnownFileType = sourcecode.c.objc; name = GHHeaderView.m; path = classes/GHHeaderView.m; sourceTree = "<group>"; };
		8E9A145C19624F7B0004DDB3 /* GHHeaderView.xib */ = {isa = PBXFileReference; fileEncoding = 4; lastKnownFileType = file.xib; name = GHHeaderView.xib; path = classes/GHHeaderView.xib; sourceTree = "<group>"; };
		8E9A145E196257680004DDB3 /* CoreData.framework */ = {isa = PBXFileReference; lastKnownFileType = wrapper.framework; name = CoreData.framework; path = System/Library/Frameworks/CoreData.framework; sourceTree = SDKROOT; };
		8E9A1461196257970004DDB3 /* db.xcdatamodel */ = {isa = PBXFileReference; lastKnownFileType = wrapper.xcdatamodel; path = db.xcdatamodel; sourceTree = "<group>"; };
		8E9A1463196277330004DDB3 /* GHURLManager.h */ = {isa = PBXFileReference; fileEncoding = 4; lastKnownFileType = sourcecode.c.h; name = GHURLManager.h; path = classes/GHURLManager.h; sourceTree = "<group>"; };
		8E9A1464196277330004DDB3 /* GHURLManager.m */ = {isa = PBXFileReference; fileEncoding = 4; lastKnownFileType = sourcecode.c.objc; name = GHURLManager.m; path = classes/GHURLManager.m; sourceTree = "<group>"; };
		8E9A146619627ABB0004DDB3 /* GHURLManagerTest.m */ = {isa = PBXFileReference; fileEncoding = 4; lastKnownFileType = sourcecode.c.objc; path = GHURLManagerTest.m; sourceTree = "<group>"; };
		8E9A1468196280C30004DDB3 /* GHDataManager.h */ = {isa = PBXFileReference; fileEncoding = 4; lastKnownFileType = sourcecode.c.h; name = GHDataManager.h; path = classes/GHDataManager.h; sourceTree = "<group>"; };
		8E9A1469196280C30004DDB3 /* GHDataManager.m */ = {isa = PBXFileReference; fileEncoding = 4; lastKnownFileType = sourcecode.c.objc; name = GHDataManager.m; path = classes/GHDataManager.m; sourceTree = "<group>"; };
		8E9A1478196281380004DDB3 /* GHData.h */ = {isa = PBXFileReference; fileEncoding = 4; lastKnownFileType = sourcecode.c.h; name = GHData.h; path = classes/DB/GHData.h; sourceTree = "<group>"; };
		8E9A14AC196288DB0004DDB3 /* GHUtils.h */ = {isa = PBXFileReference; fileEncoding = 4; lastKnownFileType = sourcecode.c.h; name = GHUtils.h; path = classes/GHUtils.h; sourceTree = "<group>"; };
		8E9A14AD196288DB0004DDB3 /* GHUtils.m */ = {isa = PBXFileReference; fileEncoding = 4; lastKnownFileType = sourcecode.c.objc; name = GHUtils.m; path = classes/GHUtils.m; sourceTree = "<group>"; };
		8E9A14AF196288EC0004DDB3 /* GHConfig.h */ = {isa = PBXFileReference; lastKnownFileType = sourcecode.c.h; name = GHConfig.h; path = classes/GHConfig.h; sourceTree = "<group>"; };
		8E9A14B219628AE10004DDB3 /* GHPageModel.h */ = {isa = PBXFileReference; fileEncoding = 4; lastKnownFileType = sourcecode.c.h; name = GHPageModel.h; path = classes/DB/GHPageModel.h; sourceTree = "<group>"; };
		8E9A14B319628AE10004DDB3 /* GHPageModel.m */ = {isa = PBXFileReference; fileEncoding = 4; lastKnownFileType = sourcecode.c.objc; name = GHPageModel.m; path = classes/DB/GHPageModel.m; sourceTree = "<group>"; };
		8E9A14B8196291EC0004DDB3 /* GTMDefines.h */ = {isa = PBXFileReference; fileEncoding = 4; lastKnownFileType = sourcecode.c.h; path = GTMDefines.h; sourceTree = "<group>"; };
		8E9A14B9196291EC0004DDB3 /* GTMNSString+HTML.h */ = {isa = PBXFileReference; fileEncoding = 4; lastKnownFileType = sourcecode.c.h; path = "GTMNSString+HTML.h"; sourceTree = "<group>"; };
		8E9A14BA196291EC0004DDB3 /* GTMNSString+HTML.m */ = {isa = PBXFileReference; fileEncoding = 4; lastKnownFileType = sourcecode.c.objc; path = "GTMNSString+HTML.m"; sourceTree = "<group>"; };
		8E9A14BB196291EC0004DDB3 /* GTMNSString-HTML.podspec */ = {isa = PBXFileReference; fileEncoding = 4; lastKnownFileType = text; path = "GTMNSString-HTML.podspec"; sourceTree = "<group>"; };
		8E9A14BC196291EC0004DDB3 /* LICENSE */ = {isa = PBXFileReference; fileEncoding = 4; lastKnownFileType = text; path = LICENSE; sourceTree = "<group>"; };
		8E9A14BD196291EC0004DDB3 /* NSString+HTML.h */ = {isa = PBXFileReference; fileEncoding = 4; lastKnownFileType = sourcecode.c.h; path = "NSString+HTML.h"; sourceTree = "<group>"; };
		8E9A14BE196291EC0004DDB3 /* NSString+HTML.m */ = {isa = PBXFileReference; fileEncoding = 4; lastKnownFileType = sourcecode.c.objc; path = "NSString+HTML.m"; sourceTree = "<group>"; };
		8E9A14BF196291EC0004DDB3 /* README.md */ = {isa = PBXFileReference; fileEncoding = 4; lastKnownFileType = text; path = README.md; sourceTree = "<group>"; };
		8E9A14C91962A8290004DDB3 /* GHPageViewCell.h */ = {isa = PBXFileReference; fileEncoding = 4; lastKnownFileType = sourcecode.c.h; name = GHPageViewCell.h; path = classes/GHPageViewCell.h; sourceTree = "<group>"; };
		8E9A14CA1962A8290004DDB3 /* GHPageViewCell.m */ = {isa = PBXFileReference; fileEncoding = 4; lastKnownFileType = sourcecode.c.objc; name = GHPageViewCell.m; path = classes/GHPageViewCell.m; sourceTree = "<group>"; };
		8EA4FEF21966404F00034D5E /* GHFoldersListController.h */ = {isa = PBXFileReference; fileEncoding = 4; lastKnownFileType = sourcecode.c.h; name = GHFoldersListController.h; path = classes/GHFoldersListController.h; sourceTree = "<group>"; };
		8EA4FEF31966404F00034D5E /* GHFoldersListController.m */ = {isa = PBXFileReference; fileEncoding = 4; lastKnownFileType = sourcecode.c.objc; name = GHFoldersListController.m; path = classes/GHFoldersListController.m; sourceTree = "<group>"; };
		8EA4FEF619664B7700034D5E /* NJKWebViewProgress.h */ = {isa = PBXFileReference; fileEncoding = 4; lastKnownFileType = sourcecode.c.h; path = NJKWebViewProgress.h; sourceTree = "<group>"; };
		8EA4FEF719664B7700034D5E /* NJKWebViewProgress.m */ = {isa = PBXFileReference; fileEncoding = 4; lastKnownFileType = sourcecode.c.objc; path = NJKWebViewProgress.m; sourceTree = "<group>"; };
		8EA4FEF819664B7700034D5E /* NJKWebViewProgressView.h */ = {isa = PBXFileReference; fileEncoding = 4; lastKnownFileType = sourcecode.c.h; path = NJKWebViewProgressView.h; sourceTree = "<group>"; };
		8EA4FEF919664B7700034D5E /* NJKWebViewProgressView.m */ = {isa = PBXFileReference; fileEncoding = 4; lastKnownFileType = sourcecode.c.objc; path = NJKWebViewProgressView.m; sourceTree = "<group>"; };
		8EA4FEFF1966629C00034D5E /* RATreeNode.h */ = {isa = PBXFileReference; fileEncoding = 4; lastKnownFileType = sourcecode.c.h; path = RATreeNode.h; sourceTree = "<group>"; };
		8EA4FF001966629C00034D5E /* RATreeNode.m */ = {isa = PBXFileReference; fileEncoding = 4; lastKnownFileType = sourcecode.c.objc; path = RATreeNode.m; sourceTree = "<group>"; };
		8EA4FF011966629C00034D5E /* RATreeNodeCollectionController.h */ = {isa = PBXFileReference; fileEncoding = 4; lastKnownFileType = sourcecode.c.h; path = RATreeNodeCollectionController.h; sourceTree = "<group>"; };
		8EA4FF021966629C00034D5E /* RATreeNodeCollectionController.m */ = {isa = PBXFileReference; fileEncoding = 4; lastKnownFileType = sourcecode.c.objc; path = RATreeNodeCollectionController.m; sourceTree = "<group>"; };
		8EA4FF031966629C00034D5E /* RATreeNodeInfo+Private.h */ = {isa = PBXFileReference; fileEncoding = 4; lastKnownFileType = sourcecode.c.h; path = "RATreeNodeInfo+Private.h"; sourceTree = "<group>"; };
		8EA4FF041966629C00034D5E /* RATreeNodeInfo+Private.m */ = {isa = PBXFileReference; fileEncoding = 4; lastKnownFileType = sourcecode.c.objc; path = "RATreeNodeInfo+Private.m"; sourceTree = "<group>"; };
		8EA4FF051966629C00034D5E /* RATreeNodeInfo.h */ = {isa = PBXFileReference; fileEncoding = 4; lastKnownFileType = sourcecode.c.h; path = RATreeNodeInfo.h; sourceTree = "<group>"; };
		8EA4FF061966629C00034D5E /* RATreeNodeInfo.m */ = {isa = PBXFileReference; fileEncoding = 4; lastKnownFileType = sourcecode.c.objc; path = RATreeNodeInfo.m; sourceTree = "<group>"; };
		8EA4FF071966629C00034D5E /* RATreeView+Enums.h */ = {isa = PBXFileReference; fileEncoding = 4; lastKnownFileType = sourcecode.c.h; path = "RATreeView+Enums.h"; sourceTree = "<group>"; };
		8EA4FF081966629C00034D5E /* RATreeView+Enums.m */ = {isa = PBXFileReference; fileEncoding = 4; lastKnownFileType = sourcecode.c.objc; path = "RATreeView+Enums.m"; sourceTree = "<group>"; };
		8EA4FF091966629C00034D5E /* RATreeView+Private.h */ = {isa = PBXFileReference; fileEncoding = 4; lastKnownFileType = sourcecode.c.h; path = "RATreeView+Private.h"; sourceTree = "<group>"; };
		8EA4FF0A1966629C00034D5E /* RATreeView+Private.m */ = {isa = PBXFileReference; fileEncoding = 4; lastKnownFileType = sourcecode.c.objc; path = "RATreeView+Private.m"; sourceTree = "<group>"; };
		8EA4FF0B1966629C00034D5E /* RATreeView+TableViewDataSource.h */ = {isa = PBXFileReference; fileEncoding = 4; lastKnownFileType = sourcecode.c.h; path = "RATreeView+TableViewDataSource.h"; sourceTree = "<group>"; };
		8EA4FF0C1966629C00034D5E /* RATreeView+TableViewDataSource.m */ = {isa = PBXFileReference; fileEncoding = 4; lastKnownFileType = sourcecode.c.objc; path = "RATreeView+TableViewDataSource.m"; sourceTree = "<group>"; };
		8EA4FF0D1966629C00034D5E /* RATreeView+TableViewDelegate.h */ = {isa = PBXFileReference; fileEncoding = 4; lastKnownFileType = sourcecode.c.h; path = "RATreeView+TableViewDelegate.h"; sourceTree = "<group>"; };
		8EA4FF0E1966629C00034D5E /* RATreeView+TableViewDelegate.m */ = {isa = PBXFileReference; fileEncoding = 4; lastKnownFileType = sourcecode.c.objc; path = "RATreeView+TableViewDelegate.m"; sourceTree = "<group>"; };
		8EA4FF0F1966629C00034D5E /* RATreeView+UIScrollView.h */ = {isa = PBXFileReference; fileEncoding = 4; lastKnownFileType = sourcecode.c.h; path = "RATreeView+UIScrollView.h"; sourceTree = "<group>"; };
		8EA4FF101966629C00034D5E /* RATreeView+UIScrollView.m */ = {isa = PBXFileReference; fileEncoding = 4; lastKnownFileType = sourcecode.c.objc; path = "RATreeView+UIScrollView.m"; sourceTree = "<group>"; };
		8EA4FF111966629C00034D5E /* RATreeView.h */ = {isa = PBXFileReference; fileEncoding = 4; lastKnownFileType = sourcecode.c.h; path = RATreeView.h; sourceTree = "<group>"; };
		8EA4FF121966629C00034D5E /* RATreeView.m */ = {isa = PBXFileReference; fileEncoding = 4; lastKnownFileType = sourcecode.c.objc; path = RATreeView.m; sourceTree = "<group>"; };
		8EA4FF1D19666EC900034D5E /* GHFolderCreateController.h */ = {isa = PBXFileReference; fileEncoding = 4; lastKnownFileType = sourcecode.c.h; name = GHFolderCreateController.h; path = classes/GHFolderCreateController.h; sourceTree = "<group>"; };
		8EA4FF1E19666EC900034D5E /* GHFolderCreateController.m */ = {isa = PBXFileReference; fileEncoding = 4; lastKnownFileType = sourcecode.c.objc; name = GHFolderCreateController.m; path = classes/GHFolderCreateController.m; sourceTree = "<group>"; };
		8EA4FF2119667B9C00034D5E /* GHFolderTitleCell.h */ = {isa = PBXFileReference; fileEncoding = 4; lastKnownFileType = sourcecode.c.h; name = GHFolderTitleCell.h; path = classes/GHFolderTitleCell.h; sourceTree = "<group>"; };
		8EA4FF2219667B9C00034D5E /* GHFolderTitleCell.m */ = {isa = PBXFileReference; fileEncoding = 4; lastKnownFileType = sourcecode.c.objc; name = GHFolderTitleCell.m; path = classes/GHFolderTitleCell.m; sourceTree = "<group>"; };
		8EA4FF2319667B9C00034D5E /* GHFolderTitleCell.xib */ = {isa = PBXFileReference; fileEncoding = 4; lastKnownFileType = file.xib; name = GHFolderTitleCell.xib; path = classes/GHFolderTitleCell.xib; sourceTree = "<group>"; };
		8EB681D619A7037A00F525A1 /* APLPrintPageRenderer.h */ = {isa = PBXFileReference; fileEncoding = 4; lastKnownFileType = sourcecode.c.h; path = APLPrintPageRenderer.h; sourceTree = "<group>"; };
		8EB681D719A7037A00F525A1 /* APLPrintPageRenderer.m */ = {isa = PBXFileReference; fileEncoding = 4; lastKnownFileType = sourcecode.c.objc; path = APLPrintPageRenderer.m; sourceTree = "<group>"; };
		8EB681DC19A7059400F525A1 /* GHPrintActivity.h */ = {isa = PBXFileReference; fileEncoding = 4; lastKnownFileType = sourcecode.c.h; name = GHPrintActivity.h; path = classes/GHPrintActivity.h; sourceTree = "<group>"; };
		8EB681DD19A7059400F525A1 /* GHPrintActivity.m */ = {isa = PBXFileReference; fileEncoding = 4; lastKnownFileType = sourcecode.c.objc; name = GHPrintActivity.m; path = classes/GHPrintActivity.m; sourceTree = "<group>"; };
		8EC29A5119B4119B0012ADCE /* GHConnectionManager.h */ = {isa = PBXFileReference; fileEncoding = 4; lastKnownFileType = sourcecode.c.h; name = GHConnectionManager.h; path = classes/GHConnectionManager.h; sourceTree = "<group>"; };
		8EC29A5219B4119B0012ADCE /* GHConnectionManager.m */ = {isa = PBXFileReference; fileEncoding = 4; lastKnownFileType = sourcecode.c.objc; name = GHConnectionManager.m; path = classes/GHConnectionManager.m; sourceTree = "<group>"; };
		8EC7B4531999BA6F0052A1B6 /* SVProgressHUD.bundle */ = {isa = PBXFileReference; lastKnownFileType = "wrapper.plug-in"; path = SVProgressHUD.bundle; sourceTree = "<group>"; };
		8EC7B4541999BA6F0052A1B6 /* SVProgressHUD.h */ = {isa = PBXFileReference; fileEncoding = 4; lastKnownFileType = sourcecode.c.h; path = SVProgressHUD.h; sourceTree = "<group>"; };
		8EC7B4551999BA6F0052A1B6 /* SVProgressHUD.m */ = {isa = PBXFileReference; fileEncoding = 4; lastKnownFileType = sourcecode.c.objc; path = SVProgressHUD.m; sourceTree = "<group>"; };
		8EC7B45A1999C4A10052A1B6 /* db 2.xcdatamodel */ = {isa = PBXFileReference; lastKnownFileType = wrapper.xcdatamodel; path = "db 2.xcdatamodel"; sourceTree = "<group>"; };
		8ECD1E1D196A64610047E153 /* GHDirectory.h */ = {isa = PBXFileReference; fileEncoding = 4; lastKnownFileType = sourcecode.c.h; name = GHDirectory.h; path = classes/GHDirectory.h; sourceTree = "<group>"; };
		8ECD1E1E196A64610047E153 /* GHDirectory.m */ = {isa = PBXFileReference; fileEncoding = 4; lastKnownFileType = sourcecode.c.objc; name = GHDirectory.m; path = classes/GHDirectory.m; sourceTree = "<group>"; };
		8ECD1E20196A7EF80047E153 /* GHFolderCell.h */ = {isa = PBXFileReference; fileEncoding = 4; lastKnownFileType = sourcecode.c.h; name = GHFolderCell.h; path = classes/GHFolderCell.h; sourceTree = "<group>"; };
		8ECD1E21196A7EF80047E153 /* GHFolderCell.m */ = {isa = PBXFileReference; fileEncoding = 4; lastKnownFileType = sourcecode.c.objc; name = GHFolderCell.m; path = classes/GHFolderCell.m; sourceTree = "<group>"; };
		8ED0CCC7199067A8001E51FA /* Page.h */ = {isa = PBXFileReference; fileEncoding = 4; lastKnownFileType = sourcecode.c.h; name = Page.h; path = classes/DB/Page.h; sourceTree = "<group>"; };
		8ED0CCC8199067A8001E51FA /* Page.m */ = {isa = PBXFileReference; fileEncoding = 4; lastKnownFileType = sourcecode.c.objc; name = Page.m; path = classes/DB/Page.m; sourceTree = "<group>"; };
		8EE935BF197E3525000F9DA2 /* setting@2x.png */ = {isa = PBXFileReference; lastKnownFileType = image.png; path = "setting@2x.png"; sourceTree = "<group>"; };
		8EE935C1197E36FF000F9DA2 /* GHSettingController.h */ = {isa = PBXFileReference; fileEncoding = 4; lastKnownFileType = sourcecode.c.h; name = GHSettingController.h; path = classes/GHSettingController.h; sourceTree = "<group>"; };
		8EE935C2197E36FF000F9DA2 /* GHSettingController.m */ = {isa = PBXFileReference; fileEncoding = 4; lastKnownFileType = sourcecode.c.objc; name = GHSettingController.m; path = classes/GHSettingController.m; sourceTree = "<group>"; };
		8EEC171A1985E43C004EB5DC /* cancel@2x.png */ = {isa = PBXFileReference; lastKnownFileType = image.png; path = "cancel@2x.png"; sourceTree = "<group>"; };
		8EEC171B1985E43C004EB5DC /* reload@2x.png */ = {isa = PBXFileReference; lastKnownFileType = image.png; path = "reload@2x.png"; sourceTree = "<group>"; };
		9044F33E1A1A21DA0072F241 /* HueSDK_iOS.framework */ = {isa = PBXFileReference; lastKnownFileType = wrapper.framework; name = HueSDK_iOS.framework; path = ../../dConnectDevicePlugin/dConnectDeviceHue/HueSDK_iOS.framework; sourceTree = "<group>"; };
		9700DDE61998E0DD00209D1A /* dConnectDeviceHost.framework */ = {isa = PBXFileReference; lastKnownFileType = wrapper.framework; name = dConnectDeviceHost.framework; path = ../../dConnectDevicePlugin/dConnectDeviceHost/bin/dConnectDeviceHost.framework; sourceTree = "<group>"; };
		AB08A05D19908B410024C996 /* DCMDevicePluginSDK.framework */ = {isa = PBXFileReference; lastKnownFileType = wrapper.framework; name = DCMDevicePluginSDK.framework; path = ../../dConnectDevicePlugin/DCMDevicePluginSDK/bin/DCMDevicePluginSDK.framework; sourceTree = "<group>"; };
		ABBD5EFD19861CFA00B81007 /* CoreFoundation.framework */ = {isa = PBXFileReference; lastKnownFileType = wrapper.framework; name = CoreFoundation.framework; path = System/Library/Frameworks/CoreFoundation.framework; sourceTree = SDKROOT; };
		ABBD5EFE19861CFA00B81007 /* CoreMotion.framework */ = {isa = PBXFileReference; lastKnownFileType = wrapper.framework; name = CoreMotion.framework; path = System/Library/Frameworks/CoreMotion.framework; sourceTree = SDKROOT; };
		ABBD5EFF19861CFA00B81007 /* ExternalAccessory.framework */ = {isa = PBXFileReference; lastKnownFileType = wrapper.framework; name = ExternalAccessory.framework; path = System/Library/Frameworks/ExternalAccessory.framework; sourceTree = SDKROOT; };
		D699E71719C02B2A002F334C /* ja */ = {isa = PBXFileReference; lastKnownFileType = text.plist.strings; name = ja; path = ja.lproj/Main_iPhone.strings; sourceTree = "<group>"; };
		D699E71819C02B2A002F334C /* ja */ = {isa = PBXFileReference; lastKnownFileType = text.plist.strings; name = ja; path = ja.lproj/Main_iPad.strings; sourceTree = "<group>"; };
		D699E71919C02B2A002F334C /* ja */ = {isa = PBXFileReference; lastKnownFileType = text.plist.strings; name = ja; path = ja.lproj/Popup.strings; sourceTree = "<group>"; };
		D699E71A19C02B2B002F334C /* ja */ = {isa = PBXFileReference; lastKnownFileType = text.plist.strings; name = ja; path = ja.lproj/Bookmark.strings; sourceTree = "<group>"; };
		D699E71B19C02B2B002F334C /* ja */ = {isa = PBXFileReference; lastKnownFileType = text.plist.strings; name = ja; path = ja.lproj/InfoPlist.strings; sourceTree = "<group>"; };
		D699E71C19C02B2B002F334C /* ja */ = {isa = PBXFileReference; lastKnownFileType = text.plist.strings; name = ja; path = ja.lproj/InfoPlist.strings; sourceTree = "<group>"; };
/* End PBXFileReference section */

/* Begin PBXFrameworksBuildPhase section */
		8E2C5B321960FF36005DFCDC /* Frameworks */ = {
			isa = PBXFrameworksBuildPhase;
			buildActionMask = 2147483647;
			files = (
				254111A819C2CDAD00F74C31 /* MediaAccessibility.framework in Frameworks */,
				9700DDE71998E0DD00209D1A /* dConnectDeviceHost.framework in Frameworks */,
				254111A619C2CD7D00F74C31 /* GoogleCast.framework in Frameworks */,
				2518284419B9537E0042C95A /* dConnectDeviceIRKit.framework in Frameworks */,
				ABBD5F0019861CFA00B81007 /* CoreFoundation.framework in Frameworks */,
				ABBD5F0119861CFA00B81007 /* CoreMotion.framework in Frameworks */,
				ABBD5F0219861CFA00B81007 /* ExternalAccessory.framework in Frameworks */,
				25D555431977E13D002AA492 /* dConnectDeviceHue.framework in Frameworks */,
				AB08A05E19908B410024C996 /* DCMDevicePluginSDK.framework in Frameworks */,
				2562A2B519C3E2480032EF17 /* dConnectDevicePebble.framework in Frameworks */,
				25D5554B1977E13D002AA492 /* dConnectDeviceSonyCamera.framework in Frameworks */,
				25D5554D1977E13D002AA492 /* dConnectDeviceSphero.framework in Frameworks */,
				2562A2B819C3E2AC0032EF17 /* PebbleKit.framework in Frameworks */,
				25D555501977E13D002AA492 /* RobotUIKit.framework in Frameworks */,
				254111A119C2C2BA00F74C31 /* dConnectChromecast.framework in Frameworks */,
				25D5554F1977E13D002AA492 /* RobotKit.framework in Frameworks */,
				25262487196E5BB000AE4F1F /* DConnectSDK.framework in Frameworks */,
				8E9A145F196257680004DDB3 /* CoreData.framework in Frameworks */,
				8E2C5B3B1960FF36005DFCDC /* CoreGraphics.framework in Frameworks */,
				2562A2B919C3E2AC0032EF17 /* PebbleVendor.framework in Frameworks */,
				9044F33F1A1A21DA0072F241 /* HueSDK_iOS.framework in Frameworks */,
				8E2C5B3D1960FF36005DFCDC /* UIKit.framework in Frameworks */,
				8E2C5B391960FF36005DFCDC /* Foundation.framework in Frameworks */,
			);
			runOnlyForDeploymentPostprocessing = 0;
		};
/* End PBXFrameworksBuildPhase section */

/* Begin PBXGroup section */
		259D0B7A1978B460005978DF /* DevicePlugins */ = {
			isa = PBXGroup;
			children = (
			);
			name = DevicePlugins;
			sourceTree = "<group>";
		};
		8E24CFE81964E7E7008D9C10 /* bookmark */ = {
			isa = PBXGroup;
			children = (
				8E9A14C91962A8290004DDB3 /* GHPageViewCell.h */,
				8E9A14CA1962A8290004DDB3 /* GHPageViewCell.m */,
				8E24D0171964F8BD008D9C10 /* GHPageViewCell.xib */,
				8E24D0191964F94E008D9C10 /* GHBookmarkCell.h */,
				8E24D01A1964F94E008D9C10 /* GHBookmarkCell.m */,
				8E24D02C19653525008D9C10 /* GHBookmarkTitleCell.h */,
				8E24D02D19653525008D9C10 /* GHBookmarkTitleCell.m */,
				8E24D02E19653525008D9C10 /* GHBookmarkTitleCell.xib */,
			);
			name = bookmark;
			sourceTree = "<group>";
		};
		8E24CFE91964E7FE008D9C10 /* webview */ = {
			isa = PBXGroup;
			children = (
				8E2C5B7519612501005DFCDC /* GHToolView.h */,
				8E2C5B7619612501005DFCDC /* GHToolView.m */,
				8E9A145919624F670004DDB3 /* GHHeaderView.h */,
				8E9A145A19624F670004DDB3 /* GHHeaderView.m */,
				8E9A145C19624F7B0004DDB3 /* GHHeaderView.xib */,
				8E24D02419652333008D9C10 /* GHAddBookmarkActivity.h */,
				8E24D02519652333008D9C10 /* GHAddBookmarkActivity.m */,
				8E182FC8197507D700F9B131 /* GHURLLabel.h */,
				8E182FC9197507D700F9B131 /* GHURLLabel.m */,
				8EB681DC19A7059400F525A1 /* GHPrintActivity.h */,
				8EB681DD19A7059400F525A1 /* GHPrintActivity.m */,
			);
			name = webview;
			sourceTree = "<group>";
		};
		8E24CFEA1964E810008D9C10 /* manager */ = {
			isa = PBXGroup;
			children = (
				8E9A1463196277330004DDB3 /* GHURLManager.h */,
				8E9A1464196277330004DDB3 /* GHURLManager.m */,
				8EC29A5119B4119B0012ADCE /* GHConnectionManager.h */,
				8EC29A5219B4119B0012ADCE /* GHConnectionManager.m */,
			);
			name = manager;
			sourceTree = "<group>";
		};
		8E24CFEB1964E823008D9C10 /* views */ = {
			isa = PBXGroup;
			children = (
				8EA4FF2019667B4100034D5E /* folder */,
				8E24CFE81964E7E7008D9C10 /* bookmark */,
				8E24CFE91964E7FE008D9C10 /* webview */,
			);
			name = views;
			sourceTree = "<group>";
		};
		8E24CFEC1964E828008D9C10 /* models */ = {
			isa = PBXGroup;
			children = (
				8E9A14B219628AE10004DDB3 /* GHPageModel.h */,
				8E9A14B319628AE10004DDB3 /* GHPageModel.m */,
				8ECD1E1D196A64610047E153 /* GHDirectory.h */,
				8ECD1E1E196A64610047E153 /* GHDirectory.m */,
			);
			name = models;
			sourceTree = "<group>";
		};
		8E24CFED1964E82E008D9C10 /* controller */ = {
			isa = PBXGroup;
			children = (
				8EA4FEFD19664CF700034D5E /* folder */,
				8EA4FEFC19664CE700034D5E /* history */,
				8E24CFF01964E861008D9C10 /* bookmark */,
				8E2C5B7219611F96005DFCDC /* GHMainViewController.h */,
				8E2C5B7319611F96005DFCDC /* GHMainViewController.m */,
				8EE935C1197E36FF000F9DA2 /* GHSettingController.h */,
				8EE935C2197E36FF000F9DA2 /* GHSettingController.m */,
			);
			name = controller;
			sourceTree = "<group>";
		};
		8E24CFEE1964E83A008D9C10 /* utils */ = {
			isa = PBXGroup;
			children = (
				8E9A14AC196288DB0004DDB3 /* GHUtils.h */,
				8E9A14AD196288DB0004DDB3 /* GHUtils.m */,
			);
			name = utils;
			sourceTree = "<group>";
		};
		8E24CFF01964E861008D9C10 /* bookmark */ = {
			isa = PBXGroup;
			children = (
				8E24D0021964EE6C008D9C10 /* GHBookmarkTopController.h */,
				8E24D0031964EE6C008D9C10 /* GHBookmarkTopController.m */,
				8E24D00D1964F3CE008D9C10 /* GHBookmarkViewController.h */,
				8E24D00E1964F3CE008D9C10 /* GHBookmarkViewController.m */,
				8E24D02919652907008D9C10 /* GHAddBookmarkController.h */,
				8E24D02A19652907008D9C10 /* GHAddBookmarkController.m */,
			);
			name = bookmark;
			sourceTree = "<group>";
		};
		8E24CFF21964EC1B008D9C10 /* resources */ = {
			isa = PBXGroup;
			children = (
				8E24CFF31964EC25008D9C10 /* images */,
			);
			name = resources;
			sourceTree = "<group>";
		};
		8E24CFF31964EC25008D9C10 /* images */ = {
			isa = PBXGroup;
			children = (
				8E445B3019AEB51B00206904 /* print@2x.png */,
				254111A319C2CC0F00F74C31 /* icon_512px.png */,
				8EEC171A1985E43C004EB5DC /* cancel@2x.png */,
				8EEC171B1985E43C004EB5DC /* reload@2x.png */,
				8EE935BF197E3525000F9DA2 /* setting@2x.png */,
				8E24D02719652516008D9C10 /* addBookmark@2x.png */,
				8E24D0001964EDB5008D9C10 /* upload@2x.png */,
				8E24CFF41964EC25008D9C10 /* arrow-back@2x.png */,
				8E24CFF51964EC25008D9C10 /* arrow-next@2x.png */,
				8E24CFF61964EC25008D9C10 /* bookmark@2x.png */,
				8E24CFF71964EC25008D9C10 /* folder@2x.png */,
				8E24CFF81964EC25008D9C10 /* history@2x.png */,
				8E24CFF91964EC25008D9C10 /* star@2x.png */,
			);
			path = images;
			sourceTree = "<group>";
		};
		8E2C5B2C1960FF36005DFCDC = {
			isa = PBXGroup;
			children = (
				259D0B7A1978B460005978DF /* DevicePlugins */,
				8E2C5B3E1960FF36005DFCDC /* Browser */,
				8E2C5B601960FF37005DFCDC /* BrowserTests */,
				8E2C5B371960FF36005DFCDC /* Frameworks */,
				8E2C5B361960FF36005DFCDC /* Products */,
			);
			sourceTree = "<group>";
		};
		8E2C5B361960FF36005DFCDC /* Products */ = {
			isa = PBXGroup;
			children = (
				8E2C5B351960FF36005DFCDC /* dConnectBrowser.app */,
			);
			name = Products;
			sourceTree = "<group>";
		};
		8E2C5B371960FF36005DFCDC /* Frameworks */ = {
			isa = PBXGroup;
			children = (
				9044F33E1A1A21DA0072F241 /* HueSDK_iOS.framework */,
				AB08A05D19908B410024C996 /* DCMDevicePluginSDK.framework */,
				259F7CE719C343CE00F66D93 /* dConnectDeviceHost_resources.bundle */,
				9700DDE61998E0DD00209D1A /* dConnectDeviceHost.framework */,
				2562A2B219C3E2470032EF17 /* dConnectDevicePebble_resources.bundle */,
				2562A2B319C3E2470032EF17 /* dConnectDevicePebble.framework */,
				2562A2BA19C3E6600032EF17 /* dConnectDeviceIRKit_resources.bundle */,
				2518284219B9537E0042C95A /* dConnectDeviceIRKit.framework */,
				259F7CE119C33D7700F66D93 /* dConnectDeviceSphero_resources.bundle */,
				25D5553F1977E13C002AA492 /* dConnectDeviceSphero.framework */,
				2562A2A419C3DA410032EF17 /* dConnectDeviceSonyCamera_resources.bundle */,
				25D5553D1977E13C002AA492 /* dConnectDeviceSonyCamera.framework */,
				2562A2C619C3F2F80032EF17 /* dConnectDeviceHue_resources.bundle */,
				25D555351977E13C002AA492 /* dConnectDeviceHue.framework */,
				259F7CE519C3409100F66D93 /* dConnectChromecast_resources.bundle */,
				2541119F19C2C2BA00F74C31 /* dConnectChromecast.framework */,
				259F7CE319C33DA800F66D93 /* DConnectSDK_resources.bundle */,
				25262486196E5BB000AE4F1F /* DConnectSDK.framework */,
				2562A2B619C3E2AC0032EF17 /* PebbleKit.framework */,
				2562A2B719C3E2AC0032EF17 /* PebbleVendor.framework */,
				254111A519C2CD7D00F74C31 /* GoogleCast.framework */,
				25D555411977E13C002AA492 /* RobotKit.framework */,
				25D555421977E13C002AA492 /* RobotUIKit.framework */,
				ABBD5EFD19861CFA00B81007 /* CoreFoundation.framework */,
				ABBD5EFE19861CFA00B81007 /* CoreMotion.framework */,
				ABBD5EFF19861CFA00B81007 /* ExternalAccessory.framework */,
				254111A719C2CDAD00F74C31 /* MediaAccessibility.framework */,
				8E9A145E196257680004DDB3 /* CoreData.framework */,
				8E2C5B381960FF36005DFCDC /* Foundation.framework */,
				8E2C5B3A1960FF36005DFCDC /* CoreGraphics.framework */,
				8E2C5B3C1960FF36005DFCDC /* UIKit.framework */,
				8E2C5B5A1960FF37005DFCDC /* XCTest.framework */,
			);
			name = Frameworks;
			sourceTree = "<group>";
		};
		8E2C5B3E1960FF36005DFCDC /* Browser */ = {
			isa = PBXGroup;
			children = (
				8E24CFF21964EC1B008D9C10 /* resources */,
				8E9A14B5196291EC0004DDB3 /* libs */,
				8E2C5B7119611F75005DFCDC /* classes */,
				8E2C5B471960FF36005DFCDC /* GHAppDelegate.h */,
				8E2C5B481960FF36005DFCDC /* GHAppDelegate.m */,
				8E2C5B4A1960FF36005DFCDC /* Main_iPhone.storyboard */,
				8E2C5B4D1960FF36005DFCDC /* Main_iPad.storyboard */,
				8E3E254B1973ABAE00438C00 /* Popup.storyboard */,
				8E426CA4198B86DB00BA9C66 /* Bookmark.storyboard */,
				8E2C5B531960FF36005DFCDC /* Images.xcassets */,
				8E2C5B3F1960FF36005DFCDC /* Supporting Files */,
			);
			path = Browser;
			sourceTree = "<group>";
		};
		8E2C5B3F1960FF36005DFCDC /* Supporting Files */ = {
			isa = PBXGroup;
			children = (
				8E2C5B401960FF36005DFCDC /* Browser-Info.plist */,
				8E2C5B411960FF36005DFCDC /* InfoPlist.strings */,
				8E2C5B441960FF36005DFCDC /* main.m */,
				8E2C5B461960FF36005DFCDC /* Browser-Prefix.pch */,
			);
			name = "Supporting Files";
			sourceTree = "<group>";
		};
		8E2C5B601960FF37005DFCDC /* BrowserTests */ = {
			isa = PBXGroup;
			children = (
				8E2C5B611960FF37005DFCDC /* Supporting Files */,
				8E9A146619627ABB0004DDB3 /* GHURLManagerTest.m */,
			);
			path = BrowserTests;
			sourceTree = "<group>";
		};
		8E2C5B611960FF37005DFCDC /* Supporting Files */ = {
			isa = PBXGroup;
			children = (
				8E2C5B621960FF37005DFCDC /* BrowserTests-Info.plist */,
				8E2C5B631960FF37005DFCDC /* InfoPlist.strings */,
			);
			name = "Supporting Files";
			sourceTree = "<group>";
		};
		8E2C5B7119611F75005DFCDC /* classes */ = {
			isa = PBXGroup;
			children = (
				8E24CFEE1964E83A008D9C10 /* utils */,
				8E24CFED1964E82E008D9C10 /* controller */,
				8E24CFEC1964E828008D9C10 /* models */,
				8E24CFEB1964E823008D9C10 /* views */,
				8E24CFEA1964E810008D9C10 /* manager */,
				8E9A146B196280DD0004DDB3 /* DB */,
				8E9A14AF196288EC0004DDB3 /* GHConfig.h */,
			);
			name = classes;
			sourceTree = "<group>";
		};
		8E3E25351973A6FC00438C00 /* UZMultipleLayeredPopoverController */ = {
			isa = PBXGroup;
			children = (
				8E3E25361973A6FC00438C00 /* UZMultipleLayeredContentBackView.h */,
				8E3E25371973A6FC00438C00 /* UZMultipleLayeredContentBackView.m */,
				8E3E25381973A6FC00438C00 /* UZMultipleLayeredContentViewController.h */,
				8E3E25391973A6FC00438C00 /* UZMultipleLayeredContentViewController.m */,
				8E3E253A1973A6FC00438C00 /* UZMultipleLayeredPopoverBackView.h */,
				8E3E253B1973A6FC00438C00 /* UZMultipleLayeredPopoverBackView.m */,
				8E3E253C1973A6FC00438C00 /* UZMultipleLayeredPopoverBaseView.h */,
				8E3E253D1973A6FC00438C00 /* UZMultipleLayeredPopoverBaseView.m */,
				8E3E253E1973A6FC00438C00 /* UZMultipleLayeredPopoverController+original.h */,
				8E3E253F1973A6FC00438C00 /* UZMultipleLayeredPopoverController+original.m */,
				8E3E25401973A6FC00438C00 /* UZMultipleLayeredPopoverController.h */,
				8E3E25411973A6FC00438C00 /* UZMultipleLayeredPopoverController.m */,
			);
			path = UZMultipleLayeredPopoverController;
			sourceTree = "<group>";
		};
		8E9A146B196280DD0004DDB3 /* DB */ = {
			isa = PBXGroup;
			children = (
				8E9A1468196280C30004DDB3 /* GHDataManager.h */,
				8E9A1469196280C30004DDB3 /* GHDataManager.m */,
				8E9A1478196281380004DDB3 /* GHData.h */,
				8E9A1460196257970004DDB3 /* db.xcdatamodeld */,
				8ED0CCC7199067A8001E51FA /* Page.h */,
				8ED0CCC8199067A8001E51FA /* Page.m */,
			);
			name = DB;
			sourceTree = "<group>";
		};
		8E9A14B5196291EC0004DDB3 /* libs */ = {
			isa = PBXGroup;
			children = (
				8EB681D519A7037A00F525A1 /* PrintWebView */,
				8EC7B4521999BA6F0052A1B6 /* SVProgressHUD */,
				8E3E25351973A6FC00438C00 /* UZMultipleLayeredPopoverController */,
				8EA4FEFE1966629C00034D5E /* RATreeView */,
				8EA4FEF519664B7700034D5E /* NJKWebViewProgress */,
				8E9A14B6196291EC0004DDB3 /* GTMNSString-HTML */,
			);
			path = libs;
			sourceTree = "<group>";
		};
		8E9A14B6196291EC0004DDB3 /* GTMNSString-HTML */ = {
			isa = PBXGroup;
			children = (
				8E9A14B8196291EC0004DDB3 /* GTMDefines.h */,
				8E9A14B9196291EC0004DDB3 /* GTMNSString+HTML.h */,
				8E9A14BA196291EC0004DDB3 /* GTMNSString+HTML.m */,
				8E9A14BB196291EC0004DDB3 /* GTMNSString-HTML.podspec */,
				8E9A14BC196291EC0004DDB3 /* LICENSE */,
				8E9A14BD196291EC0004DDB3 /* NSString+HTML.h */,
				8E9A14BE196291EC0004DDB3 /* NSString+HTML.m */,
				8E9A14BF196291EC0004DDB3 /* README.md */,
			);
			path = "GTMNSString-HTML";
			sourceTree = "<group>";
		};
		8EA4FEF519664B7700034D5E /* NJKWebViewProgress */ = {
			isa = PBXGroup;
			children = (
				8EA4FEF619664B7700034D5E /* NJKWebViewProgress.h */,
				8EA4FEF719664B7700034D5E /* NJKWebViewProgress.m */,
				8EA4FEF819664B7700034D5E /* NJKWebViewProgressView.h */,
				8EA4FEF919664B7700034D5E /* NJKWebViewProgressView.m */,
			);
			path = NJKWebViewProgress;
			sourceTree = "<group>";
		};
		8EA4FEFC19664CE700034D5E /* history */ = {
			isa = PBXGroup;
			children = (
				8E24D01F19651D1B008D9C10 /* GHHistoryViewController.h */,
				8E24D02019651D1B008D9C10 /* GHHistoryViewController.m */,
			);
			name = history;
			sourceTree = "<group>";
		};
		8EA4FEFD19664CF700034D5E /* folder */ = {
			isa = PBXGroup;
			children = (
				8EA4FEF21966404F00034D5E /* GHFoldersListController.h */,
				8EA4FEF31966404F00034D5E /* GHFoldersListController.m */,
				8EA4FF1D19666EC900034D5E /* GHFolderCreateController.h */,
				8EA4FF1E19666EC900034D5E /* GHFolderCreateController.m */,
			);
			name = folder;
			sourceTree = "<group>";
		};
		8EA4FEFE1966629C00034D5E /* RATreeView */ = {
			isa = PBXGroup;
			children = (
				8EA4FEFF1966629C00034D5E /* RATreeNode.h */,
				8EA4FF001966629C00034D5E /* RATreeNode.m */,
				8EA4FF011966629C00034D5E /* RATreeNodeCollectionController.h */,
				8EA4FF021966629C00034D5E /* RATreeNodeCollectionController.m */,
				8EA4FF031966629C00034D5E /* RATreeNodeInfo+Private.h */,
				8EA4FF041966629C00034D5E /* RATreeNodeInfo+Private.m */,
				8EA4FF051966629C00034D5E /* RATreeNodeInfo.h */,
				8EA4FF061966629C00034D5E /* RATreeNodeInfo.m */,
				8EA4FF071966629C00034D5E /* RATreeView+Enums.h */,
				8EA4FF081966629C00034D5E /* RATreeView+Enums.m */,
				8EA4FF091966629C00034D5E /* RATreeView+Private.h */,
				8EA4FF0A1966629C00034D5E /* RATreeView+Private.m */,
				8EA4FF0B1966629C00034D5E /* RATreeView+TableViewDataSource.h */,
				8EA4FF0C1966629C00034D5E /* RATreeView+TableViewDataSource.m */,
				8EA4FF0D1966629C00034D5E /* RATreeView+TableViewDelegate.h */,
				8EA4FF0E1966629C00034D5E /* RATreeView+TableViewDelegate.m */,
				8EA4FF0F1966629C00034D5E /* RATreeView+UIScrollView.h */,
				8EA4FF101966629C00034D5E /* RATreeView+UIScrollView.m */,
				8EA4FF111966629C00034D5E /* RATreeView.h */,
				8EA4FF121966629C00034D5E /* RATreeView.m */,
			);
			path = RATreeView;
			sourceTree = "<group>";
		};
		8EA4FF2019667B4100034D5E /* folder */ = {
			isa = PBXGroup;
			children = (
				8EA4FF2119667B9C00034D5E /* GHFolderTitleCell.h */,
				8EA4FF2219667B9C00034D5E /* GHFolderTitleCell.m */,
				8EA4FF2319667B9C00034D5E /* GHFolderTitleCell.xib */,
				8ECD1E20196A7EF80047E153 /* GHFolderCell.h */,
				8ECD1E21196A7EF80047E153 /* GHFolderCell.m */,
			);
			name = folder;
			sourceTree = "<group>";
		};
		8EB681D519A7037A00F525A1 /* PrintWebView */ = {
			isa = PBXGroup;
			children = (
				8EB681D619A7037A00F525A1 /* APLPrintPageRenderer.h */,
				8EB681D719A7037A00F525A1 /* APLPrintPageRenderer.m */,
			);
			path = PrintWebView;
			sourceTree = "<group>";
		};
		8EC7B4521999BA6F0052A1B6 /* SVProgressHUD */ = {
			isa = PBXGroup;
			children = (
				8EC7B4531999BA6F0052A1B6 /* SVProgressHUD.bundle */,
				8EC7B4541999BA6F0052A1B6 /* SVProgressHUD.h */,
				8EC7B4551999BA6F0052A1B6 /* SVProgressHUD.m */,
			);
			path = SVProgressHUD;
			sourceTree = "<group>";
		};
/* End PBXGroup section */

/* Begin PBXNativeTarget section */
		8E2C5B341960FF36005DFCDC /* dConnectBrowser */ = {
			isa = PBXNativeTarget;
			buildConfigurationList = 8E2C5B6A1960FF37005DFCDC /* Build configuration list for PBXNativeTarget "dConnectBrowser" */;
			buildPhases = (
				8E2C5B701960FF74005DFCDC /* ShellScript */,
				8E2C5B311960FF36005DFCDC /* Sources */,
				8E2C5B321960FF36005DFCDC /* Frameworks */,
				8E2C5B331960FF36005DFCDC /* Resources */,
			);
			buildRules = (
			);
			dependencies = (
			);
			name = dConnectBrowser;
			productName = Browser;
			productReference = 8E2C5B351960FF36005DFCDC /* dConnectBrowser.app */;
			productType = "com.apple.product-type.application";
		};
/* End PBXNativeTarget section */

/* Begin PBXProject section */
		8E2C5B2D1960FF36005DFCDC /* Project object */ = {
			isa = PBXProject;
			attributes = {
				CLASSPREFIX = "";
				LastUpgradeCheck = 0510;
				ORGANIZATIONNAME = "NTT DOCOMO, INC.";
			};
			buildConfigurationList = 8E2C5B301960FF36005DFCDC /* Build configuration list for PBXProject "dConnectBrowser" */;
			compatibilityVersion = "Xcode 3.2";
			developmentRegion = English;
			hasScannedForEncodings = 0;
			knownRegions = (
				en,
				Base,
				ja,
			);
			mainGroup = 8E2C5B2C1960FF36005DFCDC;
			productRefGroup = 8E2C5B361960FF36005DFCDC /* Products */;
			projectDirPath = "";
			projectRoot = "";
			targets = (
				8E2C5B341960FF36005DFCDC /* dConnectBrowser */,
			);
		};
/* End PBXProject section */

/* Begin PBXResourcesBuildPhase section */
		8E2C5B331960FF36005DFCDC /* Resources */ = {
			isa = PBXResourcesBuildPhase;
			buildActionMask = 2147483647;
			files = (
				8EC7B4561999BA6F0052A1B6 /* SVProgressHUD.bundle in Resources */,
				8E24CFFC1964EC25008D9C10 /* bookmark@2x.png in Resources */,
				259F7CE419C33DA800F66D93 /* DConnectSDK_resources.bundle in Resources */,
				8E445B3119AEB51B00206904 /* print@2x.png in Resources */,
				2562A2A519C3DA410032EF17 /* dConnectDeviceSonyCamera_resources.bundle in Resources */,
				8E24D03019653525008D9C10 /* GHBookmarkTitleCell.xib in Resources */,
				8EA4FF2519667B9C00034D5E /* GHFolderTitleCell.xib in Resources */,
				8E2C5B4F1960FF36005DFCDC /* Main_iPad.storyboard in Resources */,
				259F7CE819C343CE00F66D93 /* dConnectDeviceHost_resources.bundle in Resources */,
				8E9A14C5196291EC0004DDB3 /* README.md in Resources */,
				8EE935C0197E3525000F9DA2 /* setting@2x.png in Resources */,
				8E2C5B541960FF36005DFCDC /* Images.xcassets in Resources */,
				8E3E254D1973ABAE00438C00 /* Popup.storyboard in Resources */,
				259F7CE619C3409100F66D93 /* dConnectChromecast_resources.bundle in Resources */,
				8E2C5B4C1960FF36005DFCDC /* Main_iPhone.storyboard in Resources */,
				8E2C5B431960FF36005DFCDC /* InfoPlist.strings in Resources */,
				8E9A145D19624F7B0004DDB3 /* GHHeaderView.xib in Resources */,
				2562A2BB19C3E6600032EF17 /* dConnectDeviceIRKit_resources.bundle in Resources */,
				8E9A14C3196291EC0004DDB3 /* LICENSE in Resources */,
				8EEC171C1985E43C004EB5DC /* cancel@2x.png in Resources */,
				8E24D0181964F8BD008D9C10 /* GHPageViewCell.xib in Resources */,
				8E24CFFB1964EC25008D9C10 /* arrow-next@2x.png in Resources */,
				8E24D0011964EDB5008D9C10 /* upload@2x.png in Resources */,
				8E426CA6198B86DB00BA9C66 /* Bookmark.storyboard in Resources */,
				8E9A14C2196291EC0004DDB3 /* GTMNSString-HTML.podspec in Resources */,
				2562A2B419C3E2480032EF17 /* dConnectDevicePebble_resources.bundle in Resources */,
				254111A419C2CC0F00F74C31 /* icon_512px.png in Resources */,
				8E24CFFD1964EC25008D9C10 /* folder@2x.png in Resources */,
				8E24CFFE1964EC25008D9C10 /* history@2x.png in Resources */,
				8EEC171D1985E43C004EB5DC /* reload@2x.png in Resources */,
				8E24D02819652516008D9C10 /* addBookmark@2x.png in Resources */,
				8E24CFFF1964EC25008D9C10 /* star@2x.png in Resources */,
				2562A2C719C3F2F80032EF17 /* dConnectDeviceHue_resources.bundle in Resources */,
				8E24CFFA1964EC25008D9C10 /* arrow-back@2x.png in Resources */,
				259F7CE219C33D7700F66D93 /* dConnectDeviceSphero_resources.bundle in Resources */,
			);
			runOnlyForDeploymentPostprocessing = 0;
		};
/* End PBXResourcesBuildPhase section */

/* Begin PBXShellScriptBuildPhase section */
		8E2C5B701960FF74005DFCDC /* ShellScript */ = {
			isa = PBXShellScriptBuildPhase;
			buildActionMask = 2147483647;
			files = (
			);
			inputPaths = (
			);
			outputPaths = (
			);
			runOnlyForDeploymentPostprocessing = 0;
			shellPath = /bin/sh;
			shellScript = "#!/bin/bash\nbuildNumber=$(/usr/libexec/PlistBuddy -c \"Print CFBundleVersion\" \"$INFOPLIST_FILE\")\nbuildNumber=$(($buildNumber + 1))\n/usr/libexec/PlistBuddy -c \"Set :CFBundleVersion $buildNumber\" \"$INFOPLIST_FILE\"";
		};
/* End PBXShellScriptBuildPhase section */

/* Begin PBXSourcesBuildPhase section */
		8E2C5B311960FF36005DFCDC /* Sources */ = {
			isa = PBXSourcesBuildPhase;
			buildActionMask = 2147483647;
			files = (
				8EA4FF1A1966629C00034D5E /* RATreeView+TableViewDelegate.m in Sources */,
				8E182FCA197507D700F9B131 /* GHURLLabel.m in Sources */,
				8E9A14AE196288DB0004DDB3 /* GHUtils.m in Sources */,
				8EC7B4571999BA6F0052A1B6 /* SVProgressHUD.m in Sources */,
				8E3E25441973A6FC00438C00 /* UZMultipleLayeredPopoverBackView.m in Sources */,
				8EA4FF171966629C00034D5E /* RATreeView+Enums.m in Sources */,
				8ECD1E1F196A64610047E153 /* GHDirectory.m in Sources */,
				8EB681DE19A7059400F525A1 /* GHPrintActivity.m in Sources */,
				8ED0CCC9199067A8001E51FA /* Page.m in Sources */,
				8E24D02619652333008D9C10 /* GHAddBookmarkActivity.m in Sources */,
				8EA4FEFA19664B7700034D5E /* NJKWebViewProgress.m in Sources */,
				8E3E25431973A6FC00438C00 /* UZMultipleLayeredContentViewController.m in Sources */,
				8E2C5B7419611F96005DFCDC /* GHMainViewController.m in Sources */,
				8EA4FF161966629C00034D5E /* RATreeNodeInfo.m in Sources */,
				8E3E25461973A6FC00438C00 /* UZMultipleLayeredPopoverController+original.m in Sources */,
				8ECD1E22196A7EF80047E153 /* GHFolderCell.m in Sources */,
				8E3E25451973A6FC00438C00 /* UZMultipleLayeredPopoverBaseView.m in Sources */,
				8EA4FF2419667B9C00034D5E /* GHFolderTitleCell.m in Sources */,
				8E2C5B451960FF36005DFCDC /* main.m in Sources */,
				8E24D0041964EE6C008D9C10 /* GHBookmarkTopController.m in Sources */,
				8EA4FF1B1966629C00034D5E /* RATreeView+UIScrollView.m in Sources */,
				8E24D0101964F3CE008D9C10 /* GHBookmarkViewController.m in Sources */,
				8EA4FEFB19664B7700034D5E /* NJKWebViewProgressView.m in Sources */,
				8E3E25471973A6FC00438C00 /* UZMultipleLayeredPopoverController.m in Sources */,
				8E9A145B19624F670004DDB3 /* GHHeaderView.m in Sources */,
				8E9A14CB1962A8290004DDB3 /* GHPageViewCell.m in Sources */,
				8E24D01B1964F94E008D9C10 /* GHBookmarkCell.m in Sources */,
				8E3E25421973A6FC00438C00 /* UZMultipleLayeredContentBackView.m in Sources */,
				8EC29A5319B4119B0012ADCE /* GHConnectionManager.m in Sources */,
				8E9A14C4196291EC0004DDB3 /* NSString+HTML.m in Sources */,
				8EA4FEF41966404F00034D5E /* GHFoldersListController.m in Sources */,
				8E2C5B491960FF36005DFCDC /* GHAppDelegate.m in Sources */,
				8EA4FF1F19666EC900034D5E /* GHFolderCreateController.m in Sources */,
				8E2C5B7719612501005DFCDC /* GHToolView.m in Sources */,
				8EA4FF181966629C00034D5E /* RATreeView+Private.m in Sources */,
				8EA4FF131966629C00034D5E /* RATreeNode.m in Sources */,
				8E9A1465196277330004DDB3 /* GHURLManager.m in Sources */,
				8E24D02F19653525008D9C10 /* GHBookmarkTitleCell.m in Sources */,
				8EA4FF151966629C00034D5E /* RATreeNodeInfo+Private.m in Sources */,
				8E24D02219651D1B008D9C10 /* GHHistoryViewController.m in Sources */,
				8EA4FF191966629C00034D5E /* RATreeView+TableViewDataSource.m in Sources */,
				8EA4FF1C1966629C00034D5E /* RATreeView.m in Sources */,
				8E9A146A196280C30004DDB3 /* GHDataManager.m in Sources */,
				8E9A14B419628AE10004DDB3 /* GHPageModel.m in Sources */,
				8EE935C3197E36FF000F9DA2 /* GHSettingController.m in Sources */,
				8E9A1462196257970004DDB3 /* db.xcdatamodeld in Sources */,
				8E24D02B19652907008D9C10 /* GHAddBookmarkController.m in Sources */,
				8EA4FF141966629C00034D5E /* RATreeNodeCollectionController.m in Sources */,
				8E9A14C1196291EC0004DDB3 /* GTMNSString+HTML.m in Sources */,
				8EB681DA19A7037A00F525A1 /* APLPrintPageRenderer.m in Sources */,
			);
			runOnlyForDeploymentPostprocessing = 0;
		};
/* End PBXSourcesBuildPhase section */

/* Begin PBXVariantGroup section */
		8E2C5B411960FF36005DFCDC /* InfoPlist.strings */ = {
			isa = PBXVariantGroup;
			children = (
				8E2C5B421960FF36005DFCDC /* en */,
				D699E71B19C02B2B002F334C /* ja */,
			);
			name = InfoPlist.strings;
			sourceTree = "<group>";
		};
		8E2C5B4A1960FF36005DFCDC /* Main_iPhone.storyboard */ = {
			isa = PBXVariantGroup;
			children = (
				8E2C5B4B1960FF36005DFCDC /* Base */,
				D699E71719C02B2A002F334C /* ja */,
			);
			name = Main_iPhone.storyboard;
			sourceTree = "<group>";
		};
		8E2C5B4D1960FF36005DFCDC /* Main_iPad.storyboard */ = {
			isa = PBXVariantGroup;
			children = (
				8E2C5B4E1960FF36005DFCDC /* Base */,
				D699E71819C02B2A002F334C /* ja */,
			);
			name = Main_iPad.storyboard;
			sourceTree = "<group>";
		};
		8E2C5B631960FF37005DFCDC /* InfoPlist.strings */ = {
			isa = PBXVariantGroup;
			children = (
				8E2C5B641960FF37005DFCDC /* en */,
				D699E71C19C02B2B002F334C /* ja */,
			);
			name = InfoPlist.strings;
			sourceTree = "<group>";
		};
		8E3E254B1973ABAE00438C00 /* Popup.storyboard */ = {
			isa = PBXVariantGroup;
			children = (
				8E3E254C1973ABAE00438C00 /* Base */,
				D699E71919C02B2A002F334C /* ja */,
			);
			name = Popup.storyboard;
			sourceTree = "<group>";
		};
		8E426CA4198B86DB00BA9C66 /* Bookmark.storyboard */ = {
			isa = PBXVariantGroup;
			children = (
				8E426CA5198B86DB00BA9C66 /* Base */,
				D699E71A19C02B2B002F334C /* ja */,
			);
			name = Bookmark.storyboard;
			sourceTree = "<group>";
		};
/* End PBXVariantGroup section */

/* Begin XCBuildConfiguration section */
		8E2C5B681960FF37005DFCDC /* Debug */ = {
			isa = XCBuildConfiguration;
			buildSettings = {
				ALWAYS_SEARCH_USER_PATHS = NO;
				ARCHS = "$(ARCHS_STANDARD_32_BIT)";
				CLANG_CXX_LANGUAGE_STANDARD = "gnu++0x";
				CLANG_CXX_LIBRARY = "libc++";
				CLANG_ENABLE_MODULES = YES;
				CLANG_ENABLE_OBJC_ARC = YES;
				CLANG_WARN_BOOL_CONVERSION = YES;
				CLANG_WARN_CONSTANT_CONVERSION = YES;
				CLANG_WARN_DIRECT_OBJC_ISA_USAGE = YES_ERROR;
				CLANG_WARN_EMPTY_BODY = YES;
				CLANG_WARN_ENUM_CONVERSION = YES;
				CLANG_WARN_INT_CONVERSION = YES;
				CLANG_WARN_OBJC_ROOT_CLASS = YES_ERROR;
				CLANG_WARN__DUPLICATE_METHOD_MATCH = YES;
				COPY_PHASE_STRIP = NO;
				GCC_C_LANGUAGE_STANDARD = gnu99;
				GCC_DYNAMIC_NO_PIC = NO;
				GCC_GENERATE_TEST_COVERAGE_FILES = YES;
				GCC_INSTRUMENT_PROGRAM_FLOW_ARCS = YES;
				GCC_OPTIMIZATION_LEVEL = 0;
				GCC_PREPROCESSOR_DEFINITIONS = (
					"DEBUG=1",
					"$(inherited)",
				);
				GCC_SYMBOLS_PRIVATE_EXTERN = NO;
				GCC_WARN_64_TO_32_BIT_CONVERSION = YES;
				GCC_WARN_ABOUT_RETURN_TYPE = YES_ERROR;
				GCC_WARN_UNDECLARED_SELECTOR = YES;
				GCC_WARN_UNINITIALIZED_AUTOS = YES_AGGRESSIVE;
				GCC_WARN_UNUSED_FUNCTION = YES;
				GCC_WARN_UNUSED_VARIABLE = YES;
				IPHONEOS_DEPLOYMENT_TARGET = 6.0;
				OTHER_LDFLAGS = (
					"-ObjC",
					"-lstdc++",
					"-all_load",
					"-lsqlite3",
				);
				PROVISIONING_PROFILE = "c316008b-55c4-4b46-b1c2-4f8cd5e277e1";
				SDKROOT = iphoneos;
				TARGETED_DEVICE_FAMILY = "1,2";
				VALID_ARCHS = "armv7 armv7s";
			};
			name = Debug;
		};
		8E2C5B691960FF37005DFCDC /* Release */ = {
			isa = XCBuildConfiguration;
			buildSettings = {
				ALWAYS_SEARCH_USER_PATHS = NO;
				ARCHS = "$(ARCHS_STANDARD_32_BIT)";
				CLANG_CXX_LANGUAGE_STANDARD = "gnu++0x";
				CLANG_CXX_LIBRARY = "libc++";
				CLANG_ENABLE_MODULES = YES;
				CLANG_ENABLE_OBJC_ARC = YES;
				CLANG_WARN_BOOL_CONVERSION = YES;
				CLANG_WARN_CONSTANT_CONVERSION = YES;
				CLANG_WARN_DIRECT_OBJC_ISA_USAGE = YES_ERROR;
				CLANG_WARN_EMPTY_BODY = YES;
				CLANG_WARN_ENUM_CONVERSION = YES;
				CLANG_WARN_INT_CONVERSION = YES;
				CLANG_WARN_OBJC_ROOT_CLASS = YES_ERROR;
				CLANG_WARN__DUPLICATE_METHOD_MATCH = YES;
				COPY_PHASE_STRIP = YES;
				ENABLE_NS_ASSERTIONS = NO;
				GCC_C_LANGUAGE_STANDARD = gnu99;
				GCC_GENERATE_TEST_COVERAGE_FILES = YES;
				GCC_INSTRUMENT_PROGRAM_FLOW_ARCS = YES;
				GCC_WARN_64_TO_32_BIT_CONVERSION = YES;
				GCC_WARN_ABOUT_RETURN_TYPE = YES_ERROR;
				GCC_WARN_UNDECLARED_SELECTOR = YES;
				GCC_WARN_UNINITIALIZED_AUTOS = YES_AGGRESSIVE;
				GCC_WARN_UNUSED_FUNCTION = YES;
				GCC_WARN_UNUSED_VARIABLE = YES;
				IPHONEOS_DEPLOYMENT_TARGET = 6.0;
				OTHER_LDFLAGS = (
					"-ObjC",
					"-lstdc++",
					"-all_load",
					"-lsqlite3",
				);
				PROVISIONING_PROFILE = "c316008b-55c4-4b46-b1c2-4f8cd5e277e1";
				SDKROOT = iphoneos;
				TARGETED_DEVICE_FAMILY = "1,2";
				VALIDATE_PRODUCT = YES;
				VALID_ARCHS = "armv7 armv7s";
			};
			name = Release;
		};
		8E2C5B6B1960FF37005DFCDC /* Debug */ = {
			isa = XCBuildConfiguration;
			buildSettings = {
				ASSETCATALOG_COMPILER_APPICON_NAME = AppIcon;
				ASSETCATALOG_COMPILER_LAUNCHIMAGE_NAME = LaunchImage;
				CODE_SIGN_IDENTITY = "iPhone Developer";
				FRAMEWORK_SEARCH_PATHS = (
					"$(inherited)",
					"$(PROJECT_DIR)/../dConnectSDKForIOS/bin",
					"$(PROJECT_DIR)/../../dConnectDevicePlugin/dConnectDeviceHost/bin",
					"$(PROJECT_DIR)/../../dConnectDevicePlugin/dConnectDeviceHue/bin",
					"$(PROJECT_DIR)/../../dConnectDevicePlugin/dConnectDeviceHue/",
					"$(PROJECT_DIR)/../../dConnectDevicePlugin/dConnectDeviceSonyCamera/bin",
					"$(PROJECT_DIR)/../../dConnectDevicePlugin/dConnectDeviceSphero/bin",
					"$(PROJECT_DIR)/../../dConnectDevicePlugin/dConnectDeviceSphero",
					"$(PROJECT_DIR)/../../dConnectDevicePlugin/DCMDevicePluginSDK/bin",
					"$(PROJECT_DIR)/../../dConnectDevicePlugin/dConnectDeviceIRKit/bin",
					"$(PROJECT_DIR)/../../dConnectDevicePlugin/dConnectDeviceChromeCast/bin",
					"$(PROJECT_DIR)/../../dConnectDevicePlugin/dConnectDeviceChromeCast/GoogleCastFramework-2.3.0-Release",
					"$(PROJECT_DIR)/../../dConnectDevicePlugin/dConnectDevicePebble/bin",
					"$(PROJECT_DIR)/../../dConnectDevicePlugin/dConnectDevicePebble",
					/Users/sasakiakira/Documents/workspace_dconnect_release/ForkDeviceConnect20141117/sourcecode/iOS/dConnectDevicePlugin/dConnectDeviceHue,
				);
				GCC_PRECOMPILE_PREFIX_HEADER = YES;
				GCC_PREFIX_HEADER = "Browser/Browser-Prefix.pch";
				INFOPLIST_FILE = "Browser/Browser-Info.plist";
				LIBRARY_SEARCH_PATHS = (
					"$(inherited)",
					"$(PROJECT_DIR)/deps",
				);
				PRODUCT_NAME = "$(TARGET_NAME)";
				PROVISIONING_PROFILE = "";
				WRAPPER_EXTENSION = app;
			};
			name = Debug;
		};
		8E2C5B6C1960FF37005DFCDC /* Release */ = {
			isa = XCBuildConfiguration;
			buildSettings = {
				ASSETCATALOG_COMPILER_APPICON_NAME = AppIcon;
				ASSETCATALOG_COMPILER_LAUNCHIMAGE_NAME = LaunchImage;
				CODE_SIGN_IDENTITY = "iPhone Developer";
				FRAMEWORK_SEARCH_PATHS = (
					"$(inherited)",
					"$(PROJECT_DIR)/../dConnectSDKForIOS/bin",
					"$(PROJECT_DIR)/../../dConnectDevicePlugin/dConnectDeviceHost/bin",
					"$(PROJECT_DIR)/../../dConnectDevicePlugin/dConnectDeviceHue/bin",
					"$(PROJECT_DIR)/../../dConnectDevicePlugin/dConnectDeviceHue/",
					"$(PROJECT_DIR)/../../dConnectDevicePlugin/dConnectDeviceSonyCamera/bin",
					"$(PROJECT_DIR)/../../dConnectDevicePlugin/dConnectDeviceSphero/bin",
					"$(PROJECT_DIR)/../../dConnectDevicePlugin/dConnectDeviceSphero",
					"$(PROJECT_DIR)/../../dConnectDevicePlugin/DCMDevicePluginSDK/bin",
					"$(PROJECT_DIR)/../../dConnectDevicePlugin/dConnectDeviceIRKit/bin",
					"$(PROJECT_DIR)/../../dConnectDevicePlugin/dConnectDeviceChromeCast/bin",
					"$(PROJECT_DIR)/../../dConnectDevicePlugin/dConnectDeviceChromeCast/GoogleCastFramework-2.3.0-Release",
					"$(PROJECT_DIR)/../../dConnectDevicePlugin/dConnectDevicePebble/bin",
					"$(PROJECT_DIR)/../../dConnectDevicePlugin/dConnectDevicePebble",
					/Users/sasakiakira/Documents/workspace_dconnect_release/ForkDeviceConnect20141117/sourcecode/iOS/dConnectDevicePlugin/dConnectDeviceHue,
				);
				GCC_PRECOMPILE_PREFIX_HEADER = YES;
				GCC_PREFIX_HEADER = "Browser/Browser-Prefix.pch";
				INFOPLIST_FILE = "Browser/Browser-Info.plist";
				LIBRARY_SEARCH_PATHS = (
					"$(inherited)",
					"$(PROJECT_DIR)/deps",
				);
				PRODUCT_NAME = "$(TARGET_NAME)";
				PROVISIONING_PROFILE = "";
				WRAPPER_EXTENSION = app;
			};
			name = Release;
		};
/* End XCBuildConfiguration section */

/* Begin XCConfigurationList section */
		8E2C5B301960FF36005DFCDC /* Build configuration list for PBXProject "dConnectBrowser" */ = {
			isa = XCConfigurationList;
			buildConfigurations = (
				8E2C5B681960FF37005DFCDC /* Debug */,
				8E2C5B691960FF37005DFCDC /* Release */,
			);
			defaultConfigurationIsVisible = 0;
			defaultConfigurationName = Release;
		};
		8E2C5B6A1960FF37005DFCDC /* Build configuration list for PBXNativeTarget "dConnectBrowser" */ = {
			isa = XCConfigurationList;
			buildConfigurations = (
				8E2C5B6B1960FF37005DFCDC /* Debug */,
				8E2C5B6C1960FF37005DFCDC /* Release */,
			);
			defaultConfigurationIsVisible = 0;
			defaultConfigurationName = Release;
		};
/* End XCConfigurationList section */

/* Begin XCVersionGroup section */
		8E9A1460196257970004DDB3 /* db.xcdatamodeld */ = {
			isa = XCVersionGroup;
			children = (
				8EC7B45A1999C4A10052A1B6 /* db 2.xcdatamodel */,
				8E9A1461196257970004DDB3 /* db.xcdatamodel */,
			);
			currentVersion = 8EC7B45A1999C4A10052A1B6 /* db 2.xcdatamodel */;
			name = db.xcdatamodeld;
			path = classes/db.xcdatamodeld;
			sourceTree = "<group>";
			versionGroupType = wrapper.xcdatamodel;
		};
/* End XCVersionGroup section */
	};
	rootObject = 8E2C5B2D1960FF36005DFCDC /* Project object */;
}
