// !$*UTF8*$!
{
	archiveVersion = 1;
	classes = {
	};
	objectVersion = 46;
	objects = {

/* Begin PBXAggregateTarget section */
		97FE1A12192B497000808FA5 /* dConnectDeviceHost_framework */ = {
			isa = PBXAggregateTarget;
			buildConfigurationList = 97FE1A13192B497000808FA5 /* Build configuration list for PBXAggregateTarget "dConnectDeviceHost_framework" */;
			buildPhases = (
				97FE1A16192B498000808FA5 /* Prepare Framework */,
			);
			dependencies = (
			);
			name = dConnectDeviceHost_framework;
			productName = dConnectDeviceHost_framework;
		};
/* End PBXAggregateTarget section */

/* Begin PBXBuildFile section */
		25063A99196BF8FA007242B6 /* CoreMotion.framework in Frameworks */ = {isa = PBXBuildFile; fileRef = 25063A98196BF8FA007242B6 /* CoreMotion.framework */; };
		2515192519A86FC800430980 /* DPHostMediaPlayerProfile.m in Sources */ = {isa = PBXBuildFile; fileRef = 25E029701991BD3400AFC171 /* DPHostMediaPlayerProfile.m */; };
		252F870319736DEB00142BAE /* DPHostPhoneProfile.m in Sources */ = {isa = PBXBuildFile; fileRef = 252F870219736DEB00142BAE /* DPHostPhoneProfile.m */; };
		252F870619739EBB00142BAE /* DPHostFileDescriptorProfile.m in Sources */ = {isa = PBXBuildFile; fileRef = 252F870519739EBB00142BAE /* DPHostFileDescriptorProfile.m */; };
		257FC23719BAAF5200358536 /* DPHostReachability.m in Sources */ = {isa = PBXBuildFile; fileRef = 257FC23619BAAF5200358536 /* DPHostReachability.m */; };
		2585BB941980D89F00AAE43C /* DPHostSettingsProfile.m in Sources */ = {isa = PBXBuildFile; fileRef = 2585BB931980D89F00AAE43C /* DPHostSettingsProfile.m */; };
		25B42C6519865F1000B65E83 /* DPHostRecorderContext.m in Sources */ = {isa = PBXBuildFile; fileRef = 25B42C6419865F1000B65E83 /* DPHostRecorderContext.m */; };
		25C710EB1981E578004C6484 /* DPHostMediaStreamRecordingProfile.m in Sources */ = {isa = PBXBuildFile; fileRef = 25C710EA1981E578004C6484 /* DPHostMediaStreamRecordingProfile.m */; };
		25DAFD18196A61E50002734B /* CoreFoundation.framework in Frameworks */ = {isa = PBXBuildFile; fileRef = 25DAFD17196A61E50002734B /* CoreFoundation.framework */; };
		25DAFD1E196A61E50002734B /* InfoPlist.strings in Resources */ = {isa = PBXBuildFile; fileRef = 25DAFD1C196A61E50002734B /* InfoPlist.strings */; };
		25DF80D6196CCD7D003F6FF3 /* DPHostBatteryProfile.m in Sources */ = {isa = PBXBuildFile; fileRef = 25DF80D5196CCD7D003F6FF3 /* DPHostBatteryProfile.m */; };
		25DF80D9196CE622003F6FF3 /* DPHostVibrationProfile.m in Sources */ = {isa = PBXBuildFile; fileRef = 25DF80D8196CE622003F6FF3 /* DPHostVibrationProfile.m */; };
		25F0BC41199343600095C333 /* DPHostMediaContext.m in Sources */ = {isa = PBXBuildFile; fileRef = 25F0BC40199343600095C333 /* DPHostMediaContext.m */; };
		25FF0C0E196FBECF00E8C7C3 /* DPHostProximityProfile.m in Sources */ = {isa = PBXBuildFile; fileRef = 25FF0C0D196FBECF00E8C7C3 /* DPHostProximityProfile.m */; };
		25FF1DB1196A89A700EA7F72 /* DPHostFileProfile.m in Sources */ = {isa = PBXBuildFile; fileRef = 25FF1DB0196A89A700EA7F72 /* DPHostFileProfile.m */; };
		25FF1DB4196A89AD00EA7F72 /* DPHostUtils.m in Sources */ = {isa = PBXBuildFile; fileRef = 25FF1DB3196A89AD00EA7F72 /* DPHostUtils.m */; };
		25FF1DB7196A9B8000EA7F72 /* DPHostNotificationProfile.m in Sources */ = {isa = PBXBuildFile; fileRef = 25FF1DB6196A9B8000EA7F72 /* DPHostNotificationProfile.m */; };
		25FF1DBA196AA53400EA7F72 /* DPHostDeviceOrientationProfile.m in Sources */ = {isa = PBXBuildFile; fileRef = 25FF1DB9196AA53400EA7F72 /* DPHostDeviceOrientationProfile.m */; };
		97FE19EB192B2FB400808FA5 /* Foundation.framework in Frameworks */ = {isa = PBXBuildFile; fileRef = 97FE19EA192B2FB400808FA5 /* Foundation.framework */; };
		97FE19F2192B2FB400808FA5 /* DPHostDevicePlugin.m in Sources */ = {isa = PBXBuildFile; fileRef = 97FE19F1192B2FB400808FA5 /* DPHostDevicePlugin.m */; };
		97FE19F9192B2FB400808FA5 /* XCTest.framework in Frameworks */ = {isa = PBXBuildFile; fileRef = 97FE19F8192B2FB400808FA5 /* XCTest.framework */; };
		97FE19FA192B2FB400808FA5 /* Foundation.framework in Frameworks */ = {isa = PBXBuildFile; fileRef = 97FE19EA192B2FB400808FA5 /* Foundation.framework */; };
		97FE19FC192B2FB400808FA5 /* UIKit.framework in Frameworks */ = {isa = PBXBuildFile; fileRef = 97FE19FB192B2FB400808FA5 /* UIKit.framework */; };
		97FE19FF192B2FB400808FA5 /* libdConnectDeviceHost.a in Frameworks */ = {isa = PBXBuildFile; fileRef = 97FE19E7192B2FB400808FA5 /* libdConnectDeviceHost.a */; };
		97FE1A05192B2FB500808FA5 /* InfoPlist.strings in Resources */ = {isa = PBXBuildFile; fileRef = 97FE1A03192B2FB500808FA5 /* InfoPlist.strings */; };
		97FE1A07192B2FB500808FA5 /* dConnectDeviceHostTests.m in Sources */ = {isa = PBXBuildFile; fileRef = 97FE1A06192B2FB500808FA5 /* dConnectDeviceHostTests.m */; };
		97FE1A1E192B5ACD00808FA5 /* DPHostNetworkServiceDiscoveryProfile.m in Sources */ = {isa = PBXBuildFile; fileRef = 97FE1A1D192B5ACD00808FA5 /* DPHostNetworkServiceDiscoveryProfile.m */; };
		97FE1A21192B6DA400808FA5 /* DPHostSystemProfile.m in Sources */ = {isa = PBXBuildFile; fileRef = 97FE1A20192B6DA400808FA5 /* DPHostSystemProfile.m */; };
/* End PBXBuildFile section */

/* Begin PBXContainerItemProxy section */
		97FE19FD192B2FB400808FA5 /* PBXContainerItemProxy */ = {
			isa = PBXContainerItemProxy;
			containerPortal = 97FE19DF192B2FB400808FA5 /* Project object */;
			proxyType = 1;
			remoteGlobalIDString = 97FE19E6192B2FB400808FA5;
			remoteInfo = dConnectDeviceHost;
		};
/* End PBXContainerItemProxy section */

/* Begin PBXFileReference section */
		25063A98196BF8FA007242B6 /* CoreMotion.framework */ = {isa = PBXFileReference; lastKnownFileType = wrapper.framework; name = CoreMotion.framework; path = System/Library/Frameworks/CoreMotion.framework; sourceTree = SDKROOT; };
		252F870119736DEB00142BAE /* DPHostPhoneProfile.h */ = {isa = PBXFileReference; fileEncoding = 4; lastKnownFileType = sourcecode.c.h; path = DPHostPhoneProfile.h; sourceTree = "<group>"; };
		252F870219736DEB00142BAE /* DPHostPhoneProfile.m */ = {isa = PBXFileReference; fileEncoding = 4; lastKnownFileType = sourcecode.c.objc; path = DPHostPhoneProfile.m; sourceTree = "<group>"; };
		252F870419739EBB00142BAE /* DPHostFileDescriptorProfile.h */ = {isa = PBXFileReference; fileEncoding = 4; lastKnownFileType = sourcecode.c.h; path = DPHostFileDescriptorProfile.h; sourceTree = "<group>"; };
		252F870519739EBB00142BAE /* DPHostFileDescriptorProfile.m */ = {isa = PBXFileReference; fileEncoding = 4; lastKnownFileType = sourcecode.c.objc; path = DPHostFileDescriptorProfile.m; sourceTree = "<group>"; };
		257FC23519BAAF5200358536 /* DPHostReachability.h */ = {isa = PBXFileReference; fileEncoding = 4; lastKnownFileType = sourcecode.c.h; path = DPHostReachability.h; sourceTree = "<group>"; };
		257FC23619BAAF5200358536 /* DPHostReachability.m */ = {isa = PBXFileReference; fileEncoding = 4; lastKnownFileType = sourcecode.c.objc; path = DPHostReachability.m; sourceTree = "<group>"; };
		2585BB921980D89F00AAE43C /* DPHostSettingsProfile.h */ = {isa = PBXFileReference; fileEncoding = 4; lastKnownFileType = sourcecode.c.h; path = DPHostSettingsProfile.h; sourceTree = "<group>"; };
		2585BB931980D89F00AAE43C /* DPHostSettingsProfile.m */ = {isa = PBXFileReference; fileEncoding = 4; lastKnownFileType = sourcecode.c.objc; path = DPHostSettingsProfile.m; sourceTree = "<group>"; };
		25B42C6319865F1000B65E83 /* DPHostRecorderContext.h */ = {isa = PBXFileReference; fileEncoding = 4; lastKnownFileType = sourcecode.c.h; path = DPHostRecorderContext.h; sourceTree = "<group>"; };
		25B42C6419865F1000B65E83 /* DPHostRecorderContext.m */ = {isa = PBXFileReference; fileEncoding = 4; lastKnownFileType = sourcecode.c.objc; path = DPHostRecorderContext.m; sourceTree = "<group>"; };
		25C710E91981E578004C6484 /* DPHostMediaStreamRecordingProfile.h */ = {isa = PBXFileReference; fileEncoding = 4; lastKnownFileType = sourcecode.c.h; lineEnding = 0; path = DPHostMediaStreamRecordingProfile.h; sourceTree = "<group>"; xcLanguageSpecificationIdentifier = xcode.lang.objcpp; };
		25C710EA1981E578004C6484 /* DPHostMediaStreamRecordingProfile.m */ = {isa = PBXFileReference; fileEncoding = 4; lastKnownFileType = sourcecode.c.objc; lineEnding = 0; path = DPHostMediaStreamRecordingProfile.m; sourceTree = "<group>"; xcLanguageSpecificationIdentifier = xcode.lang.objc; };
		25DAFD0F196A54300002734B /* CoreBluetooth.framework */ = {isa = PBXFileReference; lastKnownFileType = wrapper.framework; name = CoreBluetooth.framework; path = System/Library/Frameworks/CoreBluetooth.framework; sourceTree = SDKROOT; };
		25DAFD16196A61E50002734B /* dConnectDeviceHost_resources.bundle */ = {isa = PBXFileReference; explicitFileType = wrapper.cfbundle; includeInIndex = 0; path = dConnectDeviceHost_resources.bundle; sourceTree = BUILT_PRODUCTS_DIR; };
		25DAFD17196A61E50002734B /* CoreFoundation.framework */ = {isa = PBXFileReference; lastKnownFileType = wrapper.framework; name = CoreFoundation.framework; path = System/Library/Frameworks/CoreFoundation.framework; sourceTree = SDKROOT; };
		25DAFD1B196A61E50002734B /* dConnectDeviceHost_resources-Info.plist */ = {isa = PBXFileReference; lastKnownFileType = text.plist.xml; path = "dConnectDeviceHost_resources-Info.plist"; sourceTree = "<group>"; };
		25DAFD1D196A61E50002734B /* en */ = {isa = PBXFileReference; lastKnownFileType = text.plist.strings; name = en; path = en.lproj/InfoPlist.strings; sourceTree = "<group>"; };
		25DAFD1F196A61E50002734B /* dConnectDeviceHost_resources-Prefix.pch */ = {isa = PBXFileReference; lastKnownFileType = sourcecode.c.h; path = "dConnectDeviceHost_resources-Prefix.pch"; sourceTree = "<group>"; };
		25DAFD28196A64C30002734B /* DPHostDevicePlugin.h */ = {isa = PBXFileReference; lastKnownFileType = sourcecode.c.h; path = DPHostDevicePlugin.h; sourceTree = "<group>"; };
		25DF80D4196CCD7D003F6FF3 /* DPHostBatteryProfile.h */ = {isa = PBXFileReference; fileEncoding = 4; lastKnownFileType = sourcecode.c.h; path = DPHostBatteryProfile.h; sourceTree = "<group>"; };
		25DF80D5196CCD7D003F6FF3 /* DPHostBatteryProfile.m */ = {isa = PBXFileReference; fileEncoding = 4; lastKnownFileType = sourcecode.c.objc; path = DPHostBatteryProfile.m; sourceTree = "<group>"; };
		25DF80D7196CE622003F6FF3 /* DPHostVibrationProfile.h */ = {isa = PBXFileReference; fileEncoding = 4; lastKnownFileType = sourcecode.c.h; path = DPHostVibrationProfile.h; sourceTree = "<group>"; };
		25DF80D8196CE622003F6FF3 /* DPHostVibrationProfile.m */ = {isa = PBXFileReference; fileEncoding = 4; lastKnownFileType = sourcecode.c.objc; path = DPHostVibrationProfile.m; sourceTree = "<group>"; };
		25E0296F1991BD3400AFC171 /* DPHostMediaPlayerProfile.h */ = {isa = PBXFileReference; fileEncoding = 4; lastKnownFileType = sourcecode.c.h; path = DPHostMediaPlayerProfile.h; sourceTree = "<group>"; };
		25E029701991BD3400AFC171 /* DPHostMediaPlayerProfile.m */ = {isa = PBXFileReference; fileEncoding = 4; lastKnownFileType = sourcecode.c.objc; path = DPHostMediaPlayerProfile.m; sourceTree = "<group>"; };
		25F0BC3F199343600095C333 /* DPHostMediaContext.h */ = {isa = PBXFileReference; fileEncoding = 4; lastKnownFileType = sourcecode.c.h; path = DPHostMediaContext.h; sourceTree = "<group>"; };
		25F0BC40199343600095C333 /* DPHostMediaContext.m */ = {isa = PBXFileReference; fileEncoding = 4; lastKnownFileType = sourcecode.c.objc; path = DPHostMediaContext.m; sourceTree = "<group>"; };
		25FF0C0C196FBECF00E8C7C3 /* DPHostProximityProfile.h */ = {isa = PBXFileReference; fileEncoding = 4; lastKnownFileType = sourcecode.c.h; path = DPHostProximityProfile.h; sourceTree = "<group>"; };
		25FF0C0D196FBECF00E8C7C3 /* DPHostProximityProfile.m */ = {isa = PBXFileReference; fileEncoding = 4; lastKnownFileType = sourcecode.c.objc; path = DPHostProximityProfile.m; sourceTree = "<group>"; };
		25FF1DAF196A89A700EA7F72 /* DPHostFileProfile.h */ = {isa = PBXFileReference; fileEncoding = 4; lastKnownFileType = sourcecode.c.h; path = DPHostFileProfile.h; sourceTree = "<group>"; };
		25FF1DB0196A89A700EA7F72 /* DPHostFileProfile.m */ = {isa = PBXFileReference; fileEncoding = 4; lastKnownFileType = sourcecode.c.objc; path = DPHostFileProfile.m; sourceTree = "<group>"; };
		25FF1DB2196A89AD00EA7F72 /* DPHostUtils.h */ = {isa = PBXFileReference; fileEncoding = 4; lastKnownFileType = sourcecode.c.h; path = DPHostUtils.h; sourceTree = "<group>"; };
		25FF1DB3196A89AD00EA7F72 /* DPHostUtils.m */ = {isa = PBXFileReference; fileEncoding = 4; lastKnownFileType = sourcecode.c.objc; path = DPHostUtils.m; sourceTree = "<group>"; };
		25FF1DB5196A9B8000EA7F72 /* DPHostNotificationProfile.h */ = {isa = PBXFileReference; fileEncoding = 4; lastKnownFileType = sourcecode.c.h; path = DPHostNotificationProfile.h; sourceTree = "<group>"; };
		25FF1DB6196A9B8000EA7F72 /* DPHostNotificationProfile.m */ = {isa = PBXFileReference; fileEncoding = 4; lastKnownFileType = sourcecode.c.objc; path = DPHostNotificationProfile.m; sourceTree = "<group>"; };
		25FF1DB8196AA53400EA7F72 /* DPHostDeviceOrientationProfile.h */ = {isa = PBXFileReference; fileEncoding = 4; lastKnownFileType = sourcecode.c.h; path = DPHostDeviceOrientationProfile.h; sourceTree = "<group>"; };
		25FF1DB9196AA53400EA7F72 /* DPHostDeviceOrientationProfile.m */ = {isa = PBXFileReference; fileEncoding = 4; lastKnownFileType = sourcecode.c.objc; path = DPHostDeviceOrientationProfile.m; sourceTree = "<group>"; };
		97FE19E7192B2FB400808FA5 /* libdConnectDeviceHost.a */ = {isa = PBXFileReference; explicitFileType = archive.ar; includeInIndex = 0; path = libdConnectDeviceHost.a; sourceTree = BUILT_PRODUCTS_DIR; };
		97FE19EA192B2FB400808FA5 /* Foundation.framework */ = {isa = PBXFileReference; lastKnownFileType = wrapper.framework; name = Foundation.framework; path = System/Library/Frameworks/Foundation.framework; sourceTree = SDKROOT; };
		97FE19EE192B2FB400808FA5 /* DPHostDevicePlugin-Prefix.pch */ = {isa = PBXFileReference; lastKnownFileType = sourcecode.c.h; path = "DPHostDevicePlugin-Prefix.pch"; sourceTree = "<group>"; };
		97FE19F1192B2FB400808FA5 /* DPHostDevicePlugin.m */ = {isa = PBXFileReference; lastKnownFileType = sourcecode.c.objc; path = DPHostDevicePlugin.m; sourceTree = "<group>"; };
		97FE19F7192B2FB400808FA5 /* dConnectDeviceHostTests.xctest */ = {isa = PBXFileReference; explicitFileType = wrapper.cfbundle; includeInIndex = 0; path = dConnectDeviceHostTests.xctest; sourceTree = BUILT_PRODUCTS_DIR; };
		97FE19F8192B2FB400808FA5 /* XCTest.framework */ = {isa = PBXFileReference; lastKnownFileType = wrapper.framework; name = XCTest.framework; path = Library/Frameworks/XCTest.framework; sourceTree = DEVELOPER_DIR; };
		97FE19FB192B2FB400808FA5 /* UIKit.framework */ = {isa = PBXFileReference; lastKnownFileType = wrapper.framework; name = UIKit.framework; path = Library/Frameworks/UIKit.framework; sourceTree = DEVELOPER_DIR; };
		97FE1A02192B2FB400808FA5 /* dConnectDeviceHostTests-Info.plist */ = {isa = PBXFileReference; lastKnownFileType = text.plist.xml; path = "dConnectDeviceHostTests-Info.plist"; sourceTree = "<group>"; };
		97FE1A04192B2FB500808FA5 /* en */ = {isa = PBXFileReference; lastKnownFileType = text.plist.strings; name = en; path = en.lproj/InfoPlist.strings; sourceTree = "<group>"; };
		97FE1A06192B2FB500808FA5 /* dConnectDeviceHostTests.m */ = {isa = PBXFileReference; lastKnownFileType = sourcecode.c.objc; path = dConnectDeviceHostTests.m; sourceTree = "<group>"; };
		97FE1A1C192B5ACD00808FA5 /* DPHostNetworkServiceDiscoveryProfile.h */ = {isa = PBXFileReference; fileEncoding = 4; lastKnownFileType = sourcecode.c.h; path = DPHostNetworkServiceDiscoveryProfile.h; sourceTree = "<group>"; };
		97FE1A1D192B5ACD00808FA5 /* DPHostNetworkServiceDiscoveryProfile.m */ = {isa = PBXFileReference; fileEncoding = 4; lastKnownFileType = sourcecode.c.objc; path = DPHostNetworkServiceDiscoveryProfile.m; sourceTree = "<group>"; };
		97FE1A1F192B6DA400808FA5 /* DPHostSystemProfile.h */ = {isa = PBXFileReference; fileEncoding = 4; lastKnownFileType = sourcecode.c.h; path = DPHostSystemProfile.h; sourceTree = "<group>"; };
		97FE1A20192B6DA400808FA5 /* DPHostSystemProfile.m */ = {isa = PBXFileReference; fileEncoding = 4; lastKnownFileType = sourcecode.c.objc; path = DPHostSystemProfile.m; sourceTree = "<group>"; };
/* End PBXFileReference section */

/* Begin PBXFrameworksBuildPhase section */
		25DAFD13196A61E50002734B /* Frameworks */ = {
			isa = PBXFrameworksBuildPhase;
			buildActionMask = 2147483647;
			files = (
				25DAFD18196A61E50002734B /* CoreFoundation.framework in Frameworks */,
			);
			runOnlyForDeploymentPostprocessing = 0;
		};
		97FE19E4192B2FB400808FA5 /* Frameworks */ = {
			isa = PBXFrameworksBuildPhase;
			buildActionMask = 2147483647;
			files = (
				25063A99196BF8FA007242B6 /* CoreMotion.framework in Frameworks */,
				97FE19EB192B2FB400808FA5 /* Foundation.framework in Frameworks */,
			);
			runOnlyForDeploymentPostprocessing = 0;
		};
		97FE19F4192B2FB400808FA5 /* Frameworks */ = {
			isa = PBXFrameworksBuildPhase;
			buildActionMask = 2147483647;
			files = (
				97FE19FF192B2FB400808FA5 /* libdConnectDeviceHost.a in Frameworks */,
				97FE19F9192B2FB400808FA5 /* XCTest.framework in Frameworks */,
				97FE19FC192B2FB400808FA5 /* UIKit.framework in Frameworks */,
				97FE19FA192B2FB400808FA5 /* Foundation.framework in Frameworks */,
			);
			runOnlyForDeploymentPostprocessing = 0;
		};
/* End PBXFrameworksBuildPhase section */

/* Begin PBXGroup section */
		25B42C6219865EC400B65E83 /* DPHostMediaStreamRecording */ = {
			isa = PBXGroup;
			children = (
				25C710E91981E578004C6484 /* DPHostMediaStreamRecordingProfile.h */,
				25C710EA1981E578004C6484 /* DPHostMediaStreamRecordingProfile.m */,
				25B42C6319865F1000B65E83 /* DPHostRecorderContext.h */,
				25B42C6419865F1000B65E83 /* DPHostRecorderContext.m */,
			);
			path = DPHostMediaStreamRecording;
			sourceTree = "<group>";
		};
		25DAFD19196A61E50002734B /* dConnectDeviceHost_resources */ = {
			isa = PBXGroup;
			children = (
				25DAFD1A196A61E50002734B /* Supporting Files */,
			);
			path = dConnectDeviceHost_resources;
			sourceTree = "<group>";
		};
		25DAFD1A196A61E50002734B /* Supporting Files */ = {
			isa = PBXGroup;
			children = (
				25DAFD1B196A61E50002734B /* dConnectDeviceHost_resources-Info.plist */,
				25DAFD1C196A61E50002734B /* InfoPlist.strings */,
				25DAFD1F196A61E50002734B /* dConnectDeviceHost_resources-Prefix.pch */,
			);
			name = "Supporting Files";
			sourceTree = "<group>";
		};
		25F0BC31199310C10095C333 /* DPHostMediaPlayer */ = {
			isa = PBXGroup;
			children = (
				25F0BC3F199343600095C333 /* DPHostMediaContext.h */,
				25F0BC40199343600095C333 /* DPHostMediaContext.m */,
				25E0296F1991BD3400AFC171 /* DPHostMediaPlayerProfile.h */,
				25E029701991BD3400AFC171 /* DPHostMediaPlayerProfile.m */,
			);
			path = DPHostMediaPlayer;
			sourceTree = "<group>";
		};
		97FE19DE192B2FB400808FA5 = {
			isa = PBXGroup;
			children = (
				97FE19EC192B2FB400808FA5 /* dConnectDeviceHost */,
				97FE1A00192B2FB400808FA5 /* dConnectDeviceHostTests */,
				25DAFD19196A61E50002734B /* dConnectDeviceHost_resources */,
				97FE19E9192B2FB400808FA5 /* Frameworks */,
				97FE19E8192B2FB400808FA5 /* Products */,
			);
			sourceTree = "<group>";
		};
		97FE19E8192B2FB400808FA5 /* Products */ = {
			isa = PBXGroup;
			children = (
				97FE19E7192B2FB400808FA5 /* libdConnectDeviceHost.a */,
				97FE19F7192B2FB400808FA5 /* dConnectDeviceHostTests.xctest */,
				25DAFD16196A61E50002734B /* dConnectDeviceHost_resources.bundle */,
			);
			name = Products;
			sourceTree = "<group>";
		};
		97FE19E9192B2FB400808FA5 /* Frameworks */ = {
			isa = PBXGroup;
			children = (
				25063A98196BF8FA007242B6 /* CoreMotion.framework */,
				25DAFD0F196A54300002734B /* CoreBluetooth.framework */,
				97FE19EA192B2FB400808FA5 /* Foundation.framework */,
				97FE19F8192B2FB400808FA5 /* XCTest.framework */,
				97FE19FB192B2FB400808FA5 /* UIKit.framework */,
				25DAFD17196A61E50002734B /* CoreFoundation.framework */,
			);
			name = Frameworks;
			sourceTree = "<group>";
		};
		97FE19EC192B2FB400808FA5 /* dConnectDeviceHost */ = {
			isa = PBXGroup;
			children = (
				97FE1A1A192B4D2400808FA5 /* Headers */,
				97FE1A19192B4D1C00808FA5 /* Classes */,
				97FE19ED192B2FB400808FA5 /* Supporting Files */,
			);
			path = dConnectDeviceHost;
			sourceTree = "<group>";
		};
		97FE19ED192B2FB400808FA5 /* Supporting Files */ = {
			isa = PBXGroup;
			children = (
				97FE19EE192B2FB400808FA5 /* DPHostDevicePlugin-Prefix.pch */,
			);
			name = "Supporting Files";
			sourceTree = "<group>";
		};
		97FE1A00192B2FB400808FA5 /* dConnectDeviceHostTests */ = {
			isa = PBXGroup;
			children = (
				97FE1A06192B2FB500808FA5 /* dConnectDeviceHostTests.m */,
				97FE1A01192B2FB400808FA5 /* Supporting Files */,
			);
			path = dConnectDeviceHostTests;
			sourceTree = "<group>";
		};
		97FE1A01192B2FB400808FA5 /* Supporting Files */ = {
			isa = PBXGroup;
			children = (
				97FE1A02192B2FB400808FA5 /* dConnectDeviceHostTests-Info.plist */,
				97FE1A03192B2FB500808FA5 /* InfoPlist.strings */,
			);
			name = "Supporting Files";
			sourceTree = "<group>";
		};
		97FE1A19192B4D1C00808FA5 /* Classes */ = {
			isa = PBXGroup;
			children = (
				97FE1A1B192B5A5600808FA5 /* profile */,
				25DAFD28196A64C30002734B /* DPHostDevicePlugin.h */,
				97FE19F1192B2FB400808FA5 /* DPHostDevicePlugin.m */,
				25FF1DB2196A89AD00EA7F72 /* DPHostUtils.h */,
				25FF1DB3196A89AD00EA7F72 /* DPHostUtils.m */,
				257FC23519BAAF5200358536 /* DPHostReachability.h */,
				257FC23619BAAF5200358536 /* DPHostReachability.m */,
			);
			path = Classes;
			sourceTree = "<group>";
		};
		97FE1A1A192B4D2400808FA5 /* Headers */ = {
			isa = PBXGroup;
			children = (
			);
			name = Headers;
			sourceTree = "<group>";
		};
		97FE1A1B192B5A5600808FA5 /* profile */ = {
			isa = PBXGroup;
			children = (
				25DF80D4196CCD7D003F6FF3 /* DPHostBatteryProfile.h */,
				25DF80D5196CCD7D003F6FF3 /* DPHostBatteryProfile.m */,
				25FF1DB8196AA53400EA7F72 /* DPHostDeviceOrientationProfile.h */,
				25FF1DB9196AA53400EA7F72 /* DPHostDeviceOrientationProfile.m */,
				252F870419739EBB00142BAE /* DPHostFileDescriptorProfile.h */,
				252F870519739EBB00142BAE /* DPHostFileDescriptorProfile.m */,
				25FF1DAF196A89A700EA7F72 /* DPHostFileProfile.h */,
				25FF1DB0196A89A700EA7F72 /* DPHostFileProfile.m */,
				25F0BC31199310C10095C333 /* DPHostMediaPlayer */,
				25B42C6219865EC400B65E83 /* DPHostMediaStreamRecording */,
				97FE1A1C192B5ACD00808FA5 /* DPHostNetworkServiceDiscoveryProfile.h */,
				97FE1A1D192B5ACD00808FA5 /* DPHostNetworkServiceDiscoveryProfile.m */,
				25FF1DB5196A9B8000EA7F72 /* DPHostNotificationProfile.h */,
				25FF1DB6196A9B8000EA7F72 /* DPHostNotificationProfile.m */,
				252F870119736DEB00142BAE /* DPHostPhoneProfile.h */,
				252F870219736DEB00142BAE /* DPHostPhoneProfile.m */,
				25FF0C0C196FBECF00E8C7C3 /* DPHostProximityProfile.h */,
				25FF0C0D196FBECF00E8C7C3 /* DPHostProximityProfile.m */,
				2585BB921980D89F00AAE43C /* DPHostSettingsProfile.h */,
				2585BB931980D89F00AAE43C /* DPHostSettingsProfile.m */,
				97FE1A1F192B6DA400808FA5 /* DPHostSystemProfile.h */,
				97FE1A20192B6DA400808FA5 /* DPHostSystemProfile.m */,
				25DF80D7196CE622003F6FF3 /* DPHostVibrationProfile.h */,
				25DF80D8196CE622003F6FF3 /* DPHostVibrationProfile.m */,
			);
			path = profile;
			sourceTree = "<group>";
		};
/* End PBXGroup section */

/* Begin PBXNativeTarget section */
		25DAFD15196A61E50002734B /* dConnectDeviceHost_resources */ = {
			isa = PBXNativeTarget;
			buildConfigurationList = 25DAFD20196A61E50002734B /* Build configuration list for PBXNativeTarget "dConnectDeviceHost_resources" */;
			buildPhases = (
				25DAFD12196A61E50002734B /* Sources */,
				25DAFD13196A61E50002734B /* Frameworks */,
				25DAFD14196A61E50002734B /* Resources */,
			);
			buildRules = (
			);
			dependencies = (
			);
			name = dConnectDeviceHost_resources;
			productName = dConnectDeviceHostResources;
			productReference = 25DAFD16196A61E50002734B /* dConnectDeviceHost_resources.bundle */;
			productType = "com.apple.product-type.bundle";
		};
		97FE19E6192B2FB400808FA5 /* dConnectDeviceHost */ = {
			isa = PBXNativeTarget;
			buildConfigurationList = 97FE1A0A192B2FB500808FA5 /* Build configuration list for PBXNativeTarget "dConnectDeviceHost" */;
			buildPhases = (
				97FE19E3192B2FB400808FA5 /* Sources */,
				97FE19E4192B2FB400808FA5 /* Frameworks */,
				97FE1A18192B4C6800808FA5 /* Prepare Framework */,
			);
			buildRules = (
			);
			dependencies = (
			);
			name = dConnectDeviceHost;
			productName = dConnectDeviceHost;
			productReference = 97FE19E7192B2FB400808FA5 /* libdConnectDeviceHost.a */;
			productType = "com.apple.product-type.library.static";
		};
		97FE19F6192B2FB400808FA5 /* dConnectDeviceHostTests */ = {
			isa = PBXNativeTarget;
			buildConfigurationList = 97FE1A0D192B2FB500808FA5 /* Build configuration list for PBXNativeTarget "dConnectDeviceHostTests" */;
			buildPhases = (
				97FE19F3192B2FB400808FA5 /* Sources */,
				97FE19F4192B2FB400808FA5 /* Frameworks */,
				97FE19F5192B2FB400808FA5 /* Resources */,
			);
			buildRules = (
			);
			dependencies = (
				97FE19FE192B2FB400808FA5 /* PBXTargetDependency */,
			);
			name = dConnectDeviceHostTests;
			productName = dConnectDeviceHostTests;
			productReference = 97FE19F7192B2FB400808FA5 /* dConnectDeviceHostTests.xctest */;
			productType = "com.apple.product-type.bundle.unit-test";
		};
/* End PBXNativeTarget section */

/* Begin PBXProject section */
		97FE19DF192B2FB400808FA5 /* Project object */ = {
			isa = PBXProject;
			attributes = {
				CLASSPREFIX = DPHost;
				LastUpgradeCheck = 0510;
				ORGANIZATIONNAME = "NTT DOCOMO, INC.";
			};
			buildConfigurationList = 97FE19E2192B2FB400808FA5 /* Build configuration list for PBXProject "dConnectDeviceHost" */;
			compatibilityVersion = "Xcode 3.2";
			developmentRegion = English;
			hasScannedForEncodings = 0;
			knownRegions = (
				en,
			);
			mainGroup = 97FE19DE192B2FB400808FA5;
			productRefGroup = 97FE19E8192B2FB400808FA5 /* Products */;
			projectDirPath = "";
			projectRoot = "";
			targets = (
				97FE19E6192B2FB400808FA5 /* dConnectDeviceHost */,
				97FE19F6192B2FB400808FA5 /* dConnectDeviceHostTests */,
				97FE1A12192B497000808FA5 /* dConnectDeviceHost_framework */,
				25DAFD15196A61E50002734B /* dConnectDeviceHost_resources */,
			);
		};
/* End PBXProject section */

/* Begin PBXResourcesBuildPhase section */
		25DAFD14196A61E50002734B /* Resources */ = {
			isa = PBXResourcesBuildPhase;
			buildActionMask = 2147483647;
			files = (
				25DAFD1E196A61E50002734B /* InfoPlist.strings in Resources */,
			);
			runOnlyForDeploymentPostprocessing = 0;
		};
		97FE19F5192B2FB400808FA5 /* Resources */ = {
			isa = PBXResourcesBuildPhase;
			buildActionMask = 2147483647;
			files = (
				97FE1A05192B2FB500808FA5 /* InfoPlist.strings in Resources */,
			);
			runOnlyForDeploymentPostprocessing = 0;
		};
/* End PBXResourcesBuildPhase section */

/* Begin PBXShellScriptBuildPhase section */
		97FE1A16192B498000808FA5 /* Prepare Framework */ = {
			isa = PBXShellScriptBuildPhase;
			buildActionMask = 2147483647;
			files = (
			);
			inputPaths = (
			);
			name = "Prepare Framework";
			outputPaths = (
			);
			runOnlyForDeploymentPostprocessing = 0;
			shellPath = /bin/sh;
			shellScript = "# Environment Variables\nFRAMEWORK_NAME=${PROJECT_NAME}\nFRAMEWORK_VERSION=A\nFRAMEWORK_VERSION_NUMBER=1.0\nCONFIGURATION=\"Release\"\nFRAMEWORK_BUILD_PATH=\"${SRCROOT}/build/${CONFIGURATION}-framework\"\nFRAMEWORK_DIR=\"${FRAMEWORK_BUILD_PATH}/${FRAMEWORK_NAME}.framework\"\nSTATICLIB_BUILD_PATH=\"${SRCROOT}/build/${CONFIGURATION}-universal\"\n\n# Clean directories\nrm -rf \"${FRAMEWORK_BUILD_PATH}\"\n\n# Build simulator and device binaries.\n# A target to build a static library *must* have the name ${PROJECT_NAME}.\nxcodebuild -project ${PROJECT_NAME}.xcodeproj -sdk iphonesimulator -target ${PROJECT_NAME} -configuration ${CONFIGURATION} clean build\nxcodebuild -project ${PROJECT_NAME}.xcodeproj -sdk iphoneos -target ${PROJECT_NAME} -configuration ${CONFIGURATION} clean build\n# A target to build a bundle *must* have the name ${PROJECT_NAME}_resources. This target is optional.\nxcodebuild -project ${PROJECT_NAME}.xcodeproj -sdk iphonesimulator -target ${PROJECT_NAME}_resources -configuration ${CONFIGURATION} clean build || true\nxcodebuild -project ${PROJECT_NAME}.xcodeproj -sdk iphoneos -target ${PROJECT_NAME}_resources -configuration ${CONFIGURATION} clean build || true\n\n# create directories.\nmkdir -p ${FRAMEWORK_DIR}/Versions/${FRAMEWORK_VERSION}/Headers\n#mkdir -p ${FRAMEWORK_DIR}/Versions/${FRAMEWORK_VERSION}/Resources\nmkdir -p ${STATICLIB_BUILD_PATH}\n# create symlinks\ncd ${FRAMEWORK_DIR}\nln -s ../Versions/${FRAMEWORK_VERSION} Versions/Current\nln -s Versions/Current/Headers Headers\n#ln -s Versions/Current/Resources Resources\nln -s Versions/Current/${FRAMEWORK_NAME} ${FRAMEWORK_NAME}\ncd ${SRCROOT}\n\n# create the universal library, and strip internal symbols from it\nlipo ${SRCROOT}/build/${CONFIGURATION}-iphoneos/lib${FRAMEWORK_NAME}.a ${SRCROOT}/build/${CONFIGURATION}-iphonesimulator/lib${FRAMEWORK_NAME}.a -create -output \"${STATICLIB_BUILD_PATH}/lib${FRAMEWORK_NAME}.a\"\n#strip -x \"${STATICLIB_BUILD_PATH}/lib${FRAMEWORK_NAME}.a\"\ncp \"${STATICLIB_BUILD_PATH}/lib${FRAMEWORK_NAME}.a\" \"${FRAMEWORK_DIR}/Versions/Current/${FRAMEWORK_NAME}\"\n\n# copy files\ncp -r ${SRCROOT}/${PROJECT_NAME}/Headers/ ${FRAMEWORK_DIR}/Headers/";
		};
		97FE1A18192B4C6800808FA5 /* Prepare Framework */ = {
			isa = PBXShellScriptBuildPhase;
			buildActionMask = 2147483647;
			files = (
			);
			inputPaths = (
			);
			name = "Prepare Framework";
			outputPaths = (
			);
			runOnlyForDeploymentPostprocessing = 0;
			shellPath = /bin/sh;
			shellScript = "cd ${BUILT_PRODUCTS_DIR}\nrm -rf Headers\nmkdir Headers\n# This target *must* have the same name as ${PROJECT_NAME}.\ncd ${SRCROOT}/${PROJECT_NAME}/Headers/\nfind . -name \"*.h\" -print | cpio -pdv ${BUILT_PRODUCTS_DIR}/Headers/";
		};
/* End PBXShellScriptBuildPhase section */

/* Begin PBXSourcesBuildPhase section */
		25DAFD12196A61E50002734B /* Sources */ = {
			isa = PBXSourcesBuildPhase;
			buildActionMask = 2147483647;
			files = (
			);
			runOnlyForDeploymentPostprocessing = 0;
		};
		97FE19E3192B2FB400808FA5 /* Sources */ = {
			isa = PBXSourcesBuildPhase;
			buildActionMask = 2147483647;
			files = (
				2515192519A86FC800430980 /* DPHostMediaPlayerProfile.m in Sources */,
				252F870619739EBB00142BAE /* DPHostFileDescriptorProfile.m in Sources */,
				97FE19F2192B2FB400808FA5 /* DPHostDevicePlugin.m in Sources */,
				252F870319736DEB00142BAE /* DPHostPhoneProfile.m in Sources */,
				25FF1DB7196A9B8000EA7F72 /* DPHostNotificationProfile.m in Sources */,
				25F0BC41199343600095C333 /* DPHostMediaContext.m in Sources */,
				25FF1DB1196A89A700EA7F72 /* DPHostFileProfile.m in Sources */,
				25DF80D6196CCD7D003F6FF3 /* DPHostBatteryProfile.m in Sources */,
				25FF1DBA196AA53400EA7F72 /* DPHostDeviceOrientationProfile.m in Sources */,
				25B42C6519865F1000B65E83 /* DPHostRecorderContext.m in Sources */,
				25FF1DB4196A89AD00EA7F72 /* DPHostUtils.m in Sources */,
				25FF0C0E196FBECF00E8C7C3 /* DPHostProximityProfile.m in Sources */,
				97FE1A1E192B5ACD00808FA5 /* DPHostNetworkServiceDiscoveryProfile.m in Sources */,
				25DF80D9196CE622003F6FF3 /* DPHostVibrationProfile.m in Sources */,
				257FC23719BAAF5200358536 /* DPHostReachability.m in Sources */,
				2585BB941980D89F00AAE43C /* DPHostSettingsProfile.m in Sources */,
				25C710EB1981E578004C6484 /* DPHostMediaStreamRecordingProfile.m in Sources */,
				97FE1A21192B6DA400808FA5 /* DPHostSystemProfile.m in Sources */,
			);
			runOnlyForDeploymentPostprocessing = 0;
		};
		97FE19F3192B2FB400808FA5 /* Sources */ = {
			isa = PBXSourcesBuildPhase;
			buildActionMask = 2147483647;
			files = (
				97FE1A07192B2FB500808FA5 /* dConnectDeviceHostTests.m in Sources */,
			);
			runOnlyForDeploymentPostprocessing = 0;
		};
/* End PBXSourcesBuildPhase section */

/* Begin PBXTargetDependency section */
		97FE19FE192B2FB400808FA5 /* PBXTargetDependency */ = {
			isa = PBXTargetDependency;
			target = 97FE19E6192B2FB400808FA5 /* dConnectDeviceHost */;
			targetProxy = 97FE19FD192B2FB400808FA5 /* PBXContainerItemProxy */;
		};
/* End PBXTargetDependency section */

/* Begin PBXVariantGroup section */
		25DAFD1C196A61E50002734B /* InfoPlist.strings */ = {
			isa = PBXVariantGroup;
			children = (
				25DAFD1D196A61E50002734B /* en */,
			);
			name = InfoPlist.strings;
			sourceTree = "<group>";
		};
		97FE1A03192B2FB500808FA5 /* InfoPlist.strings */ = {
			isa = PBXVariantGroup;
			children = (
				97FE1A04192B2FB500808FA5 /* en */,
			);
			name = InfoPlist.strings;
			sourceTree = "<group>";
		};
/* End PBXVariantGroup section */

/* Begin XCBuildConfiguration section */
		25DAFD21196A61E50002734B /* Debug */ = {
			isa = XCBuildConfiguration;
			buildSettings = {
				COMBINE_HIDPI_IMAGES = YES;
				CONFIGURATION_BUILD_DIR = "build/$(CONFIGURATION)-resources";
				GCC_DYNAMIC_NO_PIC = NO;
				GCC_ENABLE_OBJC_EXCEPTIONS = YES;
				GCC_PRECOMPILE_PREFIX_HEADER = YES;
				GCC_PREFIX_HEADER = "dConnectDeviceHost_resources/dConnectDeviceHost_resources-Prefix.pch";
				GCC_PREPROCESSOR_DEFINITIONS = (
					"DEBUG=1",
					"$(inherited)",
				);
				INFOPLIST_FILE = "dConnectDeviceHost_resources/dConnectDeviceHost_resources-Info.plist";
				INSTALL_PATH = "$(LOCAL_LIBRARY_DIR)/Bundles";
				MACOSX_DEPLOYMENT_TARGET = 10.9;
				PRODUCT_NAME = "$(TARGET_NAME)";
				WRAPPER_EXTENSION = bundle;
			};
			name = Debug;
		};
		25DAFD22196A61E50002734B /* Release */ = {
			isa = XCBuildConfiguration;
			buildSettings = {
				COMBINE_HIDPI_IMAGES = YES;
				CONFIGURATION_BUILD_DIR = "build/$(CONFIGURATION)-resources";
				COPY_PHASE_STRIP = YES;
				DEBUG_INFORMATION_FORMAT = "dwarf-with-dsym";
				GCC_ENABLE_OBJC_EXCEPTIONS = YES;
				GCC_PRECOMPILE_PREFIX_HEADER = YES;
				GCC_PREFIX_HEADER = "dConnectDeviceHost_resources/dConnectDeviceHost_resources-Prefix.pch";
				INFOPLIST_FILE = "dConnectDeviceHost_resources/dConnectDeviceHost_resources-Info.plist";
				INSTALL_PATH = "$(LOCAL_LIBRARY_DIR)/Bundles";
				MACOSX_DEPLOYMENT_TARGET = 10.9;
				PRODUCT_NAME = "$(TARGET_NAME)";
				WRAPPER_EXTENSION = bundle;
			};
			name = Release;
		};
		97FE1A08192B2FB500808FA5 /* Debug */ = {
			isa = XCBuildConfiguration;
			buildSettings = {
				ALWAYS_SEARCH_USER_PATHS = NO;
				ARCHS = "$(ARCHS_STANDARD)";
				CLANG_CXX_LANGUAGE_STANDARD = "gnu++0x";
				CLANG_CXX_LIBRARY = "libc++";
				CLANG_ENABLE_MODULES = YES;
				CLANG_ENABLE_OBJC_ARC = YES;
				CLANG_WARN_BOOL_CONVERSION = YES;
				CLANG_WARN_CONSTANT_CONVERSION = YES;
				CLANG_WARN_DIRECT_OBJC_ISA_USAGE = YES_ERROR;
				CLANG_WARN_EMPTY_BODY = YES;
				CLANG_WARN_ENUM_CONVERSION = YES;
				CLANG_WARN_INT_CONVERSION = YES;
				CLANG_WARN_OBJC_ROOT_CLASS = YES_ERROR;
				CLANG_WARN__DUPLICATE_METHOD_MATCH = YES;
				COPY_PHASE_STRIP = NO;
				GCC_C_LANGUAGE_STANDARD = gnu99;
				GCC_GENERATE_TEST_COVERAGE_FILES = YES;
				GCC_INSTRUMENT_PROGRAM_FLOW_ARCS = YES;
				GCC_OPTIMIZATION_LEVEL = 0;
				GCC_PREPROCESSOR_DEFINITIONS = (
					"DEBUG=1",
					"$(inherited)",
				);
				GCC_SYMBOLS_PRIVATE_EXTERN = NO;
				GCC_WARN_64_TO_32_BIT_CONVERSION = YES;
				GCC_WARN_ABOUT_RETURN_TYPE = YES_ERROR;
				GCC_WARN_UNDECLARED_SELECTOR = YES;
				GCC_WARN_UNINITIALIZED_AUTOS = YES_AGGRESSIVE;
				GCC_WARN_UNUSED_FUNCTION = YES;
				GCC_WARN_UNUSED_VARIABLE = YES;
				IPHONEOS_DEPLOYMENT_TARGET = 7.1;
				SDKROOT = iphoneos;
			};
			name = Debug;
		};
		97FE1A09192B2FB500808FA5 /* Release */ = {
			isa = XCBuildConfiguration;
			buildSettings = {
				ALWAYS_SEARCH_USER_PATHS = NO;
				ARCHS = "$(ARCHS_STANDARD)";
				CLANG_CXX_LANGUAGE_STANDARD = "gnu++0x";
				CLANG_CXX_LIBRARY = "libc++";
				CLANG_ENABLE_MODULES = YES;
				CLANG_ENABLE_OBJC_ARC = YES;
				CLANG_WARN_BOOL_CONVERSION = YES;
				CLANG_WARN_CONSTANT_CONVERSION = YES;
				CLANG_WARN_DIRECT_OBJC_ISA_USAGE = YES_ERROR;
				CLANG_WARN_EMPTY_BODY = YES;
				CLANG_WARN_ENUM_CONVERSION = YES;
				CLANG_WARN_INT_CONVERSION = YES;
				CLANG_WARN_OBJC_ROOT_CLASS = YES_ERROR;
				CLANG_WARN__DUPLICATE_METHOD_MATCH = YES;
				ENABLE_NS_ASSERTIONS = NO;
				GCC_C_LANGUAGE_STANDARD = gnu99;
				GCC_WARN_64_TO_32_BIT_CONVERSION = YES;
				GCC_WARN_ABOUT_RETURN_TYPE = YES_ERROR;
				GCC_WARN_UNDECLARED_SELECTOR = YES;
				GCC_WARN_UNINITIALIZED_AUTOS = YES_AGGRESSIVE;
				GCC_WARN_UNUSED_FUNCTION = YES;
				GCC_WARN_UNUSED_VARIABLE = YES;
				IPHONEOS_DEPLOYMENT_TARGET = 7.1;
				SDKROOT = iphoneos;
				VALIDATE_PRODUCT = YES;
			};
			name = Release;
		};
		97FE1A0B192B2FB500808FA5 /* Debug */ = {
			isa = XCBuildConfiguration;
			buildSettings = {
				DSTROOT = /tmp/dConnectDeviceHost.dst;
				FRAMEWORK_SEARCH_PATHS = (
					"$(inherited)",
					"${PROJECT_DIR}/../../dConnectSDK/dConnectSDKForIOS/bin",
				);
				GCC_PRECOMPILE_PREFIX_HEADER = YES;
				GCC_PREFIX_HEADER = "dConnectDeviceHost/DPHostDevicePlugin-Prefix.pch";
				OTHER_LDFLAGS = "-ObjC";
				PRODUCT_NAME = dConnectDeviceHost;
				SKIP_INSTALL = YES;
				STRIP_STYLE = "non-global";
			};
			name = Debug;
		};
		97FE1A0C192B2FB500808FA5 /* Release */ = {
			isa = XCBuildConfiguration;
			buildSettings = {
				DSTROOT = /tmp/dConnectDeviceHost.dst;
				FRAMEWORK_SEARCH_PATHS = (
					"$(inherited)",
					"${PROJECT_DIR}/../../dConnectSDK/dConnectSDKForIOS/bin",
				);
				GCC_PRECOMPILE_PREFIX_HEADER = YES;
				GCC_PREFIX_HEADER = "dConnectDeviceHost/DPHostDevicePlugin-Prefix.pch";
				OTHER_LDFLAGS = "-ObjC";
				PRODUCT_NAME = dConnectDeviceHost;
				SKIP_INSTALL = YES;
				STRIP_STYLE = "non-global";
			};
			name = Release;
		};
		97FE1A0E192B2FB500808FA5 /* Debug */ = {
			isa = XCBuildConfiguration;
			buildSettings = {
				FRAMEWORK_SEARCH_PATHS = (
					"$(SDKROOT)/Developer/Library/Frameworks",
					"$(inherited)",
					"$(DEVELOPER_FRAMEWORKS_DIR)",
					"${PROJECT_DIR}/../../dConnectSDK/dConnectSDKForIOS/DConnectSDK/Headers-dummy-framework",
				);
				GCC_PRECOMPILE_PREFIX_HEADER = YES;
				GCC_PREFIX_HEADER = "dConnectDeviceHost/DPHostDevicePlugin-Prefix.pch";
				GCC_PREPROCESSOR_DEFINITIONS = (
					"DEBUG=1",
					"$(inherited)",
				);
				INFOPLIST_FILE = "dConnectDeviceHostTests/dConnectDeviceHostTests-Info.plist";
				PRODUCT_NAME = dConnectDeviceHostTests;
				WRAPPER_EXTENSION = xctest;
			};
			name = Debug;
		};
		97FE1A0F192B2FB500808FA5 /* Release */ = {
			isa = XCBuildConfiguration;
			buildSettings = {
				FRAMEWORK_SEARCH_PATHS = (
					"$(SDKROOT)/Developer/Library/Frameworks",
					"$(inherited)",
					"$(DEVELOPER_FRAMEWORKS_DIR)",
					"${PROJECT_DIR}/../../dConnectSDK/dConnectSDKForIOS/DConnectSDK/Headers-dummy-framework",
				);
				GCC_PRECOMPILE_PREFIX_HEADER = YES;
				GCC_PREFIX_HEADER = "dConnectDeviceHost/DPHostDevicePlugin-Prefix.pch";
				INFOPLIST_FILE = "dConnectDeviceHostTests/dConnectDeviceHostTests-Info.plist";
				PRODUCT_NAME = dConnectDeviceHostTests;
				WRAPPER_EXTENSION = xctest;
			};
			name = Release;
		};
		97FE1A14192B497000808FA5 /* Debug */ = {
			isa = XCBuildConfiguration;
			buildSettings = {
				PRODUCT_NAME = dConnectDeviceHost;
			};
			name = Debug;
		};
		97FE1A15192B497000808FA5 /* Release */ = {
			isa = XCBuildConfiguration;
			buildSettings = {
				PRODUCT_NAME = dConnectDeviceHost;
			};
			name = Release;
		};
/* End XCBuildConfiguration section */

/* Begin XCConfigurationList section */
		25DAFD20196A61E50002734B /* Build configuration list for PBXNativeTarget "dConnectDeviceHost_resources" */ = {
			isa = XCConfigurationList;
			buildConfigurations = (
				25DAFD21196A61E50002734B /* Debug */,
				25DAFD22196A61E50002734B /* Release */,
			);
			defaultConfigurationIsVisible = 0;
			defaultConfigurationName = Release;
		};
		97FE19E2192B2FB400808FA5 /* Build configuration list for PBXProject "dConnectDeviceHost" */ = {
			isa = XCConfigurationList;
			buildConfigurations = (
				97FE1A08192B2FB500808FA5 /* Debug */,
				97FE1A09192B2FB500808FA5 /* Release */,
			);
			defaultConfigurationIsVisible = 0;
			defaultConfigurationName = Release;
		};
		97FE1A0A192B2FB500808FA5 /* Build configuration list for PBXNativeTarget "dConnectDeviceHost" */ = {
			isa = XCConfigurationList;
			buildConfigurations = (
				97FE1A0B192B2FB500808FA5 /* Debug */,
				97FE1A0C192B2FB500808FA5 /* Release */,
			);
			defaultConfigurationIsVisible = 0;
			defaultConfigurationName = Release;
		};
		97FE1A0D192B2FB500808FA5 /* Build configuration list for PBXNativeTarget "dConnectDeviceHostTests" */ = {
			isa = XCConfigurationList;
			buildConfigurations = (
				97FE1A0E192B2FB500808FA5 /* Debug */,
				97FE1A0F192B2FB500808FA5 /* Release */,
			);
			defaultConfigurationIsVisible = 0;
			defaultConfigurationName = Release;
		};
		97FE1A13192B497000808FA5 /* Build configuration list for PBXAggregateTarget "dConnectDeviceHost_framework" */ = {
			isa = XCConfigurationList;
			buildConfigurations = (
				97FE1A14192B497000808FA5 /* Debug */,
				97FE1A15192B497000808FA5 /* Release */,
			);
			defaultConfigurationIsVisible = 0;
			defaultConfigurationName = Release;
		};
/* End XCConfigurationList section */
	};
	rootObject = 97FE19DF192B2FB400808FA5 /* Project object */;
}
